
Microsoft Visual Studio Solution File, Format Version 10.00
# Visual Studio 2008
Project("{2150E333-8FDC-42A3-9474-1A3956D46DE8}") = "Media.Providers", "Media.Providers", "{9C248462-69F2-4AC3-A1DC-303316382D19}"
EndProject
Project("{2150E333-8FDC-42A3-9474-1A3956D46DE8}") = "MediaPortal.Base", "MediaPortal.Base", "{4CFAD5A6-7ACB-4DFC-80F2-00ED88E11E95}"
EndProject
Project("{2150E333-8FDC-42A3-9474-1A3956D46DE8}") = "Language", "Language", "{7C41647C-2E5D-43AE-B07A-10691BC1297B}"
EndProject
Project("{2150E333-8FDC-42A3-9474-1A3956D46DE8}") = "Media.Players", "Media.Players", "{F86095EE-7FA9-43A0-9628-66B66370F418}"
EndProject
Project("{2150E333-8FDC-42A3-9474-1A3956D46DE8}") = "Components", "Components", "{5EE37415-1227-4FF0-AEB1-0CEFAA69529A}"
EndProject
Project("{2150E333-8FDC-42A3-9474-1A3956D46DE8}") = "Media.Importers", "Media.Importers", "{7798C61B-7A77-4DB7-A995-005890FB74FC}"
EndProject
Project("{2150E333-8FDC-42A3-9474-1A3956D46DE8}") = "Models", "Models", "{70BB4B29-EB5E-42A3-8CB1-73BDA584473D}"
EndProject
Project("{2150E333-8FDC-42A3-9474-1A3956D46DE8}") = "Defaults", "Defaults", "{628CFE1B-607D-43A9-B4FF-62C100EE5AEA}"
	ProjectSection(SolutionItems) = preProject
		MediaPortal.Base\Defaults\Paths.xml = MediaPortal.Base\Defaults\Paths.xml
	EndProjectSection
EndProject
Project("{FAE04EC0-301F-11D3-BF4B-00C04F79EFBC}") = "MediaPortal.Interfaces", "MediaPortal.Interfaces\MediaPortal.Interfaces.csproj", "{52E587D0-A274-44DA-8846-8EEAF5414923}"
EndProject
Project("{FAE04EC0-301F-11D3-BF4B-00C04F79EFBC}") = "Database", "Components\Database\Database.csproj", "{6759DACE-15CD-4EB1-8337-8096F35EAEA3}"
EndProject
Project("{FAE04EC0-301F-11D3-BF4B-00C04F79EFBC}") = "MediaPortal.Utilities", "MediaPortal.Utilities\MediaPortal.Utilities.csproj", "{4FE7B8AE-1330-424A-91A1-C68D7ABF9CB8}"
EndProject
Project("{FAE04EC0-301F-11D3-BF4B-00C04F79EFBC}") = "Services.MediaManager", "Components\MediaManager\Services.MediaManager.csproj", "{624C9A4F-AAD6-4A34-B48B-15EC9226AA1D}"
EndProject
Project("{FAE04EC0-301F-11D3-BF4B-00C04F79EFBC}") = "DatabaseProvider", "Media.Providers\DatabaseProvider\DatabaseProvider.csproj", "{75305527-08FA-48B6-9781-6BD2F38ECD19}"
EndProject
Project("{FAE04EC0-301F-11D3-BF4B-00C04F79EFBC}") = "UpNpProvider", "Media.Providers\UpnpProvider\UpNpProvider.csproj", "{D810FE50-3D2D-4A23-8035-C471AF7366C7}"
EndProject
Project("{FAE04EC0-301F-11D3-BF4B-00C04F79EFBC}") = "UPnPServer", "Components\UPnPServer\UPnPServer.csproj", "{9EEC65CC-5E3F-49A4-9EA0-169C849BF39C}"
EndProject
Project("{FAE04EC0-301F-11D3-BF4B-00C04F79EFBC}") = "Control.IrInput", "Components\Control.IrInput\Control.IrInput.csproj", "{EE24ACB8-4306-41BB-B59A-F134FBC7A9A1}"
EndProject
Project("{FAE04EC0-301F-11D3-BF4B-00C04F79EFBC}") = "BassPlayer", "Media.Players\BassPlayer\BassPlayer.csproj", "{1A980621-B711-4235-B98C-C4276D6FA9FD}"
EndProject
Project("{FAE04EC0-301F-11D3-BF4B-00C04F79EFBC}") = "Services.PlayerManager", "Components\PlayerManager\Services.PlayerManager.csproj", "{EC4B2593-C535-4D63-84E3-F8B7CD876F63}"
EndProject
Project("{FAE04EC0-301F-11D3-BF4B-00C04F79EFBC}") = "MovieImporter", "Media.Importers\MovieImporter\MovieImporter.csproj", "{000C12A6-9734-4ACB-99E9-D3F726C5858F}"
EndProject
Project("{FAE04EC0-301F-11D3-BF4B-00C04F79EFBC}") = "PictureImporter", "Media.Importers\PictureImporter\PictureImporter.csproj", "{47B09A95-16F2-4B96-A9FE-4A96363442B0}"
EndProject
Project("{FAE04EC0-301F-11D3-BF4B-00C04F79EFBC}") = "MusicImporter", "Media.Importers\MusicImporter\MusicImporter.csproj", "{11FD64F0-97C0-40B5-8AAA-1E56255D3EF7}"
EndProject
Project("{FAE04EC0-301F-11D3-BF4B-00C04F79EFBC}") = "PicturePlayer", "Media.Players\PicturePlayer\PicturePlayer.csproj", "{02B2052E-4AE2-41C0-81D7-73A250C9399D}"
EndProject
Project("{FAE04EC0-301F-11D3-BF4B-00C04F79EFBC}") = "Services.ImporterManager", "Components\ImporterManager\Services.ImporterManager.csproj", "{6834C0AF-FCE6-4998-8DCC-F9E08F52E0D7}"
EndProject
Project("{FAE04EC0-301F-11D3-BF4B-00C04F79EFBC}") = "Configuration.Framework", "Components\Configuration.Framework\Configuration.Framework.csproj", "{9545C4C0-3AF9-49F4-811C-47334FEFDFFC}"
EndProject
Project("{FAE04EC0-301F-11D3-BF4B-00C04F79EFBC}") = "MediaPortal.Manager", "MediaPortal.Manager\MediaPortal.Manager.csproj", "{8D518B1A-D88B-43C8-A267-34A22FE26080}"
EndProject
Project("{FAE04EC0-301F-11D3-BF4B-00C04F79EFBC}") = "HelloWorld", "Models\HelloWorld\HelloWorld.csproj", "{813BF2B2-CAC9-4AF3-9124-0E96C4D20A18}"
EndProject
Project("{FAE04EC0-301F-11D3-BF4B-00C04F79EFBC}") = "Login", "Models\Login\Login.csproj", "{F5A200C6-3E9C-4367-9950-E4F5A04FC0A5}"
EndProject
Project("{FAE04EC0-301F-11D3-BF4B-00C04F79EFBC}") = "Menu", "Models\Menu\Menu.csproj", "{4EFED5BE-2F6A-4944-BB96-053D5945BA1F}"
EndProject
Project("{FAE04EC0-301F-11D3-BF4B-00C04F79EFBC}") = "Movies", "Models\Movies\Movies.csproj", "{89A9B903-8BF4-4CD0-AE74-DF622136FE81}"
EndProject
Project("{FAE04EC0-301F-11D3-BF4B-00C04F79EFBC}") = "Music", "Models\Music\Music.csproj", "{7B78930B-160A-4573-A4D5-FFA7E08279FD}"
EndProject
Project("{FAE04EC0-301F-11D3-BF4B-00C04F79EFBC}") = "Pictures", "Models\Pictures\Pictures.csproj", "{BC882CAE-3A0F-4012-822A-50FB0E6335F4}"
EndProject
Project("{FAE04EC0-301F-11D3-BF4B-00C04F79EFBC}") = "PlayList", "Models\PlayList\PlayList.csproj", "{B75F0C3D-C482-4797-B760-B73ED801A1FD}"
EndProject
Project("{FAE04EC0-301F-11D3-BF4B-00C04F79EFBC}") = "Settings", "Models\Settings\Settings.csproj", "{F3ADA862-5671-49DC-B04A-2975221603CF}"
EndProject
Project("{FAE04EC0-301F-11D3-BF4B-00C04F79EFBC}") = "Shares", "Models\Shares\Shares.csproj", "{EAE480DB-43B8-43EF-94EE-074499BC23E5}"
EndProject
Project("{FAE04EC0-301F-11D3-BF4B-00C04F79EFBC}") = "Weather", "Models\Weather\Weather.csproj", "{E618785B-A7E1-4E70-A8F3-DB22F93B9088}"
EndProject
Project("{FAE04EC0-301F-11D3-BF4B-00C04F79EFBC}") = "SharesProvider", "Media.Providers\SharesProvider\SharesProvider.csproj", "{681D3B07-8C5B-4E8E-9D52-3D6B0B020B5D}"
EndProject
Project("{FAE04EC0-301F-11D3-BF4B-00C04F79EFBC}") = "Services.AutoPlay", "Components\AutoPlay\Services.AutoPlay.csproj", "{4E73672B-B668-4153-A6F2-0F45B5C3724B}"
EndProject
Project("{FAE04EC0-301F-11D3-BF4B-00C04F79EFBC}") = "Services.MetaDataMapper", "Components\Services.MetaDataMapper\Services.MetaDataMapper.csproj", "{7CAA5D46-B41E-4EBC-90CC-39D78E8368F6}"
EndProject
Project("{FAE04EC0-301F-11D3-BF4B-00C04F79EFBC}") = "Media", "Models\Media\Media.csproj", "{CD37E2FF-4CF7-4F96-8C73-C6764988D408}"
EndProject
Project("{FAE04EC0-301F-11D3-BF4B-00C04F79EFBC}") = "MediaPortal.Core", "MediaPortal.Core\MediaPortal.Core.csproj", "{ECF060E7-CAA1-4466-851F-F80B857641EA}"
EndProject
Project("{FAE04EC0-301F-11D3-BF4B-00C04F79EFBC}") = "MediaPortal.SkinEngine", "SkinEngine\MediaPortal.SkinEngine.csproj", "{7E943389-3589-40C9-B481-2E223554CC49}"
EndProject
Project("{FAE04EC0-301F-11D3-BF4B-00C04F79EFBC}") = "MediaPortal.Services", "MediaPortal.Services\MediaPortal.Services.csproj", "{CB51230C-99F4-4BF5-BB60-2F2C725BDF20}"
EndProject
Project("{FAE04EC0-301F-11D3-BF4B-00C04F79EFBC}") = "MediaPortal.Main", "MediaPortal.Main\MediaPortal.Main.csproj", "{53EFA17B-5F8B-4942-8211-2015FFC2223C}"
EndProject
Global
	GlobalSection(SolutionConfigurationPlatforms) = preSolution
		Debug|Any CPU = Debug|Any CPU
		Debug|x86 = Debug|x86
		Release|Any CPU = Release|Any CPU
		Release|x86 = Release|x86
		Xml Documentation|Any CPU = Xml Documentation|Any CPU
		Xml Documentation|x86 = Xml Documentation|x86
	EndGlobalSection
	GlobalSection(ProjectConfigurationPlatforms) = postSolution
		{52E587D0-A274-44DA-8846-8EEAF5414923}.Debug|Any CPU.ActiveCfg = Debug|Any CPU
		{52E587D0-A274-44DA-8846-8EEAF5414923}.Debug|x86.ActiveCfg = Debug|x86
		{52E587D0-A274-44DA-8846-8EEAF5414923}.Debug|x86.Build.0 = Debug|x86
		{52E587D0-A274-44DA-8846-8EEAF5414923}.Release|Any CPU.ActiveCfg = Release|Any CPU
		{52E587D0-A274-44DA-8846-8EEAF5414923}.Release|x86.ActiveCfg = Release|x86
		{52E587D0-A274-44DA-8846-8EEAF5414923}.Release|x86.Build.0 = Release|x86
		{52E587D0-A274-44DA-8846-8EEAF5414923}.Xml Documentation|Any CPU.ActiveCfg = Xml Documentation|Any CPU
		{52E587D0-A274-44DA-8846-8EEAF5414923}.Xml Documentation|Any CPU.Build.0 = Xml Documentation|Any CPU
		{52E587D0-A274-44DA-8846-8EEAF5414923}.Xml Documentation|x86.ActiveCfg = Xml Documentation|x86
		{52E587D0-A274-44DA-8846-8EEAF5414923}.Xml Documentation|x86.Build.0 = Xml Documentation|x86
		{6759DACE-15CD-4EB1-8337-8096F35EAEA3}.Debug|Any CPU.ActiveCfg = Debug|Any CPU
		{6759DACE-15CD-4EB1-8337-8096F35EAEA3}.Debug|x86.ActiveCfg = Debug|x86
		{6759DACE-15CD-4EB1-8337-8096F35EAEA3}.Debug|x86.Build.0 = Debug|x86
		{6759DACE-15CD-4EB1-8337-8096F35EAEA3}.Release|Any CPU.ActiveCfg = Release|Any CPU
		{6759DACE-15CD-4EB1-8337-8096F35EAEA3}.Release|x86.ActiveCfg = Release|x86
		{6759DACE-15CD-4EB1-8337-8096F35EAEA3}.Release|x86.Build.0 = Release|x86
		{6759DACE-15CD-4EB1-8337-8096F35EAEA3}.Xml Documentation|Any CPU.ActiveCfg = Xml Documentation|Any CPU
		{6759DACE-15CD-4EB1-8337-8096F35EAEA3}.Xml Documentation|Any CPU.Build.0 = Xml Documentation|Any CPU
		{6759DACE-15CD-4EB1-8337-8096F35EAEA3}.Xml Documentation|x86.ActiveCfg = Xml Documentation|x86
		{6759DACE-15CD-4EB1-8337-8096F35EAEA3}.Xml Documentation|x86.Build.0 = Xml Documentation|x86
		{4FE7B8AE-1330-424A-91A1-C68D7ABF9CB8}.Debug|Any CPU.ActiveCfg = Debug|Any CPU
		{4FE7B8AE-1330-424A-91A1-C68D7ABF9CB8}.Debug|x86.ActiveCfg = Debug|x86
		{4FE7B8AE-1330-424A-91A1-C68D7ABF9CB8}.Debug|x86.Build.0 = Debug|x86
		{4FE7B8AE-1330-424A-91A1-C68D7ABF9CB8}.Release|Any CPU.ActiveCfg = Release|Any CPU
		{4FE7B8AE-1330-424A-91A1-C68D7ABF9CB8}.Release|x86.ActiveCfg = Release|x86
		{4FE7B8AE-1330-424A-91A1-C68D7ABF9CB8}.Release|x86.Build.0 = Release|x86
		{4FE7B8AE-1330-424A-91A1-C68D7ABF9CB8}.Xml Documentation|Any CPU.ActiveCfg = Xml Documentation|Any CPU
		{4FE7B8AE-1330-424A-91A1-C68D7ABF9CB8}.Xml Documentation|Any CPU.Build.0 = Xml Documentation|Any CPU
		{4FE7B8AE-1330-424A-91A1-C68D7ABF9CB8}.Xml Documentation|x86.ActiveCfg = Xml Documentation|x86
		{4FE7B8AE-1330-424A-91A1-C68D7ABF9CB8}.Xml Documentation|x86.Build.0 = Xml Documentation|x86
		{624C9A4F-AAD6-4A34-B48B-15EC9226AA1D}.Debug|Any CPU.ActiveCfg = Debug|Any CPU
		{624C9A4F-AAD6-4A34-B48B-15EC9226AA1D}.Debug|x86.ActiveCfg = Debug|x86
		{624C9A4F-AAD6-4A34-B48B-15EC9226AA1D}.Debug|x86.Build.0 = Debug|x86
		{624C9A4F-AAD6-4A34-B48B-15EC9226AA1D}.Release|Any CPU.ActiveCfg = Release|Any CPU
		{624C9A4F-AAD6-4A34-B48B-15EC9226AA1D}.Release|x86.ActiveCfg = Release|x86
		{624C9A4F-AAD6-4A34-B48B-15EC9226AA1D}.Release|x86.Build.0 = Release|x86
		{624C9A4F-AAD6-4A34-B48B-15EC9226AA1D}.Xml Documentation|Any CPU.ActiveCfg = Xml Documentation|Any CPU
		{624C9A4F-AAD6-4A34-B48B-15EC9226AA1D}.Xml Documentation|Any CPU.Build.0 = Xml Documentation|Any CPU
		{624C9A4F-AAD6-4A34-B48B-15EC9226AA1D}.Xml Documentation|x86.ActiveCfg = Xml Documentation|x86
		{624C9A4F-AAD6-4A34-B48B-15EC9226AA1D}.Xml Documentation|x86.Build.0 = Xml Documentation|x86
		{75305527-08FA-48B6-9781-6BD2F38ECD19}.Debug|Any CPU.ActiveCfg = Debug|Any CPU
		{75305527-08FA-48B6-9781-6BD2F38ECD19}.Debug|x86.ActiveCfg = Debug|x86
		{75305527-08FA-48B6-9781-6BD2F38ECD19}.Debug|x86.Build.0 = Debug|x86
		{75305527-08FA-48B6-9781-6BD2F38ECD19}.Release|Any CPU.ActiveCfg = Release|Any CPU
		{75305527-08FA-48B6-9781-6BD2F38ECD19}.Release|x86.ActiveCfg = Release|x86
		{75305527-08FA-48B6-9781-6BD2F38ECD19}.Release|x86.Build.0 = Release|x86
		{75305527-08FA-48B6-9781-6BD2F38ECD19}.Xml Documentation|Any CPU.ActiveCfg = Xml Documentation|Any CPU
		{75305527-08FA-48B6-9781-6BD2F38ECD19}.Xml Documentation|Any CPU.Build.0 = Xml Documentation|Any CPU
		{75305527-08FA-48B6-9781-6BD2F38ECD19}.Xml Documentation|x86.ActiveCfg = Xml Documentation|x86
		{75305527-08FA-48B6-9781-6BD2F38ECD19}.Xml Documentation|x86.Build.0 = Xml Documentation|x86
		{D810FE50-3D2D-4A23-8035-C471AF7366C7}.Debug|Any CPU.ActiveCfg = Debug|Any CPU
		{D810FE50-3D2D-4A23-8035-C471AF7366C7}.Debug|x86.ActiveCfg = Debug|x86
		{D810FE50-3D2D-4A23-8035-C471AF7366C7}.Debug|x86.Build.0 = Debug|x86
		{D810FE50-3D2D-4A23-8035-C471AF7366C7}.Release|Any CPU.ActiveCfg = Release|Any CPU
		{D810FE50-3D2D-4A23-8035-C471AF7366C7}.Release|x86.ActiveCfg = Release|x86
		{D810FE50-3D2D-4A23-8035-C471AF7366C7}.Release|x86.Build.0 = Release|x86
		{D810FE50-3D2D-4A23-8035-C471AF7366C7}.Xml Documentation|Any CPU.ActiveCfg = Xml Documentation|Any CPU
		{D810FE50-3D2D-4A23-8035-C471AF7366C7}.Xml Documentation|Any CPU.Build.0 = Xml Documentation|Any CPU
		{D810FE50-3D2D-4A23-8035-C471AF7366C7}.Xml Documentation|x86.ActiveCfg = Xml Documentation|x86
		{D810FE50-3D2D-4A23-8035-C471AF7366C7}.Xml Documentation|x86.Build.0 = Xml Documentation|x86
		{9EEC65CC-5E3F-49A4-9EA0-169C849BF39C}.Debug|Any CPU.ActiveCfg = Debug|Any CPU
		{9EEC65CC-5E3F-49A4-9EA0-169C849BF39C}.Debug|x86.ActiveCfg = Debug|x86
		{9EEC65CC-5E3F-49A4-9EA0-169C849BF39C}.Debug|x86.Build.0 = Debug|x86
		{9EEC65CC-5E3F-49A4-9EA0-169C849BF39C}.Release|Any CPU.ActiveCfg = Release|Any CPU
		{9EEC65CC-5E3F-49A4-9EA0-169C849BF39C}.Release|x86.ActiveCfg = Release|x86
		{9EEC65CC-5E3F-49A4-9EA0-169C849BF39C}.Release|x86.Build.0 = Release|x86
		{9EEC65CC-5E3F-49A4-9EA0-169C849BF39C}.Xml Documentation|Any CPU.ActiveCfg = Xml Documentation|Any CPU
		{9EEC65CC-5E3F-49A4-9EA0-169C849BF39C}.Xml Documentation|Any CPU.Build.0 = Xml Documentation|Any CPU
		{9EEC65CC-5E3F-49A4-9EA0-169C849BF39C}.Xml Documentation|x86.ActiveCfg = Xml Documentation|x86
		{9EEC65CC-5E3F-49A4-9EA0-169C849BF39C}.Xml Documentation|x86.Build.0 = Xml Documentation|x86
		{EE24ACB8-4306-41BB-B59A-F134FBC7A9A1}.Debug|Any CPU.ActiveCfg = Debug|Any CPU
		{EE24ACB8-4306-41BB-B59A-F134FBC7A9A1}.Debug|x86.ActiveCfg = Debug|x86
		{EE24ACB8-4306-41BB-B59A-F134FBC7A9A1}.Debug|x86.Build.0 = Debug|x86
		{EE24ACB8-4306-41BB-B59A-F134FBC7A9A1}.Release|Any CPU.ActiveCfg = Release|Any CPU
		{EE24ACB8-4306-41BB-B59A-F134FBC7A9A1}.Release|x86.ActiveCfg = Release|x86
		{EE24ACB8-4306-41BB-B59A-F134FBC7A9A1}.Release|x86.Build.0 = Release|x86
		{EE24ACB8-4306-41BB-B59A-F134FBC7A9A1}.Xml Documentation|Any CPU.ActiveCfg = Xml Documentation|Any CPU
		{EE24ACB8-4306-41BB-B59A-F134FBC7A9A1}.Xml Documentation|Any CPU.Build.0 = Xml Documentation|Any CPU
		{EE24ACB8-4306-41BB-B59A-F134FBC7A9A1}.Xml Documentation|x86.ActiveCfg = Xml Documentation|x86
		{EE24ACB8-4306-41BB-B59A-F134FBC7A9A1}.Xml Documentation|x86.Build.0 = Xml Documentation|x86
		{1A980621-B711-4235-B98C-C4276D6FA9FD}.Debug|Any CPU.ActiveCfg = Debug|Any CPU
		{1A980621-B711-4235-B98C-C4276D6FA9FD}.Debug|x86.ActiveCfg = Debug|x86
		{1A980621-B711-4235-B98C-C4276D6FA9FD}.Debug|x86.Build.0 = Debug|x86
		{1A980621-B711-4235-B98C-C4276D6FA9FD}.Release|Any CPU.ActiveCfg = Release|Any CPU
		{1A980621-B711-4235-B98C-C4276D6FA9FD}.Release|x86.ActiveCfg = Release|x86
		{1A980621-B711-4235-B98C-C4276D6FA9FD}.Release|x86.Build.0 = Release|x86
		{1A980621-B711-4235-B98C-C4276D6FA9FD}.Xml Documentation|Any CPU.ActiveCfg = Xml Documentation|Any CPU
		{1A980621-B711-4235-B98C-C4276D6FA9FD}.Xml Documentation|Any CPU.Build.0 = Xml Documentation|Any CPU
		{1A980621-B711-4235-B98C-C4276D6FA9FD}.Xml Documentation|x86.ActiveCfg = Xml Documentation|x86
		{1A980621-B711-4235-B98C-C4276D6FA9FD}.Xml Documentation|x86.Build.0 = Xml Documentation|x86
		{EC4B2593-C535-4D63-84E3-F8B7CD876F63}.Debug|Any CPU.ActiveCfg = Debug|Any CPU
		{EC4B2593-C535-4D63-84E3-F8B7CD876F63}.Debug|x86.ActiveCfg = Debug|x86
		{EC4B2593-C535-4D63-84E3-F8B7CD876F63}.Debug|x86.Build.0 = Debug|x86
		{EC4B2593-C535-4D63-84E3-F8B7CD876F63}.Release|Any CPU.ActiveCfg = Release|Any CPU
		{EC4B2593-C535-4D63-84E3-F8B7CD876F63}.Release|x86.ActiveCfg = Release|x86
		{EC4B2593-C535-4D63-84E3-F8B7CD876F63}.Release|x86.Build.0 = Release|x86
		{EC4B2593-C535-4D63-84E3-F8B7CD876F63}.Xml Documentation|Any CPU.ActiveCfg = Xml Documentation|Any CPU
		{EC4B2593-C535-4D63-84E3-F8B7CD876F63}.Xml Documentation|Any CPU.Build.0 = Xml Documentation|Any CPU
		{EC4B2593-C535-4D63-84E3-F8B7CD876F63}.Xml Documentation|x86.ActiveCfg = Xml Documentation|x86
		{EC4B2593-C535-4D63-84E3-F8B7CD876F63}.Xml Documentation|x86.Build.0 = Xml Documentation|x86
		{000C12A6-9734-4ACB-99E9-D3F726C5858F}.Debug|Any CPU.ActiveCfg = Debug|Any CPU
		{000C12A6-9734-4ACB-99E9-D3F726C5858F}.Debug|x86.ActiveCfg = Debug|x86
		{000C12A6-9734-4ACB-99E9-D3F726C5858F}.Debug|x86.Build.0 = Debug|x86
		{000C12A6-9734-4ACB-99E9-D3F726C5858F}.Release|Any CPU.ActiveCfg = Release|Any CPU
		{000C12A6-9734-4ACB-99E9-D3F726C5858F}.Release|x86.ActiveCfg = Release|x86
		{000C12A6-9734-4ACB-99E9-D3F726C5858F}.Release|x86.Build.0 = Release|x86
		{000C12A6-9734-4ACB-99E9-D3F726C5858F}.Xml Documentation|Any CPU.ActiveCfg = Xml Documentation|Any CPU
		{000C12A6-9734-4ACB-99E9-D3F726C5858F}.Xml Documentation|Any CPU.Build.0 = Xml Documentation|Any CPU
		{000C12A6-9734-4ACB-99E9-D3F726C5858F}.Xml Documentation|x86.ActiveCfg = Xml Documentation|x86
		{000C12A6-9734-4ACB-99E9-D3F726C5858F}.Xml Documentation|x86.Build.0 = Xml Documentation|x86
		{47B09A95-16F2-4B96-A9FE-4A96363442B0}.Debug|Any CPU.ActiveCfg = Debug|Any CPU
		{47B09A95-16F2-4B96-A9FE-4A96363442B0}.Debug|x86.ActiveCfg = Debug|x86
		{47B09A95-16F2-4B96-A9FE-4A96363442B0}.Debug|x86.Build.0 = Debug|x86
		{47B09A95-16F2-4B96-A9FE-4A96363442B0}.Release|Any CPU.ActiveCfg = Release|Any CPU
		{47B09A95-16F2-4B96-A9FE-4A96363442B0}.Release|x86.ActiveCfg = Release|x86
		{47B09A95-16F2-4B96-A9FE-4A96363442B0}.Release|x86.Build.0 = Release|x86
		{47B09A95-16F2-4B96-A9FE-4A96363442B0}.Xml Documentation|Any CPU.ActiveCfg = Xml Documentation|Any CPU
		{47B09A95-16F2-4B96-A9FE-4A96363442B0}.Xml Documentation|Any CPU.Build.0 = Xml Documentation|Any CPU
		{47B09A95-16F2-4B96-A9FE-4A96363442B0}.Xml Documentation|x86.ActiveCfg = Xml Documentation|x86
		{47B09A95-16F2-4B96-A9FE-4A96363442B0}.Xml Documentation|x86.Build.0 = Xml Documentation|x86
		{11FD64F0-97C0-40B5-8AAA-1E56255D3EF7}.Debug|Any CPU.ActiveCfg = Debug|Any CPU
		{11FD64F0-97C0-40B5-8AAA-1E56255D3EF7}.Debug|x86.ActiveCfg = Debug|x86
		{11FD64F0-97C0-40B5-8AAA-1E56255D3EF7}.Debug|x86.Build.0 = Debug|x86
		{11FD64F0-97C0-40B5-8AAA-1E56255D3EF7}.Release|Any CPU.ActiveCfg = Release|Any CPU
		{11FD64F0-97C0-40B5-8AAA-1E56255D3EF7}.Release|x86.ActiveCfg = Release|x86
		{11FD64F0-97C0-40B5-8AAA-1E56255D3EF7}.Release|x86.Build.0 = Release|x86
		{11FD64F0-97C0-40B5-8AAA-1E56255D3EF7}.Xml Documentation|Any CPU.ActiveCfg = Xml Documentation|Any CPU
		{11FD64F0-97C0-40B5-8AAA-1E56255D3EF7}.Xml Documentation|Any CPU.Build.0 = Xml Documentation|Any CPU
		{11FD64F0-97C0-40B5-8AAA-1E56255D3EF7}.Xml Documentation|x86.ActiveCfg = Xml Documentation|x86
		{11FD64F0-97C0-40B5-8AAA-1E56255D3EF7}.Xml Documentation|x86.Build.0 = Xml Documentation|x86
		{02B2052E-4AE2-41C0-81D7-73A250C9399D}.Debug|Any CPU.ActiveCfg = Debug|Any CPU
		{02B2052E-4AE2-41C0-81D7-73A250C9399D}.Debug|x86.ActiveCfg = Debug|x86
		{02B2052E-4AE2-41C0-81D7-73A250C9399D}.Debug|x86.Build.0 = Debug|x86
		{02B2052E-4AE2-41C0-81D7-73A250C9399D}.Release|Any CPU.ActiveCfg = Release|Any CPU
		{02B2052E-4AE2-41C0-81D7-73A250C9399D}.Release|x86.ActiveCfg = Release|x86
		{02B2052E-4AE2-41C0-81D7-73A250C9399D}.Release|x86.Build.0 = Release|x86
		{02B2052E-4AE2-41C0-81D7-73A250C9399D}.Xml Documentation|Any CPU.ActiveCfg = Xml Documentation|Any CPU
		{02B2052E-4AE2-41C0-81D7-73A250C9399D}.Xml Documentation|Any CPU.Build.0 = Xml Documentation|Any CPU
		{02B2052E-4AE2-41C0-81D7-73A250C9399D}.Xml Documentation|x86.ActiveCfg = Xml Documentation|x86
		{02B2052E-4AE2-41C0-81D7-73A250C9399D}.Xml Documentation|x86.Build.0 = Xml Documentation|x86
		{6834C0AF-FCE6-4998-8DCC-F9E08F52E0D7}.Debug|Any CPU.ActiveCfg = Debug|Any CPU
		{6834C0AF-FCE6-4998-8DCC-F9E08F52E0D7}.Debug|x86.ActiveCfg = Debug|x86
		{6834C0AF-FCE6-4998-8DCC-F9E08F52E0D7}.Debug|x86.Build.0 = Debug|x86
		{6834C0AF-FCE6-4998-8DCC-F9E08F52E0D7}.Release|Any CPU.ActiveCfg = Release|Any CPU
		{6834C0AF-FCE6-4998-8DCC-F9E08F52E0D7}.Release|x86.ActiveCfg = Release|x86
		{6834C0AF-FCE6-4998-8DCC-F9E08F52E0D7}.Release|x86.Build.0 = Release|x86
		{6834C0AF-FCE6-4998-8DCC-F9E08F52E0D7}.Xml Documentation|Any CPU.ActiveCfg = Xml Documentation|Any CPU
		{6834C0AF-FCE6-4998-8DCC-F9E08F52E0D7}.Xml Documentation|Any CPU.Build.0 = Xml Documentation|Any CPU
		{6834C0AF-FCE6-4998-8DCC-F9E08F52E0D7}.Xml Documentation|x86.ActiveCfg = Xml Documentation|x86
		{6834C0AF-FCE6-4998-8DCC-F9E08F52E0D7}.Xml Documentation|x86.Build.0 = Xml Documentation|x86
		{9545C4C0-3AF9-49F4-811C-47334FEFDFFC}.Debug|Any CPU.ActiveCfg = Debug|Any CPU
		{9545C4C0-3AF9-49F4-811C-47334FEFDFFC}.Debug|x86.ActiveCfg = Debug|x86
		{9545C4C0-3AF9-49F4-811C-47334FEFDFFC}.Debug|x86.Build.0 = Debug|x86
		{9545C4C0-3AF9-49F4-811C-47334FEFDFFC}.Release|Any CPU.ActiveCfg = Release|Any CPU
		{9545C4C0-3AF9-49F4-811C-47334FEFDFFC}.Release|x86.ActiveCfg = Release|x86
		{9545C4C0-3AF9-49F4-811C-47334FEFDFFC}.Release|x86.Build.0 = Release|x86
		{9545C4C0-3AF9-49F4-811C-47334FEFDFFC}.Xml Documentation|Any CPU.ActiveCfg = Xml Documentation|Any CPU
		{9545C4C0-3AF9-49F4-811C-47334FEFDFFC}.Xml Documentation|Any CPU.Build.0 = Xml Documentation|Any CPU
		{9545C4C0-3AF9-49F4-811C-47334FEFDFFC}.Xml Documentation|x86.ActiveCfg = Xml Documentation|x86
		{9545C4C0-3AF9-49F4-811C-47334FEFDFFC}.Xml Documentation|x86.Build.0 = Xml Documentation|x86
		{8D518B1A-D88B-43C8-A267-34A22FE26080}.Debug|Any CPU.ActiveCfg = Debug|Any CPU
		{8D518B1A-D88B-43C8-A267-34A22FE26080}.Debug|x86.ActiveCfg = Debug|x86
		{8D518B1A-D88B-43C8-A267-34A22FE26080}.Debug|x86.Build.0 = Debug|x86
		{8D518B1A-D88B-43C8-A267-34A22FE26080}.Release|Any CPU.ActiveCfg = Release|Any CPU
		{8D518B1A-D88B-43C8-A267-34A22FE26080}.Release|x86.ActiveCfg = Release|x86
		{8D518B1A-D88B-43C8-A267-34A22FE26080}.Release|x86.Build.0 = Release|x86
		{8D518B1A-D88B-43C8-A267-34A22FE26080}.Xml Documentation|Any CPU.ActiveCfg = Xml Documentation|Any CPU
		{8D518B1A-D88B-43C8-A267-34A22FE26080}.Xml Documentation|Any CPU.Build.0 = Xml Documentation|Any CPU
		{8D518B1A-D88B-43C8-A267-34A22FE26080}.Xml Documentation|x86.ActiveCfg = Xml Documentation|x86
		{8D518B1A-D88B-43C8-A267-34A22FE26080}.Xml Documentation|x86.Build.0 = Xml Documentation|x86
		{813BF2B2-CAC9-4AF3-9124-0E96C4D20A18}.Debug|Any CPU.ActiveCfg = Debug|Any CPU
		{813BF2B2-CAC9-4AF3-9124-0E96C4D20A18}.Debug|x86.ActiveCfg = Debug|x86
		{813BF2B2-CAC9-4AF3-9124-0E96C4D20A18}.Debug|x86.Build.0 = Debug|x86
		{813BF2B2-CAC9-4AF3-9124-0E96C4D20A18}.Release|Any CPU.ActiveCfg = Release|Any CPU
		{813BF2B2-CAC9-4AF3-9124-0E96C4D20A18}.Release|x86.ActiveCfg = Release|x86
		{813BF2B2-CAC9-4AF3-9124-0E96C4D20A18}.Release|x86.Build.0 = Release|x86
		{813BF2B2-CAC9-4AF3-9124-0E96C4D20A18}.Xml Documentation|Any CPU.ActiveCfg = Xml Documentation|Any CPU
		{813BF2B2-CAC9-4AF3-9124-0E96C4D20A18}.Xml Documentation|Any CPU.Build.0 = Xml Documentation|Any CPU
		{813BF2B2-CAC9-4AF3-9124-0E96C4D20A18}.Xml Documentation|x86.ActiveCfg = Xml Documentation|x86
		{813BF2B2-CAC9-4AF3-9124-0E96C4D20A18}.Xml Documentation|x86.Build.0 = Xml Documentation|x86
		{F5A200C6-3E9C-4367-9950-E4F5A04FC0A5}.Debug|Any CPU.ActiveCfg = Debug|Any CPU
		{F5A200C6-3E9C-4367-9950-E4F5A04FC0A5}.Debug|x86.ActiveCfg = Debug|x86
		{F5A200C6-3E9C-4367-9950-E4F5A04FC0A5}.Debug|x86.Build.0 = Debug|x86
		{F5A200C6-3E9C-4367-9950-E4F5A04FC0A5}.Release|Any CPU.ActiveCfg = Release|Any CPU
		{F5A200C6-3E9C-4367-9950-E4F5A04FC0A5}.Release|x86.ActiveCfg = Release|x86
		{F5A200C6-3E9C-4367-9950-E4F5A04FC0A5}.Release|x86.Build.0 = Release|x86
		{F5A200C6-3E9C-4367-9950-E4F5A04FC0A5}.Xml Documentation|Any CPU.ActiveCfg = Xml Documentation|Any CPU
		{F5A200C6-3E9C-4367-9950-E4F5A04FC0A5}.Xml Documentation|Any CPU.Build.0 = Xml Documentation|Any CPU
		{F5A200C6-3E9C-4367-9950-E4F5A04FC0A5}.Xml Documentation|x86.ActiveCfg = Xml Documentation|x86
		{F5A200C6-3E9C-4367-9950-E4F5A04FC0A5}.Xml Documentation|x86.Build.0 = Xml Documentation|x86
		{4EFED5BE-2F6A-4944-BB96-053D5945BA1F}.Debug|Any CPU.ActiveCfg = Debug|Any CPU
		{4EFED5BE-2F6A-4944-BB96-053D5945BA1F}.Debug|x86.ActiveCfg = Debug|x86
		{4EFED5BE-2F6A-4944-BB96-053D5945BA1F}.Debug|x86.Build.0 = Debug|x86
		{4EFED5BE-2F6A-4944-BB96-053D5945BA1F}.Release|Any CPU.ActiveCfg = Release|Any CPU
		{4EFED5BE-2F6A-4944-BB96-053D5945BA1F}.Release|x86.ActiveCfg = Release|x86
		{4EFED5BE-2F6A-4944-BB96-053D5945BA1F}.Release|x86.Build.0 = Release|x86
		{4EFED5BE-2F6A-4944-BB96-053D5945BA1F}.Xml Documentation|Any CPU.ActiveCfg = Xml Documentation|Any CPU
		{4EFED5BE-2F6A-4944-BB96-053D5945BA1F}.Xml Documentation|Any CPU.Build.0 = Xml Documentation|Any CPU
		{4EFED5BE-2F6A-4944-BB96-053D5945BA1F}.Xml Documentation|x86.ActiveCfg = Xml Documentation|x86
		{4EFED5BE-2F6A-4944-BB96-053D5945BA1F}.Xml Documentation|x86.Build.0 = Xml Documentation|x86
		{89A9B903-8BF4-4CD0-AE74-DF622136FE81}.Debug|Any CPU.ActiveCfg = Debug|Any CPU
		{89A9B903-8BF4-4CD0-AE74-DF622136FE81}.Debug|x86.ActiveCfg = Debug|x86
		{89A9B903-8BF4-4CD0-AE74-DF622136FE81}.Debug|x86.Build.0 = Debug|x86
		{89A9B903-8BF4-4CD0-AE74-DF622136FE81}.Release|Any CPU.ActiveCfg = Release|Any CPU
		{89A9B903-8BF4-4CD0-AE74-DF622136FE81}.Release|x86.ActiveCfg = Release|x86
		{89A9B903-8BF4-4CD0-AE74-DF622136FE81}.Release|x86.Build.0 = Release|x86
		{89A9B903-8BF4-4CD0-AE74-DF622136FE81}.Xml Documentation|Any CPU.ActiveCfg = Xml Documentation|Any CPU
		{89A9B903-8BF4-4CD0-AE74-DF622136FE81}.Xml Documentation|Any CPU.Build.0 = Xml Documentation|Any CPU
		{89A9B903-8BF4-4CD0-AE74-DF622136FE81}.Xml Documentation|x86.ActiveCfg = Xml Documentation|x86
		{89A9B903-8BF4-4CD0-AE74-DF622136FE81}.Xml Documentation|x86.Build.0 = Xml Documentation|x86
		{7B78930B-160A-4573-A4D5-FFA7E08279FD}.Debug|Any CPU.ActiveCfg = Debug|Any CPU
		{7B78930B-160A-4573-A4D5-FFA7E08279FD}.Debug|x86.ActiveCfg = Debug|x86
		{7B78930B-160A-4573-A4D5-FFA7E08279FD}.Debug|x86.Build.0 = Debug|x86
		{7B78930B-160A-4573-A4D5-FFA7E08279FD}.Release|Any CPU.ActiveCfg = Release|Any CPU
		{7B78930B-160A-4573-A4D5-FFA7E08279FD}.Release|x86.ActiveCfg = Release|x86
		{7B78930B-160A-4573-A4D5-FFA7E08279FD}.Release|x86.Build.0 = Release|x86
		{7B78930B-160A-4573-A4D5-FFA7E08279FD}.Xml Documentation|Any CPU.ActiveCfg = Xml Documentation|Any CPU
		{7B78930B-160A-4573-A4D5-FFA7E08279FD}.Xml Documentation|Any CPU.Build.0 = Xml Documentation|Any CPU
		{7B78930B-160A-4573-A4D5-FFA7E08279FD}.Xml Documentation|x86.ActiveCfg = Xml Documentation|x86
		{7B78930B-160A-4573-A4D5-FFA7E08279FD}.Xml Documentation|x86.Build.0 = Xml Documentation|x86
		{BC882CAE-3A0F-4012-822A-50FB0E6335F4}.Debug|Any CPU.ActiveCfg = Debug|Any CPU
		{BC882CAE-3A0F-4012-822A-50FB0E6335F4}.Debug|x86.ActiveCfg = Debug|x86
		{BC882CAE-3A0F-4012-822A-50FB0E6335F4}.Debug|x86.Build.0 = Debug|x86
		{BC882CAE-3A0F-4012-822A-50FB0E6335F4}.Release|Any CPU.ActiveCfg = Release|Any CPU
		{BC882CAE-3A0F-4012-822A-50FB0E6335F4}.Release|x86.ActiveCfg = Release|x86
		{BC882CAE-3A0F-4012-822A-50FB0E6335F4}.Release|x86.Build.0 = Release|x86
		{BC882CAE-3A0F-4012-822A-50FB0E6335F4}.Xml Documentation|Any CPU.ActiveCfg = Xml Documentation|Any CPU
		{BC882CAE-3A0F-4012-822A-50FB0E6335F4}.Xml Documentation|Any CPU.Build.0 = Xml Documentation|Any CPU
		{BC882CAE-3A0F-4012-822A-50FB0E6335F4}.Xml Documentation|x86.ActiveCfg = Xml Documentation|x86
		{BC882CAE-3A0F-4012-822A-50FB0E6335F4}.Xml Documentation|x86.Build.0 = Xml Documentation|x86
		{B75F0C3D-C482-4797-B760-B73ED801A1FD}.Debug|Any CPU.ActiveCfg = Debug|Any CPU
		{B75F0C3D-C482-4797-B760-B73ED801A1FD}.Debug|x86.ActiveCfg = Debug|x86
		{B75F0C3D-C482-4797-B760-B73ED801A1FD}.Debug|x86.Build.0 = Debug|x86
		{B75F0C3D-C482-4797-B760-B73ED801A1FD}.Release|Any CPU.ActiveCfg = Release|Any CPU
		{B75F0C3D-C482-4797-B760-B73ED801A1FD}.Release|x86.ActiveCfg = Release|x86
		{B75F0C3D-C482-4797-B760-B73ED801A1FD}.Release|x86.Build.0 = Release|x86
		{B75F0C3D-C482-4797-B760-B73ED801A1FD}.Xml Documentation|Any CPU.ActiveCfg = Xml Documentation|Any CPU
		{B75F0C3D-C482-4797-B760-B73ED801A1FD}.Xml Documentation|Any CPU.Build.0 = Xml Documentation|Any CPU
		{B75F0C3D-C482-4797-B760-B73ED801A1FD}.Xml Documentation|x86.ActiveCfg = Xml Documentation|x86
		{B75F0C3D-C482-4797-B760-B73ED801A1FD}.Xml Documentation|x86.Build.0 = Xml Documentation|x86
		{F3ADA862-5671-49DC-B04A-2975221603CF}.Debug|Any CPU.ActiveCfg = Debug|Any CPU
		{F3ADA862-5671-49DC-B04A-2975221603CF}.Debug|x86.ActiveCfg = Debug|x86
		{F3ADA862-5671-49DC-B04A-2975221603CF}.Debug|x86.Build.0 = Debug|x86
		{F3ADA862-5671-49DC-B04A-2975221603CF}.Release|Any CPU.ActiveCfg = Release|Any CPU
		{F3ADA862-5671-49DC-B04A-2975221603CF}.Release|x86.ActiveCfg = Release|x86
		{F3ADA862-5671-49DC-B04A-2975221603CF}.Release|x86.Build.0 = Release|x86
		{F3ADA862-5671-49DC-B04A-2975221603CF}.Xml Documentation|Any CPU.ActiveCfg = Xml Documentation|Any CPU
		{F3ADA862-5671-49DC-B04A-2975221603CF}.Xml Documentation|Any CPU.Build.0 = Xml Documentation|Any CPU
		{F3ADA862-5671-49DC-B04A-2975221603CF}.Xml Documentation|x86.ActiveCfg = Xml Documentation|x86
		{F3ADA862-5671-49DC-B04A-2975221603CF}.Xml Documentation|x86.Build.0 = Xml Documentation|x86
		{EAE480DB-43B8-43EF-94EE-074499BC23E5}.Debug|Any CPU.ActiveCfg = Debug|Any CPU
		{EAE480DB-43B8-43EF-94EE-074499BC23E5}.Debug|x86.ActiveCfg = Debug|x86
		{EAE480DB-43B8-43EF-94EE-074499BC23E5}.Debug|x86.Build.0 = Debug|x86
		{EAE480DB-43B8-43EF-94EE-074499BC23E5}.Release|Any CPU.ActiveCfg = Release|Any CPU
		{EAE480DB-43B8-43EF-94EE-074499BC23E5}.Release|x86.ActiveCfg = Release|x86
		{EAE480DB-43B8-43EF-94EE-074499BC23E5}.Release|x86.Build.0 = Release|x86
		{EAE480DB-43B8-43EF-94EE-074499BC23E5}.Xml Documentation|Any CPU.ActiveCfg = Xml Documentation|Any CPU
		{EAE480DB-43B8-43EF-94EE-074499BC23E5}.Xml Documentation|Any CPU.Build.0 = Xml Documentation|Any CPU
		{EAE480DB-43B8-43EF-94EE-074499BC23E5}.Xml Documentation|x86.ActiveCfg = Xml Documentation|x86
		{EAE480DB-43B8-43EF-94EE-074499BC23E5}.Xml Documentation|x86.Build.0 = Xml Documentation|x86
		{E618785B-A7E1-4E70-A8F3-DB22F93B9088}.Debug|Any CPU.ActiveCfg = Debug|Any CPU
		{E618785B-A7E1-4E70-A8F3-DB22F93B9088}.Debug|x86.ActiveCfg = Debug|x86
		{E618785B-A7E1-4E70-A8F3-DB22F93B9088}.Debug|x86.Build.0 = Debug|x86
		{E618785B-A7E1-4E70-A8F3-DB22F93B9088}.Release|Any CPU.ActiveCfg = Release|Any CPU
		{E618785B-A7E1-4E70-A8F3-DB22F93B9088}.Release|x86.ActiveCfg = Release|x86
		{E618785B-A7E1-4E70-A8F3-DB22F93B9088}.Release|x86.Build.0 = Release|x86
		{E618785B-A7E1-4E70-A8F3-DB22F93B9088}.Xml Documentation|Any CPU.ActiveCfg = Xml Documentation|Any CPU
		{E618785B-A7E1-4E70-A8F3-DB22F93B9088}.Xml Documentation|Any CPU.Build.0 = Xml Documentation|Any CPU
		{E618785B-A7E1-4E70-A8F3-DB22F93B9088}.Xml Documentation|x86.ActiveCfg = Xml Documentation|x86
		{E618785B-A7E1-4E70-A8F3-DB22F93B9088}.Xml Documentation|x86.Build.0 = Xml Documentation|x86
		{681D3B07-8C5B-4E8E-9D52-3D6B0B020B5D}.Debug|Any CPU.ActiveCfg = Debug|Any CPU
		{681D3B07-8C5B-4E8E-9D52-3D6B0B020B5D}.Debug|x86.ActiveCfg = Debug|x86
		{681D3B07-8C5B-4E8E-9D52-3D6B0B020B5D}.Debug|x86.Build.0 = Debug|x86
		{681D3B07-8C5B-4E8E-9D52-3D6B0B020B5D}.Release|Any CPU.ActiveCfg = Release|Any CPU
		{681D3B07-8C5B-4E8E-9D52-3D6B0B020B5D}.Release|x86.ActiveCfg = Release|x86
		{681D3B07-8C5B-4E8E-9D52-3D6B0B020B5D}.Release|x86.Build.0 = Release|x86
		{681D3B07-8C5B-4E8E-9D52-3D6B0B020B5D}.Xml Documentation|Any CPU.ActiveCfg = Xml Documentation|Any CPU
		{681D3B07-8C5B-4E8E-9D52-3D6B0B020B5D}.Xml Documentation|Any CPU.Build.0 = Xml Documentation|Any CPU
		{681D3B07-8C5B-4E8E-9D52-3D6B0B020B5D}.Xml Documentation|x86.ActiveCfg = Xml Documentation|x86
		{681D3B07-8C5B-4E8E-9D52-3D6B0B020B5D}.Xml Documentation|x86.Build.0 = Xml Documentation|x86
		{4E73672B-B668-4153-A6F2-0F45B5C3724B}.Debug|Any CPU.ActiveCfg = Debug|Any CPU
		{4E73672B-B668-4153-A6F2-0F45B5C3724B}.Debug|x86.ActiveCfg = Debug|x86
		{4E73672B-B668-4153-A6F2-0F45B5C3724B}.Debug|x86.Build.0 = Debug|x86
		{4E73672B-B668-4153-A6F2-0F45B5C3724B}.Release|Any CPU.ActiveCfg = Release|Any CPU
		{4E73672B-B668-4153-A6F2-0F45B5C3724B}.Release|x86.ActiveCfg = Release|x86
		{4E73672B-B668-4153-A6F2-0F45B5C3724B}.Release|x86.Build.0 = Release|x86
		{4E73672B-B668-4153-A6F2-0F45B5C3724B}.Xml Documentation|Any CPU.ActiveCfg = Release|x86
		{4E73672B-B668-4153-A6F2-0F45B5C3724B}.Xml Documentation|x86.ActiveCfg = Release|x86
		{4E73672B-B668-4153-A6F2-0F45B5C3724B}.Xml Documentation|x86.Build.0 = Release|x86
		{7CAA5D46-B41E-4EBC-90CC-39D78E8368F6}.Debug|Any CPU.ActiveCfg = Debug|Any CPU
		{7CAA5D46-B41E-4EBC-90CC-39D78E8368F6}.Debug|x86.ActiveCfg = Debug|x86
		{7CAA5D46-B41E-4EBC-90CC-39D78E8368F6}.Debug|x86.Build.0 = Debug|x86
		{7CAA5D46-B41E-4EBC-90CC-39D78E8368F6}.Release|Any CPU.ActiveCfg = Release|Any CPU
		{7CAA5D46-B41E-4EBC-90CC-39D78E8368F6}.Release|x86.ActiveCfg = Release|x86
		{7CAA5D46-B41E-4EBC-90CC-39D78E8368F6}.Release|x86.Build.0 = Release|x86
		{7CAA5D46-B41E-4EBC-90CC-39D78E8368F6}.Xml Documentation|Any CPU.ActiveCfg = Xml Documentation|Any CPU
		{7CAA5D46-B41E-4EBC-90CC-39D78E8368F6}.Xml Documentation|Any CPU.Build.0 = Xml Documentation|Any CPU
		{7CAA5D46-B41E-4EBC-90CC-39D78E8368F6}.Xml Documentation|x86.ActiveCfg = Xml Documentation|x86
		{7CAA5D46-B41E-4EBC-90CC-39D78E8368F6}.Xml Documentation|x86.Build.0 = Xml Documentation|x86
		{CD37E2FF-4CF7-4F96-8C73-C6764988D408}.Debug|Any CPU.ActiveCfg = Debug|Any CPU
		{CD37E2FF-4CF7-4F96-8C73-C6764988D408}.Debug|Any CPU.Build.0 = Debug|Any CPU
		{CD37E2FF-4CF7-4F96-8C73-C6764988D408}.Debug|x86.ActiveCfg = Debug|x86
		{CD37E2FF-4CF7-4F96-8C73-C6764988D408}.Debug|x86.Build.0 = Debug|x86
		{CD37E2FF-4CF7-4F96-8C73-C6764988D408}.Release|Any CPU.ActiveCfg = Release|Any CPU
		{CD37E2FF-4CF7-4F96-8C73-C6764988D408}.Release|Any CPU.Build.0 = Release|Any CPU
		{CD37E2FF-4CF7-4F96-8C73-C6764988D408}.Release|x86.ActiveCfg = Release|x86
		{CD37E2FF-4CF7-4F96-8C73-C6764988D408}.Release|x86.Build.0 = Release|x86
		{CD37E2FF-4CF7-4F96-8C73-C6764988D408}.Xml Documentation|Any CPU.ActiveCfg = Xml Documentation|Any CPU
		{CD37E2FF-4CF7-4F96-8C73-C6764988D408}.Xml Documentation|Any CPU.Build.0 = Xml Documentation|Any CPU
		{CD37E2FF-4CF7-4F96-8C73-C6764988D408}.Xml Documentation|x86.ActiveCfg = Xml Documentation|x86
		{CD37E2FF-4CF7-4F96-8C73-C6764988D408}.Xml Documentation|x86.Build.0 = Xml Documentation|x86
		{ECF060E7-CAA1-4466-851F-F80B857641EA}.Debug|Any CPU.ActiveCfg = Debug|Any CPU
		{ECF060E7-CAA1-4466-851F-F80B857641EA}.Debug|Any CPU.Build.0 = Debug|Any CPU
		{ECF060E7-CAA1-4466-851F-F80B857641EA}.Debug|x86.ActiveCfg = Debug|x86
		{ECF060E7-CAA1-4466-851F-F80B857641EA}.Debug|x86.Build.0 = Debug|x86
		{ECF060E7-CAA1-4466-851F-F80B857641EA}.Release|Any CPU.ActiveCfg = Release|Any CPU
		{ECF060E7-CAA1-4466-851F-F80B857641EA}.Release|Any CPU.Build.0 = Release|Any CPU
		{ECF060E7-CAA1-4466-851F-F80B857641EA}.Release|x86.ActiveCfg = Release|x86
		{ECF060E7-CAA1-4466-851F-F80B857641EA}.Release|x86.Build.0 = Release|x86
		{ECF060E7-CAA1-4466-851F-F80B857641EA}.Xml Documentation|Any CPU.ActiveCfg = Xml Documentation|Any CPU
		{ECF060E7-CAA1-4466-851F-F80B857641EA}.Xml Documentation|Any CPU.Build.0 = Xml Documentation|Any CPU
		{ECF060E7-CAA1-4466-851F-F80B857641EA}.Xml Documentation|x86.ActiveCfg = Xml Documentation|x86
		{ECF060E7-CAA1-4466-851F-F80B857641EA}.Xml Documentation|x86.Build.0 = Xml Documentation|x86
		{7E943389-3589-40C9-B481-2E223554CC49}.Debug|Any CPU.ActiveCfg = Debug|Any CPU
		{7E943389-3589-40C9-B481-2E223554CC49}.Debug|Any CPU.Build.0 = Debug|Any CPU
		{7E943389-3589-40C9-B481-2E223554CC49}.Debug|x86.ActiveCfg = Debug|x86
		{7E943389-3589-40C9-B481-2E223554CC49}.Debug|x86.Build.0 = Debug|x86
		{7E943389-3589-40C9-B481-2E223554CC49}.Release|Any CPU.ActiveCfg = Release|Any CPU
		{7E943389-3589-40C9-B481-2E223554CC49}.Release|Any CPU.Build.0 = Release|Any CPU
		{7E943389-3589-40C9-B481-2E223554CC49}.Release|x86.ActiveCfg = Release|x86
		{7E943389-3589-40C9-B481-2E223554CC49}.Release|x86.Build.0 = Release|x86
		{7E943389-3589-40C9-B481-2E223554CC49}.Xml Documentation|Any CPU.ActiveCfg = Xml Documentation|Any CPU
		{7E943389-3589-40C9-B481-2E223554CC49}.Xml Documentation|Any CPU.Build.0 = Xml Documentation|Any CPU
		{7E943389-3589-40C9-B481-2E223554CC49}.Xml Documentation|x86.ActiveCfg = Xml Documentation|x86
		{7E943389-3589-40C9-B481-2E223554CC49}.Xml Documentation|x86.Build.0 = Xml Documentation|x86
		{CB51230C-99F4-4BF5-BB60-2F2C725BDF20}.Debug|Any CPU.ActiveCfg = Debug|Any CPU
		{CB51230C-99F4-4BF5-BB60-2F2C725BDF20}.Debug|Any CPU.Build.0 = Debug|Any CPU
		{CB51230C-99F4-4BF5-BB60-2F2C725BDF20}.Debug|x86.ActiveCfg = Debug|x86
		{CB51230C-99F4-4BF5-BB60-2F2C725BDF20}.Debug|x86.Build.0 = Debug|x86
		{CB51230C-99F4-4BF5-BB60-2F2C725BDF20}.Release|Any CPU.ActiveCfg = Release|Any CPU
		{CB51230C-99F4-4BF5-BB60-2F2C725BDF20}.Release|Any CPU.Build.0 = Release|Any CPU
		{CB51230C-99F4-4BF5-BB60-2F2C725BDF20}.Release|x86.ActiveCfg = Release|x86
		{CB51230C-99F4-4BF5-BB60-2F2C725BDF20}.Release|x86.Build.0 = Release|x86
		{CB51230C-99F4-4BF5-BB60-2F2C725BDF20}.Xml Documentation|Any CPU.ActiveCfg = Xml Documentation|Any CPU
		{CB51230C-99F4-4BF5-BB60-2F2C725BDF20}.Xml Documentation|Any CPU.Build.0 = Xml Documentation|Any CPU
		{CB51230C-99F4-4BF5-BB60-2F2C725BDF20}.Xml Documentation|x86.ActiveCfg = Xml Documentation|x86
		{CB51230C-99F4-4BF5-BB60-2F2C725BDF20}.Xml Documentation|x86.Build.0 = Xml Documentation|x86
		{53EFA17B-5F8B-4942-8211-2015FFC2223C}.Debug|Any CPU.ActiveCfg = Debug|Any CPU
		{53EFA17B-5F8B-4942-8211-2015FFC2223C}.Debug|Any CPU.Build.0 = Debug|Any CPU
		{53EFA17B-5F8B-4942-8211-2015FFC2223C}.Debug|x86.ActiveCfg = Debug|x86
		{53EFA17B-5F8B-4942-8211-2015FFC2223C}.Debug|x86.Build.0 = Debug|x86
		{53EFA17B-5F8B-4942-8211-2015FFC2223C}.Release|Any CPU.ActiveCfg = Release|Any CPU
		{53EFA17B-5F8B-4942-8211-2015FFC2223C}.Release|Any CPU.Build.0 = Release|Any CPU
		{53EFA17B-5F8B-4942-8211-2015FFC2223C}.Release|x86.ActiveCfg = Release|x86
		{53EFA17B-5F8B-4942-8211-2015FFC2223C}.Release|x86.Build.0 = Release|x86
		{53EFA17B-5F8B-4942-8211-2015FFC2223C}.Xml Documentation|Any CPU.ActiveCfg = Xml Documentation|Any CPU
		{53EFA17B-5F8B-4942-8211-2015FFC2223C}.Xml Documentation|Any CPU.Build.0 = Xml Documentation|Any CPU
		{53EFA17B-5F8B-4942-8211-2015FFC2223C}.Xml Documentation|x86.ActiveCfg = Xml Documentation|x86
		{53EFA17B-5F8B-4942-8211-2015FFC2223C}.Xml Documentation|x86.Build.0 = Xml Documentation|x86
	EndGlobalSection
	GlobalSection(SolutionProperties) = preSolution
		HideSolutionNode = FALSE
	EndGlobalSection
	GlobalSection(NestedProjects) = preSolution
		{75305527-08FA-48B6-9781-6BD2F38ECD19} = {9C248462-69F2-4AC3-A1DC-303316382D19}
		{D810FE50-3D2D-4A23-8035-C471AF7366C7} = {9C248462-69F2-4AC3-A1DC-303316382D19}
		{681D3B07-8C5B-4E8E-9D52-3D6B0B020B5D} = {9C248462-69F2-4AC3-A1DC-303316382D19}
		{7C41647C-2E5D-43AE-B07A-10691BC1297B} = {4CFAD5A6-7ACB-4DFC-80F2-00ED88E11E95}
		{628CFE1B-607D-43A9-B4FF-62C100EE5AEA} = {4CFAD5A6-7ACB-4DFC-80F2-00ED88E11E95}
		{1A980621-B711-4235-B98C-C4276D6FA9FD} = {F86095EE-7FA9-43A0-9628-66B66370F418}
		{02B2052E-4AE2-41C0-81D7-73A250C9399D} = {F86095EE-7FA9-43A0-9628-66B66370F418}
		{6759DACE-15CD-4EB1-8337-8096F35EAEA3} = {5EE37415-1227-4FF0-AEB1-0CEFAA69529A}
		{624C9A4F-AAD6-4A34-B48B-15EC9226AA1D} = {5EE37415-1227-4FF0-AEB1-0CEFAA69529A}
		{9EEC65CC-5E3F-49A4-9EA0-169C849BF39C} = {5EE37415-1227-4FF0-AEB1-0CEFAA69529A}
		{EE24ACB8-4306-41BB-B59A-F134FBC7A9A1} = {5EE37415-1227-4FF0-AEB1-0CEFAA69529A}
		{EC4B2593-C535-4D63-84E3-F8B7CD876F63} = {5EE37415-1227-4FF0-AEB1-0CEFAA69529A}
		{6834C0AF-FCE6-4998-8DCC-F9E08F52E0D7} = {5EE37415-1227-4FF0-AEB1-0CEFAA69529A}
		{9545C4C0-3AF9-49F4-811C-47334FEFDFFC} = {5EE37415-1227-4FF0-AEB1-0CEFAA69529A}
		{4E73672B-B668-4153-A6F2-0F45B5C3724B} = {5EE37415-1227-4FF0-AEB1-0CEFAA69529A}
		{7CAA5D46-B41E-4EBC-90CC-39D78E8368F6} = {5EE37415-1227-4FF0-AEB1-0CEFAA69529A}
		{000C12A6-9734-4ACB-99E9-D3F726C5858F} = {7798C61B-7A77-4DB7-A995-005890FB74FC}
		{47B09A95-16F2-4B96-A9FE-4A96363442B0} = {7798C61B-7A77-4DB7-A995-005890FB74FC}
		{11FD64F0-97C0-40B5-8AAA-1E56255D3EF7} = {7798C61B-7A77-4DB7-A995-005890FB74FC}
		{813BF2B2-CAC9-4AF3-9124-0E96C4D20A18} = {70BB4B29-EB5E-42A3-8CB1-73BDA584473D}
		{F5A200C6-3E9C-4367-9950-E4F5A04FC0A5} = {70BB4B29-EB5E-42A3-8CB1-73BDA584473D}
		{4EFED5BE-2F6A-4944-BB96-053D5945BA1F} = {70BB4B29-EB5E-42A3-8CB1-73BDA584473D}
		{89A9B903-8BF4-4CD0-AE74-DF622136FE81} = {70BB4B29-EB5E-42A3-8CB1-73BDA584473D}
		{7B78930B-160A-4573-A4D5-FFA7E08279FD} = {70BB4B29-EB5E-42A3-8CB1-73BDA584473D}
		{BC882CAE-3A0F-4012-822A-50FB0E6335F4} = {70BB4B29-EB5E-42A3-8CB1-73BDA584473D}
		{B75F0C3D-C482-4797-B760-B73ED801A1FD} = {70BB4B29-EB5E-42A3-8CB1-73BDA584473D}
		{F3ADA862-5671-49DC-B04A-2975221603CF} = {70BB4B29-EB5E-42A3-8CB1-73BDA584473D}
		{EAE480DB-43B8-43EF-94EE-074499BC23E5} = {70BB4B29-EB5E-42A3-8CB1-73BDA584473D}
		{E618785B-A7E1-4E70-A8F3-DB22F93B9088} = {70BB4B29-EB5E-42A3-8CB1-73BDA584473D}
		{CD37E2FF-4CF7-4F96-8C73-C6764988D408} = {70BB4B29-EB5E-42A3-8CB1-73BDA584473D}
	EndGlobalSection
EndGlobal
