
Microsoft Visual Studio Solution File, Format Version 12.00
# Visual Studio 2013
VisualStudioVersion = 12.0.31101.0
MinimumVisualStudioVersion = 10.0.40219.1
Project("{FAE04EC0-301F-11D3-BF4B-00C04F79EFBC}") = "MediaPortal.PackageServer", "Main\MediaPortal.PackageServer\MediaPortal.PackageServer.csproj", "{F86E7A50-A129-40D5-98B6-B1A3E139F59C}"
EndProject
Project("{FAE04EC0-301F-11D3-BF4B-00C04F79EFBC}") = "MediaPortal.Common", "Core\MediaPortal.Common\MediaPortal.Common.csproj", "{ECF060E7-CAA1-4466-851F-F80B857641EA}"
EndProject
Project("{FAE04EC0-301F-11D3-BF4B-00C04F79EFBC}") = "MediaPortal.Backend", "Core\MediaPortal.Backend\MediaPortal.Backend.csproj", "{5B27EB95-B829-40F4-B445-0225CA206F85}"
EndProject
Project("{FAE04EC0-301F-11D3-BF4B-00C04F79EFBC}") = "MediaPortal.Utilities", "Core\MediaPortal.Utilities\MediaPortal.Utilities.csproj", "{4FE7B8AE-1330-424A-91A1-C68D7ABF9CB8}"
EndProject
Project("{FAE04EC0-301F-11D3-BF4B-00C04F79EFBC}") = "MediaPortal.PackageManager", "Core\MediaPortal.PackageManager\MediaPortal.PackageManager.csproj", "{FCB58361-264A-4D45-AC14-DA59FBD7A348}"
EndProject
Project("{FAE04EC0-301F-11D3-BF4B-00C04F79EFBC}") = "MediaPortal.PackageService", "Core\MediaPortal.PackageService\MediaPortal.PackageService.csproj", "{70172618-040A-4EEB-9D2D-E1223CDF00C5}"
EndProject
Project("{2150E333-8FDC-42A3-9474-1A3956D46DE8}") = "Core", "Core", "{67B07825-29B3-412B-85A6-522A436DAE89}"
EndProject
Project("{2150E333-8FDC-42A3-9474-1A3956D46DE8}") = "Main", "Main", "{59E89320-37F5-4424-B4E1-A998099CF9F4}"
EndProject
Project("{2150E333-8FDC-42A3-9474-1A3956D46DE8}") = "PackageTools", "PackageTools", "{44F0965C-BAF6-47A9-945A-7450E34155AC}"
EndProject
Project("{FAE04EC0-301F-11D3-BF4B-00C04F79EFBC}") = "HttpServer", "Core\HttpServer\HttpServer.csproj", "{B1C97BB7-8E27-4C1B-B086-A1204EF8FB79}"
EndProject
Project("{FAE04EC0-301F-11D3-BF4B-00C04F79EFBC}") = "UPnP", "Core\UPnP\UPnP.csproj", "{455E7D70-1C85-4D7F-9F01-DC801B8B8C34}"
EndProject
Project("{FAE04EC0-301F-11D3-BF4B-00C04F79EFBC}") = "MediaPortal.PackageCore", "Core\MediaPortal.PackageCore\MediaPortal.PackageCore.csproj", "{4A14F525-B1DB-4A58-A3D6-708D34099E8E}"
EndProject
Global
	GlobalSection(SolutionConfigurationPlatforms) = preSolution
		Debug|Any CPU = Debug|Any CPU
		Debug|Mixed Platforms = Debug|Mixed Platforms
		Debug|x86 = Debug|x86
		Release|Any CPU = Release|Any CPU
		Release|Mixed Platforms = Release|Mixed Platforms
		Release|x86 = Release|x86
		Test|Any CPU = Test|Any CPU
		Test|Mixed Platforms = Test|Mixed Platforms
		Test|x86 = Test|x86
	EndGlobalSection
	GlobalSection(ProjectConfigurationPlatforms) = postSolution
		{F86E7A50-A129-40D5-98B6-B1A3E139F59C}.Debug|Any CPU.ActiveCfg = Debug|Any CPU
		{F86E7A50-A129-40D5-98B6-B1A3E139F59C}.Debug|Any CPU.Build.0 = Debug|Any CPU
		{F86E7A50-A129-40D5-98B6-B1A3E139F59C}.Debug|Mixed Platforms.ActiveCfg = Debug|x86
		{F86E7A50-A129-40D5-98B6-B1A3E139F59C}.Debug|Mixed Platforms.Build.0 = Debug|x86
		{F86E7A50-A129-40D5-98B6-B1A3E139F59C}.Debug|x86.ActiveCfg = Debug|x86
		{F86E7A50-A129-40D5-98B6-B1A3E139F59C}.Debug|x86.Build.0 = Debug|x86
		{F86E7A50-A129-40D5-98B6-B1A3E139F59C}.Release|Any CPU.ActiveCfg = Release|Any CPU
		{F86E7A50-A129-40D5-98B6-B1A3E139F59C}.Release|Any CPU.Build.0 = Release|Any CPU
		{F86E7A50-A129-40D5-98B6-B1A3E139F59C}.Release|Mixed Platforms.ActiveCfg = Release|x86
		{F86E7A50-A129-40D5-98B6-B1A3E139F59C}.Release|Mixed Platforms.Build.0 = Release|x86
		{F86E7A50-A129-40D5-98B6-B1A3E139F59C}.Release|x86.ActiveCfg = Release|x86
		{F86E7A50-A129-40D5-98B6-B1A3E139F59C}.Release|x86.Build.0 = Release|x86
		{F86E7A50-A129-40D5-98B6-B1A3E139F59C}.Test|Any CPU.ActiveCfg = Debug|Any CPU
		{F86E7A50-A129-40D5-98B6-B1A3E139F59C}.Test|Any CPU.Build.0 = Debug|Any CPU
		{F86E7A50-A129-40D5-98B6-B1A3E139F59C}.Test|Mixed Platforms.ActiveCfg = Release|x86
		{F86E7A50-A129-40D5-98B6-B1A3E139F59C}.Test|Mixed Platforms.Build.0 = Release|x86
		{F86E7A50-A129-40D5-98B6-B1A3E139F59C}.Test|x86.ActiveCfg = Release|Any CPU
		{ECF060E7-CAA1-4466-851F-F80B857641EA}.Debug|Any CPU.ActiveCfg = Debug|x86
		{ECF060E7-CAA1-4466-851F-F80B857641EA}.Debug|Mixed Platforms.ActiveCfg = Debug|x86
		{ECF060E7-CAA1-4466-851F-F80B857641EA}.Debug|Mixed Platforms.Build.0 = Debug|x86
		{ECF060E7-CAA1-4466-851F-F80B857641EA}.Debug|x86.ActiveCfg = Debug|x86
		{ECF060E7-CAA1-4466-851F-F80B857641EA}.Debug|x86.Build.0 = Debug|x86
		{ECF060E7-CAA1-4466-851F-F80B857641EA}.Release|Any CPU.ActiveCfg = Release|x86
		{ECF060E7-CAA1-4466-851F-F80B857641EA}.Release|Mixed Platforms.ActiveCfg = Release|x86
		{ECF060E7-CAA1-4466-851F-F80B857641EA}.Release|Mixed Platforms.Build.0 = Release|x86
		{ECF060E7-CAA1-4466-851F-F80B857641EA}.Release|x86.ActiveCfg = Release|x86
		{ECF060E7-CAA1-4466-851F-F80B857641EA}.Release|x86.Build.0 = Release|x86
		{ECF060E7-CAA1-4466-851F-F80B857641EA}.Test|Any CPU.ActiveCfg = Release|x86
		{ECF060E7-CAA1-4466-851F-F80B857641EA}.Test|Mixed Platforms.ActiveCfg = Release|x86
		{ECF060E7-CAA1-4466-851F-F80B857641EA}.Test|Mixed Platforms.Build.0 = Release|x86
		{ECF060E7-CAA1-4466-851F-F80B857641EA}.Test|x86.ActiveCfg = Release|x86
		{ECF060E7-CAA1-4466-851F-F80B857641EA}.Test|x86.Build.0 = Release|x86
		{5B27EB95-B829-40F4-B445-0225CA206F85}.Debug|Any CPU.ActiveCfg = Debug|x86
		{5B27EB95-B829-40F4-B445-0225CA206F85}.Debug|Mixed Platforms.ActiveCfg = Debug|x86
		{5B27EB95-B829-40F4-B445-0225CA206F85}.Debug|Mixed Platforms.Build.0 = Debug|x86
		{5B27EB95-B829-40F4-B445-0225CA206F85}.Debug|x86.ActiveCfg = Debug|x86
		{5B27EB95-B829-40F4-B445-0225CA206F85}.Debug|x86.Build.0 = Debug|x86
		{5B27EB95-B829-40F4-B445-0225CA206F85}.Release|Any CPU.ActiveCfg = Release|x86
		{5B27EB95-B829-40F4-B445-0225CA206F85}.Release|Mixed Platforms.ActiveCfg = Release|x86
		{5B27EB95-B829-40F4-B445-0225CA206F85}.Release|Mixed Platforms.Build.0 = Release|x86
		{5B27EB95-B829-40F4-B445-0225CA206F85}.Release|x86.ActiveCfg = Release|x86
		{5B27EB95-B829-40F4-B445-0225CA206F85}.Release|x86.Build.0 = Release|x86
		{5B27EB95-B829-40F4-B445-0225CA206F85}.Test|Any CPU.ActiveCfg = Release|x86
		{5B27EB95-B829-40F4-B445-0225CA206F85}.Test|Mixed Platforms.ActiveCfg = Release|x86
		{5B27EB95-B829-40F4-B445-0225CA206F85}.Test|Mixed Platforms.Build.0 = Release|x86
		{5B27EB95-B829-40F4-B445-0225CA206F85}.Test|x86.ActiveCfg = Release|x86
		{5B27EB95-B829-40F4-B445-0225CA206F85}.Test|x86.Build.0 = Release|x86
		{4FE7B8AE-1330-424A-91A1-C68D7ABF9CB8}.Debug|Any CPU.ActiveCfg = Debug|x86
		{4FE7B8AE-1330-424A-91A1-C68D7ABF9CB8}.Debug|Mixed Platforms.ActiveCfg = Debug|x86
		{4FE7B8AE-1330-424A-91A1-C68D7ABF9CB8}.Debug|Mixed Platforms.Build.0 = Debug|x86
		{4FE7B8AE-1330-424A-91A1-C68D7ABF9CB8}.Debug|x86.ActiveCfg = Debug|x86
		{4FE7B8AE-1330-424A-91A1-C68D7ABF9CB8}.Debug|x86.Build.0 = Debug|x86
		{4FE7B8AE-1330-424A-91A1-C68D7ABF9CB8}.Release|Any CPU.ActiveCfg = Release|x86
		{4FE7B8AE-1330-424A-91A1-C68D7ABF9CB8}.Release|Mixed Platforms.ActiveCfg = Release|x86
		{4FE7B8AE-1330-424A-91A1-C68D7ABF9CB8}.Release|Mixed Platforms.Build.0 = Release|x86
		{4FE7B8AE-1330-424A-91A1-C68D7ABF9CB8}.Release|x86.ActiveCfg = Release|x86
		{4FE7B8AE-1330-424A-91A1-C68D7ABF9CB8}.Release|x86.Build.0 = Release|x86
		{4FE7B8AE-1330-424A-91A1-C68D7ABF9CB8}.Test|Any CPU.ActiveCfg = Release|x86
		{4FE7B8AE-1330-424A-91A1-C68D7ABF9CB8}.Test|Mixed Platforms.ActiveCfg = Release|x86
		{4FE7B8AE-1330-424A-91A1-C68D7ABF9CB8}.Test|Mixed Platforms.Build.0 = Release|x86
		{4FE7B8AE-1330-424A-91A1-C68D7ABF9CB8}.Test|x86.ActiveCfg = Release|x86
		{4FE7B8AE-1330-424A-91A1-C68D7ABF9CB8}.Test|x86.Build.0 = Release|x86
		{FCB58361-264A-4D45-AC14-DA59FBD7A348}.Debug|Any CPU.ActiveCfg = Debug|Any CPU
		{FCB58361-264A-4D45-AC14-DA59FBD7A348}.Debug|Any CPU.Build.0 = Debug|Any CPU
		{FCB58361-264A-4D45-AC14-DA59FBD7A348}.Debug|Mixed Platforms.ActiveCfg = Debug|x86
		{FCB58361-264A-4D45-AC14-DA59FBD7A348}.Debug|Mixed Platforms.Build.0 = Debug|x86
		{FCB58361-264A-4D45-AC14-DA59FBD7A348}.Debug|x86.ActiveCfg = Debug|x86
		{FCB58361-264A-4D45-AC14-DA59FBD7A348}.Debug|x86.Build.0 = Debug|x86
		{FCB58361-264A-4D45-AC14-DA59FBD7A348}.Release|Any CPU.ActiveCfg = Release|Any CPU
		{FCB58361-264A-4D45-AC14-DA59FBD7A348}.Release|Any CPU.Build.0 = Release|Any CPU
		{FCB58361-264A-4D45-AC14-DA59FBD7A348}.Release|Mixed Platforms.ActiveCfg = Release|x86
		{FCB58361-264A-4D45-AC14-DA59FBD7A348}.Release|Mixed Platforms.Build.0 = Release|x86
		{FCB58361-264A-4D45-AC14-DA59FBD7A348}.Release|x86.ActiveCfg = Release|x86
		{FCB58361-264A-4D45-AC14-DA59FBD7A348}.Release|x86.Build.0 = Release|x86
		{FCB58361-264A-4D45-AC14-DA59FBD7A348}.Test|Any CPU.ActiveCfg = Debug|Any CPU
		{FCB58361-264A-4D45-AC14-DA59FBD7A348}.Test|Any CPU.Build.0 = Debug|Any CPU
		{FCB58361-264A-4D45-AC14-DA59FBD7A348}.Test|Mixed Platforms.ActiveCfg = Release|x86
		{FCB58361-264A-4D45-AC14-DA59FBD7A348}.Test|Mixed Platforms.Build.0 = Release|x86
		{FCB58361-264A-4D45-AC14-DA59FBD7A348}.Test|x86.ActiveCfg = Release|Any CPU
		{70172618-040A-4EEB-9D2D-E1223CDF00C5}.Debug|Any CPU.ActiveCfg = Debug|Any CPU
		{70172618-040A-4EEB-9D2D-E1223CDF00C5}.Debug|Any CPU.Build.0 = Debug|Any CPU
		{70172618-040A-4EEB-9D2D-E1223CDF00C5}.Debug|Mixed Platforms.ActiveCfg = Debug|x86
		{70172618-040A-4EEB-9D2D-E1223CDF00C5}.Debug|Mixed Platforms.Build.0 = Debug|x86
		{70172618-040A-4EEB-9D2D-E1223CDF00C5}.Debug|x86.ActiveCfg = Debug|x86
		{70172618-040A-4EEB-9D2D-E1223CDF00C5}.Debug|x86.Build.0 = Debug|x86
		{70172618-040A-4EEB-9D2D-E1223CDF00C5}.Release|Any CPU.ActiveCfg = Release|Any CPU
		{70172618-040A-4EEB-9D2D-E1223CDF00C5}.Release|Any CPU.Build.0 = Release|Any CPU
		{70172618-040A-4EEB-9D2D-E1223CDF00C5}.Release|Mixed Platforms.ActiveCfg = Release|x86
		{70172618-040A-4EEB-9D2D-E1223CDF00C5}.Release|Mixed Platforms.Build.0 = Release|x86
		{70172618-040A-4EEB-9D2D-E1223CDF00C5}.Release|x86.ActiveCfg = Release|x86
		{70172618-040A-4EEB-9D2D-E1223CDF00C5}.Release|x86.Build.0 = Release|x86
		{70172618-040A-4EEB-9D2D-E1223CDF00C5}.Test|Any CPU.ActiveCfg = Debug|Any CPU
		{70172618-040A-4EEB-9D2D-E1223CDF00C5}.Test|Any CPU.Build.0 = Debug|Any CPU
		{70172618-040A-4EEB-9D2D-E1223CDF00C5}.Test|Mixed Platforms.ActiveCfg = Release|x86
		{70172618-040A-4EEB-9D2D-E1223CDF00C5}.Test|Mixed Platforms.Build.0 = Release|x86
		{70172618-040A-4EEB-9D2D-E1223CDF00C5}.Test|x86.ActiveCfg = Release|Any CPU
		{B1C97BB7-8E27-4C1B-B086-A1204EF8FB79}.Debug|Any CPU.ActiveCfg = Debug|x86
		{B1C97BB7-8E27-4C1B-B086-A1204EF8FB79}.Debug|Mixed Platforms.ActiveCfg = Debug|x86
		{B1C97BB7-8E27-4C1B-B086-A1204EF8FB79}.Debug|Mixed Platforms.Build.0 = Debug|x86
		{B1C97BB7-8E27-4C1B-B086-A1204EF8FB79}.Debug|x86.ActiveCfg = Debug|x86
		{B1C97BB7-8E27-4C1B-B086-A1204EF8FB79}.Debug|x86.Build.0 = Debug|x86
		{B1C97BB7-8E27-4C1B-B086-A1204EF8FB79}.Release|Any CPU.ActiveCfg = Release|x86
		{B1C97BB7-8E27-4C1B-B086-A1204EF8FB79}.Release|Mixed Platforms.ActiveCfg = Release|x86
		{B1C97BB7-8E27-4C1B-B086-A1204EF8FB79}.Release|Mixed Platforms.Build.0 = Release|x86
		{B1C97BB7-8E27-4C1B-B086-A1204EF8FB79}.Release|x86.ActiveCfg = Release|x86
		{B1C97BB7-8E27-4C1B-B086-A1204EF8FB79}.Release|x86.Build.0 = Release|x86
		{B1C97BB7-8E27-4C1B-B086-A1204EF8FB79}.Test|Any CPU.ActiveCfg = Test|x86
		{B1C97BB7-8E27-4C1B-B086-A1204EF8FB79}.Test|Mixed Platforms.ActiveCfg = Test|x86
		{B1C97BB7-8E27-4C1B-B086-A1204EF8FB79}.Test|Mixed Platforms.Build.0 = Test|x86
		{B1C97BB7-8E27-4C1B-B086-A1204EF8FB79}.Test|x86.ActiveCfg = Test|x86
		{B1C97BB7-8E27-4C1B-B086-A1204EF8FB79}.Test|x86.Build.0 = Test|x86
		{455E7D70-1C85-4D7F-9F01-DC801B8B8C34}.Debug|Any CPU.ActiveCfg = Debug|x86
		{455E7D70-1C85-4D7F-9F01-DC801B8B8C34}.Debug|Mixed Platforms.ActiveCfg = Debug|x86
		{455E7D70-1C85-4D7F-9F01-DC801B8B8C34}.Debug|Mixed Platforms.Build.0 = Debug|x86
		{455E7D70-1C85-4D7F-9F01-DC801B8B8C34}.Debug|x86.ActiveCfg = Debug|x86
		{455E7D70-1C85-4D7F-9F01-DC801B8B8C34}.Debug|x86.Build.0 = Debug|x86
		{455E7D70-1C85-4D7F-9F01-DC801B8B8C34}.Release|Any CPU.ActiveCfg = Release|x86
		{455E7D70-1C85-4D7F-9F01-DC801B8B8C34}.Release|Mixed Platforms.ActiveCfg = Release|x86
		{455E7D70-1C85-4D7F-9F01-DC801B8B8C34}.Release|Mixed Platforms.Build.0 = Release|x86
		{455E7D70-1C85-4D7F-9F01-DC801B8B8C34}.Release|x86.ActiveCfg = Release|x86
		{455E7D70-1C85-4D7F-9F01-DC801B8B8C34}.Release|x86.Build.0 = Release|x86
		{455E7D70-1C85-4D7F-9F01-DC801B8B8C34}.Test|Any CPU.ActiveCfg = Test|x86
		{455E7D70-1C85-4D7F-9F01-DC801B8B8C34}.Test|Mixed Platforms.ActiveCfg = Test|x86
		{455E7D70-1C85-4D7F-9F01-DC801B8B8C34}.Test|Mixed Platforms.Build.0 = Test|x86
		{455E7D70-1C85-4D7F-9F01-DC801B8B8C34}.Test|x86.ActiveCfg = Test|x86
		{455E7D70-1C85-4D7F-9F01-DC801B8B8C34}.Test|x86.Build.0 = Test|x86
		{4A14F525-B1DB-4A58-A3D6-708D34099E8E}.Debug|Any CPU.ActiveCfg = Debug|Any CPU
		{4A14F525-B1DB-4A58-A3D6-708D34099E8E}.Debug|Any CPU.Build.0 = Debug|Any CPU
		{4A14F525-B1DB-4A58-A3D6-708D34099E8E}.Debug|Mixed Platforms.ActiveCfg = Debug|Any CPU
		{4A14F525-B1DB-4A58-A3D6-708D34099E8E}.Debug|Mixed Platforms.Build.0 = Debug|Any CPU
		{4A14F525-B1DB-4A58-A3D6-708D34099E8E}.Debug|x86.ActiveCfg = Debug|Any CPU
		{4A14F525-B1DB-4A58-A3D6-708D34099E8E}.Release|Any CPU.ActiveCfg = Release|Any CPU
		{4A14F525-B1DB-4A58-A3D6-708D34099E8E}.Release|Any CPU.Build.0 = Release|Any CPU
		{4A14F525-B1DB-4A58-A3D6-708D34099E8E}.Release|Mixed Platforms.ActiveCfg = Release|Any CPU
		{4A14F525-B1DB-4A58-A3D6-708D34099E8E}.Release|Mixed Platforms.Build.0 = Release|Any CPU
		{4A14F525-B1DB-4A58-A3D6-708D34099E8E}.Release|x86.ActiveCfg = Release|Any CPU
		{4A14F525-B1DB-4A58-A3D6-708D34099E8E}.Test|Any CPU.ActiveCfg = Release|Any CPU
		{4A14F525-B1DB-4A58-A3D6-708D34099E8E}.Test|Any CPU.Build.0 = Release|Any CPU
		{4A14F525-B1DB-4A58-A3D6-708D34099E8E}.Test|Mixed Platforms.ActiveCfg = Release|Any CPU
		{4A14F525-B1DB-4A58-A3D6-708D34099E8E}.Test|Mixed Platforms.Build.0 = Release|Any CPU
		{4A14F525-B1DB-4A58-A3D6-708D34099E8E}.Test|x86.ActiveCfg = Release|Any CPU
	EndGlobalSection
	GlobalSection(SolutionProperties) = preSolution
		HideSolutionNode = FALSE
	EndGlobalSection
	GlobalSection(NestedProjects) = preSolution
		{F86E7A50-A129-40D5-98B6-B1A3E139F59C} = {59E89320-37F5-4424-B4E1-A998099CF9F4}
		{ECF060E7-CAA1-4466-851F-F80B857641EA} = {67B07825-29B3-412B-85A6-522A436DAE89}
		{5B27EB95-B829-40F4-B445-0225CA206F85} = {67B07825-29B3-412B-85A6-522A436DAE89}
		{4FE7B8AE-1330-424A-91A1-C68D7ABF9CB8} = {67B07825-29B3-412B-85A6-522A436DAE89}
		{FCB58361-264A-4D45-AC14-DA59FBD7A348} = {44F0965C-BAF6-47A9-945A-7450E34155AC}
		{70172618-040A-4EEB-9D2D-E1223CDF00C5} = {44F0965C-BAF6-47A9-945A-7450E34155AC}
		{B1C97BB7-8E27-4C1B-B086-A1204EF8FB79} = {67B07825-29B3-412B-85A6-522A436DAE89}
		{455E7D70-1C85-4D7F-9F01-DC801B8B8C34} = {67B07825-29B3-412B-85A6-522A436DAE89}
		{4A14F525-B1DB-4A58-A3D6-708D34099E8E} = {67B07825-29B3-412B-85A6-522A436DAE89}
	EndGlobalSection
EndGlobal
