Microsoft Visual Studio Solution File, Format Version 12.00
# Visual Studio 14
VisualStudioVersion = 14.0.25420.1
MinimumVisualStudioVersion = 10.0.40219.1
Project("{2150E333-8FDC-42A3-9474-1A3956D46DE8}") = "Extensions", "Extensions", "{26B21F24-5C09-4F49-ABE3-C1B3F9059D2B}"
EndProject
Project("{2150E333-8FDC-42A3-9474-1A3956D46DE8}") = "Core", "Core", "{843A0AD1-33FC-4952-9465-B5E79C2C67D1}"
EndProject
Project("{2150E333-8FDC-42A3-9474-1A3956D46DE8}") = "Main", "Main", "{23FE1AB5-FA54-4863-8E01-871B3A969E71}"
EndProject
Project("{2150E333-8FDC-42A3-9474-1A3956D46DE8}") = "MetadataExtractors", "MetadataExtractors", "{1B4741DC-78EA-4D93-8EED-00CB9617AD2F}"
EndProject
Project("{2150E333-8FDC-42A3-9474-1A3956D46DE8}") = "ResourceProviders", "ResourceProviders", "{985FB6BC-696C-4D4E-8E63-0A4E45CFE32D}"
EndProject
Project("{2150E333-8FDC-42A3-9474-1A3956D46DE8}") = "Backend", "Backend", "{E6118C44-7DD3-49C6-B39E-FF148ACC9DFC}"
EndProject
Project("{2150E333-8FDC-42A3-9474-1A3956D46DE8}") = "BackendComponents", "BackendComponents", "{9F6AECB3-1AB7-4348-8E97-563BCB392DB2}"
EndProject
Project("{2150E333-8FDC-42A3-9474-1A3956D46DE8}") = "Database", "Database", "{EFC339EB-9F75-4E5A-937A-A8BECA514715}"
EndProject
Project("{FAE04EC0-301F-11D3-BF4B-00C04F79EFBC}") = "VideoMetadataExtractor", "Extensions\MetadataExtractors\VideoMetadataExtractor\VideoMetadataExtractor.csproj", "{000C12A6-9734-4ACB-99E9-D3F726C5858F}"
EndProject
Project("{FAE04EC0-301F-11D3-BF4B-00C04F79EFBC}") = "AudioMetadataExtractor", "Extensions\MetadataExtractors\AudioMetadataExtractor\AudioMetadataExtractor.csproj", "{11FD64F0-97C0-40B5-8AAA-1E56255D3EF7}"
EndProject
Project("{FAE04EC0-301F-11D3-BF4B-00C04F79EFBC}") = "ImageMetadataExtractor", "Extensions\MetadataExtractors\ImageMetadataExtractor\ImageMetadataExtractor.csproj", "{47B09A95-16F2-4B96-A9FE-4A96363442B0}"
EndProject
Project("{FAE04EC0-301F-11D3-BF4B-00C04F79EFBC}") = "ConfigurationManager", "Core\ConfigurationManager\ConfigurationManager.csproj", "{9545C4C0-3AF9-49F4-811C-47334FEFDFFC}"
EndProject
Project("{FAE04EC0-301F-11D3-BF4B-00C04F79EFBC}") = "MediaPortal.Common", "Core\MediaPortal.Common\MediaPortal.Common.csproj", "{ECF060E7-CAA1-4466-851F-F80B857641EA}"
EndProject
Project("{FAE04EC0-301F-11D3-BF4B-00C04F79EFBC}") = "MediaPortal.Utilities", "Core\MediaPortal.Utilities\MediaPortal.Utilities.csproj", "{4FE7B8AE-1330-424A-91A1-C68D7ABF9CB8}"
EndProject
Project("{FAE04EC0-301F-11D3-BF4B-00C04F79EFBC}") = "MediaPortal.Server", "Main\MediaPortal.Server\MediaPortal.Server.csproj", "{DBB95772-9A29-443D-A1B1-7A32E27F598B}"
EndProject
Project("{FAE04EC0-301F-11D3-BF4B-00C04F79EFBC}") = "MediaPortal.Backend", "Core\MediaPortal.Backend\MediaPortal.Backend.csproj", "{5B27EB95-B829-40F4-B445-0225CA206F85}"
EndProject
Project("{FAE04EC0-301F-11D3-BF4B-00C04F79EFBC}") = "HttpServer", "Core\HttpServer\HttpServer.csproj", "{B1C97BB7-8E27-4C1B-B086-A1204EF8FB79}"
EndProject
Project("{FAE04EC0-301F-11D3-BF4B-00C04F79EFBC}") = "UPnP", "Core\UPnP\UPnP.csproj", "{455E7D70-1C85-4D7F-9F01-DC801B8B8C34}"
EndProject
Project("{FAE04EC0-301F-11D3-BF4B-00C04F79EFBC}") = "ServerBase", "Backend\BackendComponents\ServerBase\ServerBase.csproj", "{6406138D-CC7F-4FEA-B971-5E7A60AFDAB4}"
EndProject
Project("{FAE04EC0-301F-11D3-BF4B-00C04F79EFBC}") = "BassLibraries", "Extensions\BassLibraries\BassLibraries.csproj", "{B186C33C-7DC6-4F6B-911D-B8D3C6482C39}"
EndProject
Project("{FAE04EC0-301F-11D3-BF4B-00C04F79EFBC}") = "TagLib", "Extensions\MetadataExtractors\TagLib\TagLib.csproj", "{4CC18776-125E-4318-9D24-D60110AD9697}"
EndProject
Project("{FAE04EC0-301F-11D3-BF4B-00C04F79EFBC}") = "MediaInfoLib", "Extensions\MetadataExtractors\MediaInfoLib\MediaInfoLib.csproj", "{7280C551-DCE2-46B7-943E-8C0D90CDC22C}"
EndProject
Project("{FAE04EC0-301F-11D3-BF4B-00C04F79EFBC}") = "FirebirdDatabase", "Backend\Database\FirebirdDatabase\FirebirdDatabase.csproj", "{6759DACE-15CD-4EB1-8337-8096F35EAEA3}"
EndProject
Project("{FAE04EC0-301F-11D3-BF4B-00C04F79EFBC}") = "SQLCEDatabase", "Backend\Database\SQLCEDatabase\SQLCEDatabase.csproj", "{91188F73-7361-40C1-93CE-BA24AE50A694}"
EndProject
Project("{FAE04EC0-301F-11D3-BF4B-00C04F79EFBC}") = "ScimoreDb", "Backend\Database\ScimoreDb\ScimoreDb.csproj", "{99071112-C30D-4EBB-87AD-990DD85118D5}"
EndProject
Project("{FAE04EC0-301F-11D3-BF4B-00C04F79EFBC}") = "ZipResourceProvider", "Extensions\ResourceProviders\ZipResourceProvider\ZipResourceProvider.csproj", "{33721BC7-193A-4B80-9CFF-DC8A50700443}"
EndProject
Project("{FAE04EC0-301F-11D3-BF4B-00C04F79EFBC}") = "BluRayMetadataExtractor", "Extensions\MetadataExtractors\BluRayMetadaExtractor\BluRayMetadataExtractor.csproj", "{BA0837F8-2626-4378-8BF2-963574C1E133}"
EndProject
Project("{FAE04EC0-301F-11D3-BF4B-00C04F79EFBC}") = "AudioCDResourceProvider", "Extensions\ResourceProviders\AudioCDResourceProvider\AudioCDResourceProvider.csproj", "{A492604D-592C-425F-9DDD-A121BD6DE0B5}"
EndProject
Project("{FAE04EC0-301F-11D3-BF4B-00C04F79EFBC}") = "IsoResourceProvider", "Extensions\ResourceProviders\IsoResourceProvider\IsoResourceProvider.csproj", "{ABB50339-0CA4-4CB4-8788-EA66C960ABCE}"
EndProject
Project("{FAE04EC0-301F-11D3-BF4B-00C04F79EFBC}") = "NetworkNeighborhoodResourceProvider", "Extensions\ResourceProviders\NetworkNeighborhoodResourceProvider\NetworkNeighborhoodResourceProvider.csproj", "{29184FFE-9BDD-4A49-B326-83D362211004}"
EndProject
Project("{FAE04EC0-301F-11D3-BF4B-00C04F79EFBC}") = "Tve3RecordingMetadataExtractor", "Extensions\MetadataExtractors\Tve3RecordingMetadataExtractor\Tve3RecordingMetadataExtractor.csproj", "{BD0AD1E7-48A9-404E-9C82-291CE3B41657}"
EndProject
Project("{FAE04EC0-301F-11D3-BF4B-00C04F79EFBC}") = "OnlineLibraries", "Extensions\MetadataExtractors\OnlineLibraries\OnlineLibraries.csproj", "{DCA4D19E-75F4-4A8A-B70A-F3F4291DC62B}"
EndProject
Project("{FAE04EC0-301F-11D3-BF4B-00C04F79EFBC}") = "FanArtService", "UI\FanArt\FanArtService\FanArtService.csproj", "{294C9C0A-FE21-4857-957A-14A433E3254E}"
EndProject
Project("{FAE04EC0-301F-11D3-BF4B-00C04F79EFBC}") = "FanArtService.Interfaces", "UI\FanArt\FanArtService.Interfaces\FanArtService.Interfaces.csproj", "{587B806E-9AFC-47D7-A024-1CEC38C4D1D3}"
EndProject
Project("{FAE04EC0-301F-11D3-BF4B-00C04F79EFBC}") = "SeriesMetadataExtractor", "Extensions\MetadataExtractors\SeriesMetadataExtractor\SeriesMetadataExtractor.csproj", "{DDD5112C-87CE-4228-9EE4-F78BDBA8DA12}"
EndProject
Project("{FAE04EC0-301F-11D3-BF4B-00C04F79EFBC}") = "MatroskaLib", "Extensions\MetadataExtractors\MatroskaLib\MatroskaLib.csproj", "{0DCFE91A-60DE-42BF-A5F9-A925AA45ECD4}"
EndProject
Project("{FAE04EC0-301F-11D3-BF4B-00C04F79EFBC}") = "MovieMetadataExtractor", "Extensions\MetadataExtractors\MovieMetadataExtractor\MovieMetadataExtractor.csproj", "{E73C038E-FD47-40AD-9256-4457316F8A97}"
EndProject
Project("{FAE04EC0-301F-11D3-BF4B-00C04F79EFBC}") = "VideoThumbnailer", "Extensions\MetadataExtractors\VideoThumbnailer\VideoThumbnailer.csproj", "{29935593-E22E-44A9-A9A2-683D5C0F3E57}"
EndProject
Project("{FAE04EC0-301F-11D3-BF4B-00C04F79EFBC}") = "MySQLDatabase", "Backend\Database\MySQLDatabase\MySQLDatabase.csproj", "{DAE7E1E5-4168-40E8-9F59-510B5CCEF1E0}"
EndProject
Project("{FAE04EC0-301F-11D3-BF4B-00C04F79EFBC}") = "SlimTv.Interfaces", "UI\TV\SlimTvInterfaces\SlimTv.Interfaces.csproj", "{F31C71FA-4A24-4D33-B0EE-52CF667DCEF4}"
EndProject
Project("{2150E333-8FDC-42A3-9474-1A3956D46DE8}") = "Plugins", "Plugins", "{D78DACAE-6316-45F4-B7D7-31A50791E977}"
EndProject
Project("{2150E333-8FDC-42A3-9474-1A3956D46DE8}") = "FanArt", "FanArt", "{1FEC2432-78BD-4084-B08D-4FC99D808484}"
EndProject
Project("{2150E333-8FDC-42A3-9474-1A3956D46DE8}") = "NativeTv", "NativeTv", "{1D7CBAB2-F708-4A74-8DF9-610497AED552}"
EndProject
Project("{FAE04EC0-301F-11D3-BF4B-00C04F79EFBC}") = "SlimTv.Integration", "UI\TV\SlimTvIntegration\SlimTv.Integration.csproj", "{0B970B89-C3D8-4DEA-80DD-C18590FDC3B5}"
EndProject
Project("{FAE04EC0-301F-11D3-BF4B-00C04F79EFBC}") = "SlimTv.Resources", "UI\TV\SlimTvResources\SlimTv.Resources.csproj", "{9158967E-4FEB-4504-8C1E-02BE96045D34}"
EndProject
Project("{FAE04EC0-301F-11D3-BF4B-00C04F79EFBC}") = "ServerSettings.Service", "Backend\BackendComponents\ServerSettings.Service\ServerSettings.Service.csproj", "{1A1A6ABA-895D-4BEA-A1C9-62A851CD1852}"
EndProject
Project("{2150E333-8FDC-42A3-9474-1A3956D46DE8}") = "ServerSettings", "ServerSettings", "{5086CCE5-ECFD-4C02-95CA-7CC79526E231}"
EndProject
Project("{FAE04EC0-301F-11D3-BF4B-00C04F79EFBC}") = "ServerSettings.Interfaces", "Backend\BackendComponents\ServerSettings.Interfaces\ServerSettings.Interfaces.csproj", "{8E15FBE3-F6C8-4B76-A560-F391B4124E9C}"
EndProject
Project("{2150E333-8FDC-42A3-9474-1A3956D46DE8}") = "Libraries", "Libraries", "{F7CD0109-EDD1-4265-9D15-DA808A6F01F3}"
EndProject
Project("{FAE04EC0-301F-11D3-BF4B-00C04F79EFBC}") = "FreeImageLib", "Extensions\MetadataExtractors\FreeImageLib\FreeImageLib.csproj", "{3758657D-A0BF-478A-BE36-93180588CB0C}"
EndProject
Project("{2150E333-8FDC-42A3-9474-1A3956D46DE8}") = "ThumbnailProviders", "ThumbnailProviders", "{35DF0F35-CB07-4868-AD8B-146E5D5B5DB0}"
EndProject
Project("{FAE04EC0-301F-11D3-BF4B-00C04F79EFBC}") = "SQLiteDatabase", "Backend\Database\SQLiteDatabase\SQLiteDatabase.csproj", "{8A791C9C-5D72-42E8-B8D3-ED25ADC24188}"
EndProject
Project("{FAE04EC0-301F-11D3-BF4B-00C04F79EFBC}") = "FanArtService.Local", "UI\FanArt\FanArtService.Local\FanArtService.Local.csproj", "{CCF5076B-FDA7-4174-BBAF-E73EBD96B8B1}"
EndProject
Project("{FAE04EC0-301F-11D3-BF4B-00C04F79EFBC}") = "1TrueError", "..\Incubator\1TrueError\1TrueError.csproj", "{7625B1CE-577D-4E56-83DD-08C6EE9984D4}"
EndProject
Project("{FAE04EC0-301F-11D3-BF4B-00C04F79EFBC}") = "BassAudioMetadataExtractor", "Extensions\MetadataExtractors\BassAudioMetadataExtractor\BassAudioMetadataExtractor.csproj", "{192EEFB8-DCE7-4B4A-87A4-C1AD63FFF8DD}"
EndProject
Project("{2150E333-8FDC-42A3-9474-1A3956D46DE8}") = "_Tests", "_Tests", "{4B3FDD47-818E-455A-B3AD-5AFDDABFA4D5}"
EndProject
Project("{FAE04EC0-301F-11D3-BF4B-00C04F79EFBC}") = "NfoMetadataExtractors", "Extensions\MetadataExtractors\NfoMetadataExtractors\NfoMetadataExtractors.csproj", "{E34B06D1-8DCD-4027-9C2F-26FB29EB58A7}"
EndProject
Project("{FAE04EC0-301F-11D3-BF4B-00C04F79EFBC}") = "Test.Backend", "..\Tests\Test.Backend\Test.Backend.csproj", "{80E4232E-0C76-4E0C-9B9A-F1C269BDB2B7}"
EndProject
Project("{FAE04EC0-301F-11D3-BF4B-00C04F79EFBC}") = "Test.Common", "..\Tests\Test.Common\Test.Common.csproj", "{80A1F03E-F333-420D-8C62-3FFEE778A47C}"
EndProject
Project("{FAE04EC0-301F-11D3-BF4B-00C04F79EFBC}") = "WICThumbnailProvider", "Extensions\MetadataExtractors\WICThumbnailProvider\WICThumbnailProvider.csproj", "{7F790D8D-3A5A-499F-B9D3-8D9A1EF4F73A}"
EndProject
Project("{FAE04EC0-301F-11D3-BF4B-00C04F79EFBC}") = "SlimTv.Service3", "UI\TV\SlimTvService3\SlimTv.Service3.csproj", "{C239225E-CA92-4482-AFE7-F54006C48922}"
EndProject
Project("{FAE04EC0-301F-11D3-BF4B-00C04F79EFBC}") = "SlimTv.Service35", "UI\TV\SlimTvService35\SlimTv.Service35.csproj", "{1C9C13D0-C9F1-475F-96EC-D17AE77D2E1D}"
EndProject
Project("{FAE04EC0-301F-11D3-BF4B-00C04F79EFBC}") = "Test.OnlineLibraries", "..\Tests\Test.OnlineLibraries\Test.OnlineLibraries.csproj", "{B9B6B0F4-1AED-48D5-927A-45BC3F3461C1}"
EndProject
Project("{FAE04EC0-301F-11D3-BF4B-00C04F79EFBC}") = "MediaPortal.Mock", "..\Tests\MediaPortal.Mock\MediaPortal.Mock.csproj", "{F1A04140-5C63-4688-8A9E-A195AAF95DE1}"
EndProject
Project("{FAE04EC0-301F-11D3-BF4B-00C04F79EFBC}") = "FFMpegLib", "Extensions\MetadataExtractors\FFMpegLib\FFMpegLib.csproj", "{D2416E5A-CF6A-4B45-836D-02300D666127}"
EndProject
Project("{FAE04EC0-301F-11D3-BF4B-00C04F79EFBC}") = "DevTools", "..\Tools\DevTools\DevTools.csproj", "{98D58DAF-00AE-44BA-94BC-600C35AF77C8}"
EndProject
Project("{FAE04EC0-301F-11D3-BF4B-00C04F79EFBC}") = "FanArtService.Online", "UI\FanArt\FanArtService.Online\FanArtService.Online.csproj", "{81DF4C8D-827C-4998-BE20-86295DE65F6F}"
EndProject
Project("{2150E333-8FDC-42A3-9474-1A3956D46DE8}") = "ServerStateService", "ServerStateService", "{7EE620EE-533A-4D4F-9F7E-AD54CA872B93}"
EndProject
Project("{FAE04EC0-301F-11D3-BF4B-00C04F79EFBC}") = "ServerStateService.Interfaces", "Backend\BackendComponents\ServerStateService\ServerStateService.Interfaces\ServerStateService.Interfaces.csproj", "{1CD36F37-70FF-442F-8B1E-528F41D76F34}"
EndProject
Project("{FAE04EC0-301F-11D3-BF4B-00C04F79EFBC}") = "ServerStateService", "Backend\BackendComponents\ServerStateService\ServerStateService\ServerStateService.csproj", "{1F881ED1-1D27-4B08-BAF7-E9B091C8E3F0}"
EndProject
Global
	GlobalSection(SolutionConfigurationPlatforms) = preSolution
		Debug|x86 = Debug|x86
		Release|x86 = Release|x86
	EndGlobalSection
	GlobalSection(ProjectConfigurationPlatforms) = postSolution
		{000C12A6-9734-4ACB-99E9-D3F726C5858F}.Debug|x86.ActiveCfg = Debug|x86
		{000C12A6-9734-4ACB-99E9-D3F726C5858F}.Debug|x86.Build.0 = Debug|x86
		{000C12A6-9734-4ACB-99E9-D3F726C5858F}.Release|x86.ActiveCfg = Release|x86
		{000C12A6-9734-4ACB-99E9-D3F726C5858F}.Release|x86.Build.0 = Release|x86
		{11FD64F0-97C0-40B5-8AAA-1E56255D3EF7}.Debug|x86.ActiveCfg = Debug|x86
		{11FD64F0-97C0-40B5-8AAA-1E56255D3EF7}.Debug|x86.Build.0 = Debug|x86
		{11FD64F0-97C0-40B5-8AAA-1E56255D3EF7}.Release|x86.ActiveCfg = Release|x86
		{11FD64F0-97C0-40B5-8AAA-1E56255D3EF7}.Release|x86.Build.0 = Release|x86
		{47B09A95-16F2-4B96-A9FE-4A96363442B0}.Debug|x86.ActiveCfg = Debug|x86
		{47B09A95-16F2-4B96-A9FE-4A96363442B0}.Debug|x86.Build.0 = Debug|x86
		{47B09A95-16F2-4B96-A9FE-4A96363442B0}.Release|x86.ActiveCfg = Release|x86
		{47B09A95-16F2-4B96-A9FE-4A96363442B0}.Release|x86.Build.0 = Release|x86
		{9545C4C0-3AF9-49F4-811C-47334FEFDFFC}.Debug|x86.ActiveCfg = Debug|x86
		{9545C4C0-3AF9-49F4-811C-47334FEFDFFC}.Debug|x86.Build.0 = Debug|x86
		{9545C4C0-3AF9-49F4-811C-47334FEFDFFC}.Release|x86.ActiveCfg = Release|x86
		{9545C4C0-3AF9-49F4-811C-47334FEFDFFC}.Release|x86.Build.0 = Release|x86
		{ECF060E7-CAA1-4466-851F-F80B857641EA}.Debug|x86.ActiveCfg = Debug|x86
		{ECF060E7-CAA1-4466-851F-F80B857641EA}.Debug|x86.Build.0 = Debug|x86
		{ECF060E7-CAA1-4466-851F-F80B857641EA}.Release|x86.ActiveCfg = Release|x86
		{ECF060E7-CAA1-4466-851F-F80B857641EA}.Release|x86.Build.0 = Release|x86
		{4FE7B8AE-1330-424A-91A1-C68D7ABF9CB8}.Debug|x86.ActiveCfg = Debug|x86
		{4FE7B8AE-1330-424A-91A1-C68D7ABF9CB8}.Debug|x86.Build.0 = Debug|x86
		{4FE7B8AE-1330-424A-91A1-C68D7ABF9CB8}.Release|x86.ActiveCfg = Release|x86
		{4FE7B8AE-1330-424A-91A1-C68D7ABF9CB8}.Release|x86.Build.0 = Release|x86
		{DBB95772-9A29-443D-A1B1-7A32E27F598B}.Debug|x86.ActiveCfg = Debug|x86
		{DBB95772-9A29-443D-A1B1-7A32E27F598B}.Debug|x86.Build.0 = Debug|x86
		{DBB95772-9A29-443D-A1B1-7A32E27F598B}.Release|x86.ActiveCfg = Release|x86
		{DBB95772-9A29-443D-A1B1-7A32E27F598B}.Release|x86.Build.0 = Release|x86
		{5B27EB95-B829-40F4-B445-0225CA206F85}.Debug|x86.ActiveCfg = Debug|x86
		{5B27EB95-B829-40F4-B445-0225CA206F85}.Debug|x86.Build.0 = Debug|x86
		{5B27EB95-B829-40F4-B445-0225CA206F85}.Release|x86.ActiveCfg = Release|x86
		{5B27EB95-B829-40F4-B445-0225CA206F85}.Release|x86.Build.0 = Release|x86
		{B1C97BB7-8E27-4C1B-B086-A1204EF8FB79}.Debug|x86.ActiveCfg = Debug|x86
		{B1C97BB7-8E27-4C1B-B086-A1204EF8FB79}.Debug|x86.Build.0 = Debug|x86
		{B1C97BB7-8E27-4C1B-B086-A1204EF8FB79}.Release|x86.ActiveCfg = Release|x86
		{B1C97BB7-8E27-4C1B-B086-A1204EF8FB79}.Release|x86.Build.0 = Release|x86
		{455E7D70-1C85-4D7F-9F01-DC801B8B8C34}.Debug|x86.ActiveCfg = Debug|x86
		{455E7D70-1C85-4D7F-9F01-DC801B8B8C34}.Debug|x86.Build.0 = Debug|x86
		{455E7D70-1C85-4D7F-9F01-DC801B8B8C34}.Release|x86.ActiveCfg = Release|x86
		{455E7D70-1C85-4D7F-9F01-DC801B8B8C34}.Release|x86.Build.0 = Release|x86
		{6406138D-CC7F-4FEA-B971-5E7A60AFDAB4}.Debug|x86.ActiveCfg = Debug|x86
		{6406138D-CC7F-4FEA-B971-5E7A60AFDAB4}.Debug|x86.Build.0 = Debug|x86
		{6406138D-CC7F-4FEA-B971-5E7A60AFDAB4}.Release|x86.ActiveCfg = Release|x86
		{6406138D-CC7F-4FEA-B971-5E7A60AFDAB4}.Release|x86.Build.0 = Release|x86
		{B186C33C-7DC6-4F6B-911D-B8D3C6482C39}.Debug|x86.ActiveCfg = Debug|x86
		{B186C33C-7DC6-4F6B-911D-B8D3C6482C39}.Debug|x86.Build.0 = Debug|x86
		{B186C33C-7DC6-4F6B-911D-B8D3C6482C39}.Release|x86.ActiveCfg = Release|x86
		{B186C33C-7DC6-4F6B-911D-B8D3C6482C39}.Release|x86.Build.0 = Release|x86
		{4CC18776-125E-4318-9D24-D60110AD9697}.Debug|x86.ActiveCfg = Debug|x86
		{4CC18776-125E-4318-9D24-D60110AD9697}.Debug|x86.Build.0 = Debug|x86
		{4CC18776-125E-4318-9D24-D60110AD9697}.Release|x86.ActiveCfg = Release|x86
		{4CC18776-125E-4318-9D24-D60110AD9697}.Release|x86.Build.0 = Release|x86
		{7280C551-DCE2-46B7-943E-8C0D90CDC22C}.Debug|x86.ActiveCfg = Debug|x86
		{7280C551-DCE2-46B7-943E-8C0D90CDC22C}.Debug|x86.Build.0 = Debug|x86
		{7280C551-DCE2-46B7-943E-8C0D90CDC22C}.Release|x86.ActiveCfg = Release|x86
		{7280C551-DCE2-46B7-943E-8C0D90CDC22C}.Release|x86.Build.0 = Release|x86
		{6759DACE-15CD-4EB1-8337-8096F35EAEA3}.Debug|x86.ActiveCfg = Debug|x86
		{6759DACE-15CD-4EB1-8337-8096F35EAEA3}.Release|x86.ActiveCfg = Release|x86
		{91188F73-7361-40C1-93CE-BA24AE50A694}.Debug|x86.ActiveCfg = Debug|x86
		{91188F73-7361-40C1-93CE-BA24AE50A694}.Release|x86.ActiveCfg = Release|x86
		{99071112-C30D-4EBB-87AD-990DD85118D5}.Debug|x86.ActiveCfg = Debug|x86
		{99071112-C30D-4EBB-87AD-990DD85118D5}.Release|x86.ActiveCfg = Release|x86
		{33721BC7-193A-4B80-9CFF-DC8A50700443}.Debug|x86.ActiveCfg = Debug|x86
		{33721BC7-193A-4B80-9CFF-DC8A50700443}.Debug|x86.Build.0 = Debug|x86
		{33721BC7-193A-4B80-9CFF-DC8A50700443}.Release|x86.ActiveCfg = Release|x86
		{33721BC7-193A-4B80-9CFF-DC8A50700443}.Release|x86.Build.0 = Release|x86
		{BA0837F8-2626-4378-8BF2-963574C1E133}.Debug|x86.ActiveCfg = Debug|x86
		{BA0837F8-2626-4378-8BF2-963574C1E133}.Debug|x86.Build.0 = Debug|x86
		{BA0837F8-2626-4378-8BF2-963574C1E133}.Release|x86.ActiveCfg = Release|x86
		{BA0837F8-2626-4378-8BF2-963574C1E133}.Release|x86.Build.0 = Release|x86
		{A492604D-592C-425F-9DDD-A121BD6DE0B5}.Debug|x86.ActiveCfg = Debug|x86
		{A492604D-592C-425F-9DDD-A121BD6DE0B5}.Debug|x86.Build.0 = Debug|x86
		{A492604D-592C-425F-9DDD-A121BD6DE0B5}.Release|x86.ActiveCfg = Release|x86
		{A492604D-592C-425F-9DDD-A121BD6DE0B5}.Release|x86.Build.0 = Release|x86
		{ABB50339-0CA4-4CB4-8788-EA66C960ABCE}.Debug|x86.ActiveCfg = Debug|x86
		{ABB50339-0CA4-4CB4-8788-EA66C960ABCE}.Debug|x86.Build.0 = Debug|x86
		{ABB50339-0CA4-4CB4-8788-EA66C960ABCE}.Release|x86.ActiveCfg = Release|x86
		{ABB50339-0CA4-4CB4-8788-EA66C960ABCE}.Release|x86.Build.0 = Release|x86
		{29184FFE-9BDD-4A49-B326-83D362211004}.Debug|x86.ActiveCfg = Debug|x86
		{29184FFE-9BDD-4A49-B326-83D362211004}.Debug|x86.Build.0 = Debug|x86
		{29184FFE-9BDD-4A49-B326-83D362211004}.Release|x86.ActiveCfg = Release|x86
		{29184FFE-9BDD-4A49-B326-83D362211004}.Release|x86.Build.0 = Release|x86
		{BD0AD1E7-48A9-404E-9C82-291CE3B41657}.Debug|x86.ActiveCfg = Debug|x86
		{BD0AD1E7-48A9-404E-9C82-291CE3B41657}.Debug|x86.Build.0 = Debug|x86
		{BD0AD1E7-48A9-404E-9C82-291CE3B41657}.Release|x86.ActiveCfg = Release|x86
		{BD0AD1E7-48A9-404E-9C82-291CE3B41657}.Release|x86.Build.0 = Release|x86
		{DCA4D19E-75F4-4A8A-B70A-F3F4291DC62B}.Debug|x86.ActiveCfg = Debug|x86
		{DCA4D19E-75F4-4A8A-B70A-F3F4291DC62B}.Debug|x86.Build.0 = Debug|x86
		{DCA4D19E-75F4-4A8A-B70A-F3F4291DC62B}.Release|x86.ActiveCfg = Release|x86
		{DCA4D19E-75F4-4A8A-B70A-F3F4291DC62B}.Release|x86.Build.0 = Release|x86
		{294C9C0A-FE21-4857-957A-14A433E3254E}.Debug|x86.ActiveCfg = Debug|x86
		{294C9C0A-FE21-4857-957A-14A433E3254E}.Debug|x86.Build.0 = Debug|x86
		{294C9C0A-FE21-4857-957A-14A433E3254E}.Release|x86.ActiveCfg = Release|x86
		{294C9C0A-FE21-4857-957A-14A433E3254E}.Release|x86.Build.0 = Release|x86
		{587B806E-9AFC-47D7-A024-1CEC38C4D1D3}.Debug|x86.ActiveCfg = Debug|x86
		{587B806E-9AFC-47D7-A024-1CEC38C4D1D3}.Debug|x86.Build.0 = Debug|x86
		{587B806E-9AFC-47D7-A024-1CEC38C4D1D3}.Release|x86.ActiveCfg = Release|x86
		{587B806E-9AFC-47D7-A024-1CEC38C4D1D3}.Release|x86.Build.0 = Release|x86
		{DDD5112C-87CE-4228-9EE4-F78BDBA8DA12}.Debug|x86.ActiveCfg = Debug|x86
		{DDD5112C-87CE-4228-9EE4-F78BDBA8DA12}.Debug|x86.Build.0 = Debug|x86
		{DDD5112C-87CE-4228-9EE4-F78BDBA8DA12}.Release|x86.ActiveCfg = Release|x86
		{DDD5112C-87CE-4228-9EE4-F78BDBA8DA12}.Release|x86.Build.0 = Release|x86
		{0DCFE91A-60DE-42BF-A5F9-A925AA45ECD4}.Debug|x86.ActiveCfg = Debug|x86
		{0DCFE91A-60DE-42BF-A5F9-A925AA45ECD4}.Debug|x86.Build.0 = Debug|x86
		{0DCFE91A-60DE-42BF-A5F9-A925AA45ECD4}.Release|x86.ActiveCfg = Release|x86
		{0DCFE91A-60DE-42BF-A5F9-A925AA45ECD4}.Release|x86.Build.0 = Release|x86
		{E73C038E-FD47-40AD-9256-4457316F8A97}.Debug|x86.ActiveCfg = Debug|x86
		{E73C038E-FD47-40AD-9256-4457316F8A97}.Debug|x86.Build.0 = Debug|x86
		{E73C038E-FD47-40AD-9256-4457316F8A97}.Release|x86.ActiveCfg = Release|x86
		{E73C038E-FD47-40AD-9256-4457316F8A97}.Release|x86.Build.0 = Release|x86
		{29935593-E22E-44A9-A9A2-683D5C0F3E57}.Debug|x86.ActiveCfg = Debug|x86
		{29935593-E22E-44A9-A9A2-683D5C0F3E57}.Debug|x86.Build.0 = Debug|x86
		{29935593-E22E-44A9-A9A2-683D5C0F3E57}.Release|x86.ActiveCfg = Release|x86
		{29935593-E22E-44A9-A9A2-683D5C0F3E57}.Release|x86.Build.0 = Release|x86
		{DAE7E1E5-4168-40E8-9F59-510B5CCEF1E0}.Debug|x86.ActiveCfg = Debug|x86
		{DAE7E1E5-4168-40E8-9F59-510B5CCEF1E0}.Release|x86.ActiveCfg = Release|x86
		{F31C71FA-4A24-4D33-B0EE-52CF667DCEF4}.Debug|x86.ActiveCfg = Debug|x86
		{F31C71FA-4A24-4D33-B0EE-52CF667DCEF4}.Debug|x86.Build.0 = Debug|x86
		{F31C71FA-4A24-4D33-B0EE-52CF667DCEF4}.Release|x86.ActiveCfg = Release|x86
		{F31C71FA-4A24-4D33-B0EE-52CF667DCEF4}.Release|x86.Build.0 = Release|x86
		{0B970B89-C3D8-4DEA-80DD-C18590FDC3B5}.Debug|x86.ActiveCfg = Debug|x86
		{0B970B89-C3D8-4DEA-80DD-C18590FDC3B5}.Debug|x86.Build.0 = Debug|x86
		{0B970B89-C3D8-4DEA-80DD-C18590FDC3B5}.Release|x86.ActiveCfg = Release|x86
		{0B970B89-C3D8-4DEA-80DD-C18590FDC3B5}.Release|x86.Build.0 = Release|x86
		{9158967E-4FEB-4504-8C1E-02BE96045D34}.Debug|x86.ActiveCfg = Debug|x86
		{9158967E-4FEB-4504-8C1E-02BE96045D34}.Debug|x86.Build.0 = Debug|x86
		{9158967E-4FEB-4504-8C1E-02BE96045D34}.Release|x86.ActiveCfg = Release|x86
		{9158967E-4FEB-4504-8C1E-02BE96045D34}.Release|x86.Build.0 = Release|x86
		{1A1A6ABA-895D-4BEA-A1C9-62A851CD1852}.Debug|x86.ActiveCfg = Debug|x86
		{1A1A6ABA-895D-4BEA-A1C9-62A851CD1852}.Debug|x86.Build.0 = Debug|x86
		{1A1A6ABA-895D-4BEA-A1C9-62A851CD1852}.Release|x86.ActiveCfg = Release|x86
		{1A1A6ABA-895D-4BEA-A1C9-62A851CD1852}.Release|x86.Build.0 = Release|x86
		{8E15FBE3-F6C8-4B76-A560-F391B4124E9C}.Debug|x86.ActiveCfg = Debug|x86
		{8E15FBE3-F6C8-4B76-A560-F391B4124E9C}.Debug|x86.Build.0 = Debug|x86
		{8E15FBE3-F6C8-4B76-A560-F391B4124E9C}.Release|x86.ActiveCfg = Release|x86
		{8E15FBE3-F6C8-4B76-A560-F391B4124E9C}.Release|x86.Build.0 = Release|x86
		{3758657D-A0BF-478A-BE36-93180588CB0C}.Debug|x86.ActiveCfg = Debug|x86
		{3758657D-A0BF-478A-BE36-93180588CB0C}.Debug|x86.Build.0 = Debug|x86
		{3758657D-A0BF-478A-BE36-93180588CB0C}.Release|x86.ActiveCfg = Release|x86
		{3758657D-A0BF-478A-BE36-93180588CB0C}.Release|x86.Build.0 = Release|x86
		{8A791C9C-5D72-42E8-B8D3-ED25ADC24188}.Debug|x86.ActiveCfg = Debug|x86
		{8A791C9C-5D72-42E8-B8D3-ED25ADC24188}.Debug|x86.Build.0 = Debug|x86
		{8A791C9C-5D72-42E8-B8D3-ED25ADC24188}.Release|x86.ActiveCfg = Release|x86
		{8A791C9C-5D72-42E8-B8D3-ED25ADC24188}.Release|x86.Build.0 = Release|x86
		{CCF5076B-FDA7-4174-BBAF-E73EBD96B8B1}.Debug|x86.ActiveCfg = Debug|x86
		{CCF5076B-FDA7-4174-BBAF-E73EBD96B8B1}.Debug|x86.Build.0 = Debug|x86
		{CCF5076B-FDA7-4174-BBAF-E73EBD96B8B1}.Release|x86.ActiveCfg = Release|x86
		{CCF5076B-FDA7-4174-BBAF-E73EBD96B8B1}.Release|x86.Build.0 = Release|x86
		{7625B1CE-577D-4E56-83DD-08C6EE9984D4}.Debug|x86.ActiveCfg = Debug|x86
		{7625B1CE-577D-4E56-83DD-08C6EE9984D4}.Release|x86.ActiveCfg = Release|x86
		{7625B1CE-577D-4E56-83DD-08C6EE9984D4}.Release|x86.Build.0 = Release|x86
		{192EEFB8-DCE7-4B4A-87A4-C1AD63FFF8DD}.Debug|x86.ActiveCfg = Debug|x86
		{192EEFB8-DCE7-4B4A-87A4-C1AD63FFF8DD}.Debug|x86.Build.0 = Debug|x86
		{192EEFB8-DCE7-4B4A-87A4-C1AD63FFF8DD}.Release|x86.ActiveCfg = Release|x86
		{192EEFB8-DCE7-4B4A-87A4-C1AD63FFF8DD}.Release|x86.Build.0 = Release|x86
		{E34B06D1-8DCD-4027-9C2F-26FB29EB58A7}.Debug|x86.ActiveCfg = Debug|x86
		{E34B06D1-8DCD-4027-9C2F-26FB29EB58A7}.Debug|x86.Build.0 = Debug|x86
		{E34B06D1-8DCD-4027-9C2F-26FB29EB58A7}.Release|x86.ActiveCfg = Release|x86
		{E34B06D1-8DCD-4027-9C2F-26FB29EB58A7}.Release|x86.Build.0 = Release|x86
		{80E4232E-0C76-4E0C-9B9A-F1C269BDB2B7}.Debug|x86.ActiveCfg = Debug|x86
		{80E4232E-0C76-4E0C-9B9A-F1C269BDB2B7}.Debug|x86.Build.0 = Debug|x86
		{80E4232E-0C76-4E0C-9B9A-F1C269BDB2B7}.Release|x86.ActiveCfg = Release|x86
		{80E4232E-0C76-4E0C-9B9A-F1C269BDB2B7}.Release|x86.Build.0 = Release|x86
		{80A1F03E-F333-420D-8C62-3FFEE778A47C}.Debug|x86.ActiveCfg = Debug|x86
		{80A1F03E-F333-420D-8C62-3FFEE778A47C}.Debug|x86.Build.0 = Debug|x86
		{80A1F03E-F333-420D-8C62-3FFEE778A47C}.Release|x86.ActiveCfg = Release|x86
		{80A1F03E-F333-420D-8C62-3FFEE778A47C}.Release|x86.Build.0 = Release|x86
		{7F790D8D-3A5A-499F-B9D3-8D9A1EF4F73A}.Debug|x86.ActiveCfg = Debug|x86
		{7F790D8D-3A5A-499F-B9D3-8D9A1EF4F73A}.Debug|x86.Build.0 = Debug|x86
		{7F790D8D-3A5A-499F-B9D3-8D9A1EF4F73A}.Release|x86.ActiveCfg = Release|x86
		{7F790D8D-3A5A-499F-B9D3-8D9A1EF4F73A}.Release|x86.Build.0 = Release|x86
		{C239225E-CA92-4482-AFE7-F54006C48922}.Debug|x86.ActiveCfg = Debug|x86
		{C239225E-CA92-4482-AFE7-F54006C48922}.Debug|x86.Build.0 = Debug|x86
		{C239225E-CA92-4482-AFE7-F54006C48922}.Release|x86.ActiveCfg = Release|x86
		{C239225E-CA92-4482-AFE7-F54006C48922}.Release|x86.Build.0 = Release|x86
		{1C9C13D0-C9F1-475F-96EC-D17AE77D2E1D}.Debug|x86.ActiveCfg = Debug|x86
		{1C9C13D0-C9F1-475F-96EC-D17AE77D2E1D}.Release|x86.ActiveCfg = Release|x86
		{B9B6B0F4-1AED-48D5-927A-45BC3F3461C1}.Debug|x86.ActiveCfg = Debug|x86
		{B9B6B0F4-1AED-48D5-927A-45BC3F3461C1}.Debug|x86.Build.0 = Debug|x86
		{B9B6B0F4-1AED-48D5-927A-45BC3F3461C1}.Release|x86.ActiveCfg = Release|x86
		{B9B6B0F4-1AED-48D5-927A-45BC3F3461C1}.Release|x86.Build.0 = Release|x86
		{F1A04140-5C63-4688-8A9E-A195AAF95DE1}.Debug|x86.ActiveCfg = Debug|x86
		{F1A04140-5C63-4688-8A9E-A195AAF95DE1}.Debug|x86.Build.0 = Debug|x86
		{F1A04140-5C63-4688-8A9E-A195AAF95DE1}.Release|x86.ActiveCfg = Release|x86
		{F1A04140-5C63-4688-8A9E-A195AAF95DE1}.Release|x86.Build.0 = Release|x86
		{D2416E5A-CF6A-4B45-836D-02300D666127}.Debug|x86.ActiveCfg = Debug|x86
		{D2416E5A-CF6A-4B45-836D-02300D666127}.Debug|x86.Build.0 = Debug|x86
		{D2416E5A-CF6A-4B45-836D-02300D666127}.Release|x86.ActiveCfg = Release|x86
		{D2416E5A-CF6A-4B45-836D-02300D666127}.Release|x86.Build.0 = Release|x86
		{98D58DAF-00AE-44BA-94BC-600C35AF77C8}.Debug|x86.ActiveCfg = Debug|x86
		{98D58DAF-00AE-44BA-94BC-600C35AF77C8}.Debug|x86.Build.0 = Debug|x86
		{98D58DAF-00AE-44BA-94BC-600C35AF77C8}.Release|x86.ActiveCfg = Release|x86
		{98D58DAF-00AE-44BA-94BC-600C35AF77C8}.Release|x86.Build.0 = Release|x86
		{81DF4C8D-827C-4998-BE20-86295DE65F6F}.Debug|x86.ActiveCfg = Debug|x86
		{81DF4C8D-827C-4998-BE20-86295DE65F6F}.Debug|x86.Build.0 = Debug|x86
		{81DF4C8D-827C-4998-BE20-86295DE65F6F}.Release|x86.ActiveCfg = Release|x86
		{81DF4C8D-827C-4998-BE20-86295DE65F6F}.Release|x86.Build.0 = Release|x86
		{1CD36F37-70FF-442F-8B1E-528F41D76F34}.Debug|x86.ActiveCfg = Debug|x86
		{1CD36F37-70FF-442F-8B1E-528F41D76F34}.Debug|x86.Build.0 = Debug|x86
		{1CD36F37-70FF-442F-8B1E-528F41D76F34}.Release|x86.ActiveCfg = Release|x86
		{1CD36F37-70FF-442F-8B1E-528F41D76F34}.Release|x86.Build.0 = Release|x86
		{1F881ED1-1D27-4B08-BAF7-E9B091C8E3F0}.Debug|x86.ActiveCfg = Debug|x86
		{1F881ED1-1D27-4B08-BAF7-E9B091C8E3F0}.Debug|x86.Build.0 = Debug|x86
		{1F881ED1-1D27-4B08-BAF7-E9B091C8E3F0}.Release|x86.ActiveCfg = Release|x86
		{1F881ED1-1D27-4B08-BAF7-E9B091C8E3F0}.Release|x86.Build.0 = Release|x86
	EndGlobalSection
	GlobalSection(SolutionProperties) = preSolution
		HideSolutionNode = FALSE
	EndGlobalSection
	GlobalSection(NestedProjects) = preSolution
		{1B4741DC-78EA-4D93-8EED-00CB9617AD2F} = {26B21F24-5C09-4F49-ABE3-C1B3F9059D2B}
		{985FB6BC-696C-4D4E-8E63-0A4E45CFE32D} = {26B21F24-5C09-4F49-ABE3-C1B3F9059D2B}
		{9F6AECB3-1AB7-4348-8E97-563BCB392DB2} = {E6118C44-7DD3-49C6-B39E-FF148ACC9DFC}
		{EFC339EB-9F75-4E5A-937A-A8BECA514715} = {E6118C44-7DD3-49C6-B39E-FF148ACC9DFC}
		{000C12A6-9734-4ACB-99E9-D3F726C5858F} = {1B4741DC-78EA-4D93-8EED-00CB9617AD2F}
		{11FD64F0-97C0-40B5-8AAA-1E56255D3EF7} = {1B4741DC-78EA-4D93-8EED-00CB9617AD2F}
		{47B09A95-16F2-4B96-A9FE-4A96363442B0} = {1B4741DC-78EA-4D93-8EED-00CB9617AD2F}
		{9545C4C0-3AF9-49F4-811C-47334FEFDFFC} = {843A0AD1-33FC-4952-9465-B5E79C2C67D1}
		{ECF060E7-CAA1-4466-851F-F80B857641EA} = {843A0AD1-33FC-4952-9465-B5E79C2C67D1}
		{4FE7B8AE-1330-424A-91A1-C68D7ABF9CB8} = {843A0AD1-33FC-4952-9465-B5E79C2C67D1}
		{DBB95772-9A29-443D-A1B1-7A32E27F598B} = {23FE1AB5-FA54-4863-8E01-871B3A969E71}
		{5B27EB95-B829-40F4-B445-0225CA206F85} = {843A0AD1-33FC-4952-9465-B5E79C2C67D1}
		{B1C97BB7-8E27-4C1B-B086-A1204EF8FB79} = {843A0AD1-33FC-4952-9465-B5E79C2C67D1}
		{455E7D70-1C85-4D7F-9F01-DC801B8B8C34} = {843A0AD1-33FC-4952-9465-B5E79C2C67D1}
		{6406138D-CC7F-4FEA-B971-5E7A60AFDAB4} = {9F6AECB3-1AB7-4348-8E97-563BCB392DB2}
		{B186C33C-7DC6-4F6B-911D-B8D3C6482C39} = {F7CD0109-EDD1-4265-9D15-DA808A6F01F3}
		{4CC18776-125E-4318-9D24-D60110AD9697} = {F7CD0109-EDD1-4265-9D15-DA808A6F01F3}
		{7280C551-DCE2-46B7-943E-8C0D90CDC22C} = {F7CD0109-EDD1-4265-9D15-DA808A6F01F3}
		{6759DACE-15CD-4EB1-8337-8096F35EAEA3} = {EFC339EB-9F75-4E5A-937A-A8BECA514715}
		{91188F73-7361-40C1-93CE-BA24AE50A694} = {EFC339EB-9F75-4E5A-937A-A8BECA514715}
		{99071112-C30D-4EBB-87AD-990DD85118D5} = {EFC339EB-9F75-4E5A-937A-A8BECA514715}
		{33721BC7-193A-4B80-9CFF-DC8A50700443} = {985FB6BC-696C-4D4E-8E63-0A4E45CFE32D}
		{BA0837F8-2626-4378-8BF2-963574C1E133} = {1B4741DC-78EA-4D93-8EED-00CB9617AD2F}
		{A492604D-592C-425F-9DDD-A121BD6DE0B5} = {985FB6BC-696C-4D4E-8E63-0A4E45CFE32D}
		{ABB50339-0CA4-4CB4-8788-EA66C960ABCE} = {985FB6BC-696C-4D4E-8E63-0A4E45CFE32D}
		{29184FFE-9BDD-4A49-B326-83D362211004} = {985FB6BC-696C-4D4E-8E63-0A4E45CFE32D}
		{BD0AD1E7-48A9-404E-9C82-291CE3B41657} = {1B4741DC-78EA-4D93-8EED-00CB9617AD2F}
		{DCA4D19E-75F4-4A8A-B70A-F3F4291DC62B} = {F7CD0109-EDD1-4265-9D15-DA808A6F01F3}
		{294C9C0A-FE21-4857-957A-14A433E3254E} = {1FEC2432-78BD-4084-B08D-4FC99D808484}
		{587B806E-9AFC-47D7-A024-1CEC38C4D1D3} = {1FEC2432-78BD-4084-B08D-4FC99D808484}
		{DDD5112C-87CE-4228-9EE4-F78BDBA8DA12} = {1B4741DC-78EA-4D93-8EED-00CB9617AD2F}
		{0DCFE91A-60DE-42BF-A5F9-A925AA45ECD4} = {F7CD0109-EDD1-4265-9D15-DA808A6F01F3}
		{E73C038E-FD47-40AD-9256-4457316F8A97} = {1B4741DC-78EA-4D93-8EED-00CB9617AD2F}
		{29935593-E22E-44A9-A9A2-683D5C0F3E57} = {35DF0F35-CB07-4868-AD8B-146E5D5B5DB0}
		{DAE7E1E5-4168-40E8-9F59-510B5CCEF1E0} = {EFC339EB-9F75-4E5A-937A-A8BECA514715}
		{F31C71FA-4A24-4D33-B0EE-52CF667DCEF4} = {1D7CBAB2-F708-4A74-8DF9-610497AED552}
		{1FEC2432-78BD-4084-B08D-4FC99D808484} = {D78DACAE-6316-45F4-B7D7-31A50791E977}
		{1D7CBAB2-F708-4A74-8DF9-610497AED552} = {D78DACAE-6316-45F4-B7D7-31A50791E977}
		{0B970B89-C3D8-4DEA-80DD-C18590FDC3B5} = {1D7CBAB2-F708-4A74-8DF9-610497AED552}
		{9158967E-4FEB-4504-8C1E-02BE96045D34} = {1D7CBAB2-F708-4A74-8DF9-610497AED552}
		{1A1A6ABA-895D-4BEA-A1C9-62A851CD1852} = {5086CCE5-ECFD-4C02-95CA-7CC79526E231}
		{5086CCE5-ECFD-4C02-95CA-7CC79526E231} = {D78DACAE-6316-45F4-B7D7-31A50791E977}
		{8E15FBE3-F6C8-4B76-A560-F391B4124E9C} = {5086CCE5-ECFD-4C02-95CA-7CC79526E231}
		{F7CD0109-EDD1-4265-9D15-DA808A6F01F3} = {26B21F24-5C09-4F49-ABE3-C1B3F9059D2B}
		{3758657D-A0BF-478A-BE36-93180588CB0C} = {F7CD0109-EDD1-4265-9D15-DA808A6F01F3}
		{35DF0F35-CB07-4868-AD8B-146E5D5B5DB0} = {26B21F24-5C09-4F49-ABE3-C1B3F9059D2B}
		{8A791C9C-5D72-42E8-B8D3-ED25ADC24188} = {EFC339EB-9F75-4E5A-937A-A8BECA514715}
		{CCF5076B-FDA7-4174-BBAF-E73EBD96B8B1} = {1FEC2432-78BD-4084-B08D-4FC99D808484}
		{7625B1CE-577D-4E56-83DD-08C6EE9984D4} = {D78DACAE-6316-45F4-B7D7-31A50791E977}
		{192EEFB8-DCE7-4B4A-87A4-C1AD63FFF8DD} = {1B4741DC-78EA-4D93-8EED-00CB9617AD2F}
		{E34B06D1-8DCD-4027-9C2F-26FB29EB58A7} = {1B4741DC-78EA-4D93-8EED-00CB9617AD2F}
		{80E4232E-0C76-4E0C-9B9A-F1C269BDB2B7} = {4B3FDD47-818E-455A-B3AD-5AFDDABFA4D5}
		{80A1F03E-F333-420D-8C62-3FFEE778A47C} = {4B3FDD47-818E-455A-B3AD-5AFDDABFA4D5}
		{7F790D8D-3A5A-499F-B9D3-8D9A1EF4F73A} = {35DF0F35-CB07-4868-AD8B-146E5D5B5DB0}
		{C239225E-CA92-4482-AFE7-F54006C48922} = {1D7CBAB2-F708-4A74-8DF9-610497AED552}
		{1C9C13D0-C9F1-475F-96EC-D17AE77D2E1D} = {1D7CBAB2-F708-4A74-8DF9-610497AED552}
		{B9B6B0F4-1AED-48D5-927A-45BC3F3461C1} = {4B3FDD47-818E-455A-B3AD-5AFDDABFA4D5}
		{F1A04140-5C63-4688-8A9E-A195AAF95DE1} = {4B3FDD47-818E-455A-B3AD-5AFDDABFA4D5}
		{D2416E5A-CF6A-4B45-836D-02300D666127} = {F7CD0109-EDD1-4265-9D15-DA808A6F01F3}
		{98D58DAF-00AE-44BA-94BC-600C35AF77C8} = {23FE1AB5-FA54-4863-8E01-871B3A969E71}
		{81DF4C8D-827C-4998-BE20-86295DE65F6F} = {1FEC2432-78BD-4084-B08D-4FC99D808484}
		{7EE620EE-533A-4D4F-9F7E-AD54CA872B93} = {D78DACAE-6316-45F4-B7D7-31A50791E977}
		{1CD36F37-70FF-442F-8B1E-528F41D76F34} = {7EE620EE-533A-4D4F-9F7E-AD54CA872B93}
		{1F881ED1-1D27-4B08-BAF7-E9B091C8E3F0} = {7EE620EE-533A-4D4F-9F7E-AD54CA872B93}
	EndGlobalSection
EndGlobal
