Microsoft Visual Studio Solution File, Format Version 11.00
# Visual Studio 2010
Project("{FAE04EC0-301F-11D3-BF4B-00C04F79EFBC}") = "TransifexHelper", "TransifexHelper.csproj", "{9038D5FE-938D-4C98-9EF9-6F0B1A8CDFE3}"
EndProject
Project("{2150E333-8FDC-42A3-9474-1A3956D46DE8}") = ".nuget", ".nuget", "{52CFF9CA-CDF7-4D6C-81A1-1FE8C401A3D7}"
	ProjectSection(SolutionItems) = preProject
		.nuget\NuGet.targets = .nuget\NuGet.targets
	EndProjectSection
EndProject
Global
	GlobalSection(SolutionConfigurationPlatforms) = preSolution
		Debug|x86 = Debug|x86
		Release|x86 = Release|x86
	EndGlobalSection
	GlobalSection(ProjectConfigurationPlatforms) = postSolution
		{9038D5FE-938D-4C98-9EF9-6F0B1A8CDFE3}.Debug|x86.ActiveCfg = Debug|x86
		{9038D5FE-938D-4C98-9EF9-6F0B1A8CDFE3}.Debug|x86.Build.0 = Debug|x86
		{9038D5FE-938D-4C98-9EF9-6F0B1A8CDFE3}.Release|x86.ActiveCfg = Release|x86
		{9038D5FE-938D-4C98-9EF9-6F0B1A8CDFE3}.Release|x86.Build.0 = Release|x86
	EndGlobalSection
	GlobalSection(SolutionProperties) = preSolution
		HideSolutionNode = FALSE
	EndGlobalSection
EndGlobal
