Microsoft Visual Studio Solution File, Format Version 11.00
# Visual Studio 2010
Project("{FAE04EC0-301F-11D3-BF4B-00C04F79EFBC}") = "MergeMSI", "MergeMSI.csproj", "{B4B547B6-F11D-4366-B423-605B687CE1C8}"
EndProject
Project("{2150E333-8FDC-42A3-9474-1A3956D46DE8}") = ".nuget", ".nuget", "{89757B1C-29AB-4DF2-98C2-F989A8CF3C14}"
	ProjectSection(SolutionItems) = preProject
		.nuget\NuGet.targets = .nuget\NuGet.targets
	EndProjectSection
EndProject
Global
	GlobalSection(SolutionConfigurationPlatforms) = preSolution
		Debug|x86 = Debug|x86
		Release|x86 = Release|x86
	EndGlobalSection
	GlobalSection(ProjectConfigurationPlatforms) = postSolution
		{B4B547B6-F11D-4366-B423-605B687CE1C8}.Debug|x86.ActiveCfg = Debug|x86
		{B4B547B6-F11D-4366-B423-605B687CE1C8}.Debug|x86.Build.0 = Debug|x86
		{B4B547B6-F11D-4366-B423-605B687CE1C8}.Release|x86.ActiveCfg = Release|x86
		{B4B547B6-F11D-4366-B423-605B687CE1C8}.Release|x86.Build.0 = Release|x86
	EndGlobalSection
	GlobalSection(SolutionProperties) = preSolution
		HideSolutionNode = FALSE
	EndGlobalSection
EndGlobal
