
Microsoft Visual Studio Solution File, Format Version 9.00
# Visual C# Express 2005
Project("{FAE04EC0-301F-11D3-BF4B-00C04F79EFBC}") = "Scripts", "Scripts.csproj", "{32A37F1A-5728-489C-9517-F5700F8E86DB}"
EndProject
Global
	GlobalSection(SolutionConfigurationPlatforms) = preSolution
		Debug|Any CPU = Debug|Any CPU
		Release|Any CPU = Release|Any CPU
	EndGlobalSection
	GlobalSection(ProjectConfigurationPlatforms) = postSolution
		{32A37F1A-5728-489C-9517-F5700F8E86DB}.Debug|Any CPU.ActiveCfg = Debug|Any CPU
		{32A37F1A-5728-489C-9517-F5700F8E86DB}.Debug|Any CPU.Build.0 = Debug|Any CPU
		{32A37F1A-5728-489C-9517-F5700F8E86DB}.Release|Any CPU.ActiveCfg = Release|Any CPU
		{32A37F1A-5728-489C-9517-F5700F8E86DB}.Release|Any CPU.Build.0 = Release|Any CPU
	EndGlobalSection
	GlobalSection(SolutionProperties) = preSolution
		HideSolutionNode = FALSE
	EndGlobalSection
EndGlobal
