
Microsoft Visual Studio Solution File, Format Version 12.00
# Visual Studio Version 17
VisualStudioVersion = 17.5.33516.290
MinimumVisualStudioVersion = 10.0.40219.1
Project("{9A19103F-16F7-4668-BE54-9A1E7A4F7556}") = "CustomActions", "CustomActions\CustomActions.csproj", "{461696FB-AB81-4BF8-8907-E648F51CCDF0}"
EndProject
Project("{9A19103F-16F7-4668-BE54-9A1E7A4F7556}") = "MediaPortal.Common", "..\Source\Core\MediaPortal.Common\MediaPortal.Common.csproj", "{ECF060E7-CAA1-4466-851F-F80B857641EA}"
EndProject
Project("{9A19103F-16F7-4668-BE54-9A1E7A4F7556}") = "MediaPortal.Backend", "..\Source\Core\MediaPortal.Backend\MediaPortal.Backend.csproj", "{5B27EB95-B829-40F4-B445-0225CA206F85}"
EndProject
Project("{9A19103F-16F7-4668-BE54-9A1E7A4F7556}") = "UPnP", "..\Source\Core\UPnP\UPnP.csproj", "{455E7D70-1C85-4D7F-9F01-DC801B8B8C34}"
EndProject
Project("{9A19103F-16F7-4668-BE54-9A1E7A4F7556}") = "MediaPortal.UI", "..\Source\Core\MediaPortal.UI\MediaPortal.UI.csproj", "{52E587D0-A274-44DA-8846-8EEAF5414923}"
EndProject
Project("{9A19103F-16F7-4668-BE54-9A1E7A4F7556}") = "MediaPortal.Utilities", "..\Source\Core\MediaPortal.Utilities\MediaPortal.Utilities.csproj", "{4FE7B8AE-1330-424A-91A1-C68D7ABF9CB8}"
EndProject
Project("{2150E333-8FDC-42A3-9474-1A3956D46DE8}") = "MP2references", "MP2references", "{7E55CAE4-ADE5-4118-BC01-1256ED558E6A}"
EndProject
Project("{2150E333-8FDC-42A3-9474-1A3956D46DE8}") = "MP2applications", "MP2applications", "{678D8AF4-65D2-4605-B622-74A4F59A5B6D}"
EndProject
Project("{9A19103F-16F7-4668-BE54-9A1E7A4F7556}") = "MediaPortal.Client", "..\Source\Main\MediaPortal.Client\MediaPortal.Client.csproj", "{53EFA17B-5F8B-4942-8211-2015FFC2223C}"
EndProject
Project("{9A19103F-16F7-4668-BE54-9A1E7A4F7556}") = "MediaPortal.Server", "..\Source\Main\MediaPortal.Server\MediaPortal.Server.csproj", "{DBB95772-9A29-443D-A1B1-7A32E27F598B}"
EndProject
Project("{9A19103F-16F7-4668-BE54-9A1E7A4F7556}") = "MediaPortal.ServiceMonitor", "..\Source\Main\MediaPortal.ServiceMonitor\MediaPortal.ServiceMonitor.csproj", "{B554FE2F-B4FC-4D70-87DB-BC214EA104E4}"
EndProject
Project("{B7DD6F7E-DEF8-4E67-B5B7-07EF123DB6F0}") = "MP2-Bootstrapper", "Bootstrapper\MP2-Bootstrapper.wixproj", "{C49F700B-5590-4F71-B322-D65198B501B9}"
EndProject
Project("{9A19103F-16F7-4668-BE54-9A1E7A4F7556}") = "MediaPortal.LogCollector", "..\Tools\LogCollector\MediaPortal.LogCollector.csproj", "{3476BFD3-B634-4BAB-8E0F-12921019B7B0}"
EndProject
Project("{9A19103F-16F7-4668-BE54-9A1E7A4F7556}") = "MP2BootstrapperApp", "MP2BootstrapperApp\MP2BootstrapperApp.csproj", "{690C4618-718B-4D07-916D-456B5C211A7A}"
EndProject
Project("{9A19103F-16F7-4668-BE54-9A1E7A4F7556}") = "Tests", "Tests\Tests.csproj", "{EB0083EF-7363-4473-BADC-D72A3ECC4156}"
EndProject
Project("{B7DD6F7E-DEF8-4E67-B5B7-07EF123DB6F0}") = "MP2-Setup", "MP2-Setup\MP2-Setup.wixproj", "{49FF3AE9-B5B2-4EB1-9205-4EE4FC4FA0DF}"
EndProject
Project("{B7DD6F7E-DEF8-4E67-B5B7-07EF123DB6F0}") = "MP2-Setup-NetCore", "MP2-Setup\MP2-Setup-NetCore.wixproj", "{4EF83BF7-6CE8-4693-978B-539F6CBF04FD}"
EndProject
Project("{B7DD6F7E-DEF8-4E67-B5B7-07EF123DB6F0}") = "MP2-Bootstrapper-NetCore", "Bootstrapper\MP2-Bootstrapper-NetCore.wixproj", "{28FC3C4A-BF84-45A9-B3DC-9C2FF342B5EC}"
EndProject
Global
	GlobalSection(SolutionConfigurationPlatforms) = preSolution
		Debug|x86 = Debug|x86
		Release|x86 = Release|x86
	EndGlobalSection
	GlobalSection(ProjectConfigurationPlatforms) = postSolution
		{461696FB-AB81-4BF8-8907-E648F51CCDF0}.Debug|x86.ActiveCfg = Debug|Any CPU
		{461696FB-AB81-4BF8-8907-E648F51CCDF0}.Debug|x86.Build.0 = Debug|Any CPU
		{461696FB-AB81-4BF8-8907-E648F51CCDF0}.Release|x86.ActiveCfg = Release|Any CPU
		{461696FB-AB81-4BF8-8907-E648F51CCDF0}.Release|x86.Build.0 = Release|Any CPU
		{ECF060E7-CAA1-4466-851F-F80B857641EA}.Debug|x86.ActiveCfg = Debug|Any CPU
		{ECF060E7-CAA1-4466-851F-F80B857641EA}.Debug|x86.Build.0 = Debug|Any CPU
		{ECF060E7-CAA1-4466-851F-F80B857641EA}.Release|x86.ActiveCfg = Release|Any CPU
		{ECF060E7-CAA1-4466-851F-F80B857641EA}.Release|x86.Build.0 = Release|Any CPU
		{5B27EB95-B829-40F4-B445-0225CA206F85}.Debug|x86.ActiveCfg = Debug|Any CPU
		{5B27EB95-B829-40F4-B445-0225CA206F85}.Debug|x86.Build.0 = Debug|Any CPU
		{5B27EB95-B829-40F4-B445-0225CA206F85}.Release|x86.ActiveCfg = Release|Any CPU
		{5B27EB95-B829-40F4-B445-0225CA206F85}.Release|x86.Build.0 = Release|Any CPU
		{455E7D70-1C85-4D7F-9F01-DC801B8B8C34}.Debug|x86.ActiveCfg = Debug|Any CPU
		{455E7D70-1C85-4D7F-9F01-DC801B8B8C34}.Debug|x86.Build.0 = Debug|Any CPU
		{455E7D70-1C85-4D7F-9F01-DC801B8B8C34}.Release|x86.ActiveCfg = Release|Any CPU
		{455E7D70-1C85-4D7F-9F01-DC801B8B8C34}.Release|x86.Build.0 = Release|Any CPU
		{52E587D0-A274-44DA-8846-8EEAF5414923}.Debug|x86.ActiveCfg = Debug|Any CPU
		{52E587D0-A274-44DA-8846-8EEAF5414923}.Debug|x86.Build.0 = Debug|Any CPU
		{52E587D0-A274-44DA-8846-8EEAF5414923}.Release|x86.ActiveCfg = Release|Any CPU
		{52E587D0-A274-44DA-8846-8EEAF5414923}.Release|x86.Build.0 = Release|Any CPU
		{4FE7B8AE-1330-424A-91A1-C68D7ABF9CB8}.Debug|x86.ActiveCfg = Debug|Any CPU
		{4FE7B8AE-1330-424A-91A1-C68D7ABF9CB8}.Debug|x86.Build.0 = Debug|Any CPU
		{4FE7B8AE-1330-424A-91A1-C68D7ABF9CB8}.Release|x86.ActiveCfg = Release|Any CPU
		{4FE7B8AE-1330-424A-91A1-C68D7ABF9CB8}.Release|x86.Build.0 = Release|Any CPU
		{53EFA17B-5F8B-4942-8211-2015FFC2223C}.Debug|x86.ActiveCfg = Debug|Any CPU
		{53EFA17B-5F8B-4942-8211-2015FFC2223C}.Debug|x86.Build.0 = Debug|Any CPU
		{53EFA17B-5F8B-4942-8211-2015FFC2223C}.Release|x86.ActiveCfg = Release|Any CPU
		{DBB95772-9A29-443D-A1B1-7A32E27F598B}.Debug|x86.ActiveCfg = Debug|Any CPU
		{DBB95772-9A29-443D-A1B1-7A32E27F598B}.Debug|x86.Build.0 = Debug|Any CPU
		{DBB95772-9A29-443D-A1B1-7A32E27F598B}.Release|x86.ActiveCfg = Release|Any CPU
		{B554FE2F-B4FC-4D70-87DB-BC214EA104E4}.Debug|x86.ActiveCfg = Debug|Any CPU
		{B554FE2F-B4FC-4D70-87DB-BC214EA104E4}.Debug|x86.Build.0 = Debug|Any CPU
		{B554FE2F-B4FC-4D70-87DB-BC214EA104E4}.Release|x86.ActiveCfg = Release|Any CPU
		{C49F700B-5590-4F71-B322-D65198B501B9}.Debug|x86.ActiveCfg = Debug|x86
		{C49F700B-5590-4F71-B322-D65198B501B9}.Debug|x86.Build.0 = Debug|x86
		{C49F700B-5590-4F71-B322-D65198B501B9}.Release|x86.ActiveCfg = Release|x86
		{C49F700B-5590-4F71-B322-D65198B501B9}.Release|x86.Build.0 = Release|x86
		{3476BFD3-B634-4BAB-8E0F-12921019B7B0}.Debug|x86.ActiveCfg = Debug|Any CPU
		{3476BFD3-B634-4BAB-8E0F-12921019B7B0}.Debug|x86.Build.0 = Debug|Any CPU
		{3476BFD3-B634-4BAB-8E0F-12921019B7B0}.Release|x86.ActiveCfg = Release|Any CPU
		{690C4618-718B-4D07-916D-456B5C211A7A}.Debug|x86.ActiveCfg = Debug|Any CPU
		{690C4618-718B-4D07-916D-456B5C211A7A}.Debug|x86.Build.0 = Debug|Any CPU
		{690C4618-718B-4D07-916D-456B5C211A7A}.Release|x86.ActiveCfg = Release|Any CPU
		{690C4618-718B-4D07-916D-456B5C211A7A}.Release|x86.Build.0 = Release|Any CPU
		{EB0083EF-7363-4473-BADC-D72A3ECC4156}.Debug|x86.ActiveCfg = Debug|Any CPU
		{EB0083EF-7363-4473-BADC-D72A3ECC4156}.Debug|x86.Build.0 = Debug|Any CPU
		{EB0083EF-7363-4473-BADC-D72A3ECC4156}.Release|x86.ActiveCfg = Release|Any CPU
		{EB0083EF-7363-4473-BADC-D72A3ECC4156}.Release|x86.Build.0 = Release|Any CPU
		{49FF3AE9-B5B2-4EB1-9205-4EE4FC4FA0DF}.Debug|x86.ActiveCfg = Debug|x86
		{49FF3AE9-B5B2-4EB1-9205-4EE4FC4FA0DF}.Debug|x86.Build.0 = Debug|x86
		{49FF3AE9-B5B2-4EB1-9205-4EE4FC4FA0DF}.Release|x86.ActiveCfg = Release|x86
		{49FF3AE9-B5B2-4EB1-9205-4EE4FC4FA0DF}.Release|x86.Build.0 = Release|x86
		{4EF83BF7-6CE8-4693-978B-539F6CBF04FD}.Debug|x86.ActiveCfg = Debug|x86
		{4EF83BF7-6CE8-4693-978B-539F6CBF04FD}.Debug|x86.Build.0 = Debug|x86
		{4EF83BF7-6CE8-4693-978B-539F6CBF04FD}.Release|x86.ActiveCfg = Release|x86
		{4EF83BF7-6CE8-4693-978B-539F6CBF04FD}.Release|x86.Build.0 = Release|x86
		{28FC3C4A-BF84-45A9-B3DC-9C2FF342B5EC}.Debug|x86.ActiveCfg = Debug|x86
		{28FC3C4A-BF84-45A9-B3DC-9C2FF342B5EC}.Debug|x86.Build.0 = Debug|x86
		{28FC3C4A-BF84-45A9-B3DC-9C2FF342B5EC}.Release|x86.ActiveCfg = Release|x86
		{28FC3C4A-BF84-45A9-B3DC-9C2FF342B5EC}.Release|x86.Build.0 = Release|x86
	EndGlobalSection
	GlobalSection(SolutionProperties) = preSolution
		HideSolutionNode = FALSE
	EndGlobalSection
	GlobalSection(NestedProjects) = preSolution
		{ECF060E7-CAA1-4466-851F-F80B857641EA} = {7E55CAE4-ADE5-4118-BC01-1256ED558E6A}
		{5B27EB95-B829-40F4-B445-0225CA206F85} = {7E55CAE4-ADE5-4118-BC01-1256ED558E6A}
		{455E7D70-1C85-4D7F-9F01-DC801B8B8C34} = {7E55CAE4-ADE5-4118-BC01-1256ED558E6A}
		{52E587D0-A274-44DA-8846-8EEAF5414923} = {7E55CAE4-ADE5-4118-BC01-1256ED558E6A}
		{4FE7B8AE-1330-424A-91A1-C68D7ABF9CB8} = {7E55CAE4-ADE5-4118-BC01-1256ED558E6A}
		{53EFA17B-5F8B-4942-8211-2015FFC2223C} = {678D8AF4-65D2-4605-B622-74A4F59A5B6D}
		{DBB95772-9A29-443D-A1B1-7A32E27F598B} = {678D8AF4-65D2-4605-B622-74A4F59A5B6D}
		{B554FE2F-B4FC-4D70-87DB-BC214EA104E4} = {678D8AF4-65D2-4605-B622-74A4F59A5B6D}
		{3476BFD3-B634-4BAB-8E0F-12921019B7B0} = {678D8AF4-65D2-4605-B622-74A4F59A5B6D}
	EndGlobalSection
	GlobalSection(ExtensibilityGlobals) = postSolution
		SolutionGuid = {66F8556B-8BE1-4B5C-9D05-766ED45C383A}
	EndGlobalSection
EndGlobal
