
Microsoft Visual Studio Solution File, Format Version 12.00
# Visual Studio 14
VisualStudioVersion = 14.0.25420.1
MinimumVisualStudioVersion = 10.0.40219.1
Project("{930C7802-8A8C-48F9-8165-68863BCCD9DD}") = "MP2-Setup", "MP2-Setup\MP2-Setup.wixproj", "{49FF3AE9-B5B2-4EB1-9205-4EE4FC4FA0DF}"
	ProjectSection(ProjectDependencies) = postProject
		{3476BFD3-B634-4BAB-8E0F-12921019B7B0} = {3476BFD3-B634-4BAB-8E0F-12921019B7B0}
		{461696FB-AB81-4BF8-8907-E648F51CCDF0} = {461696FB-AB81-4BF8-8907-E648F51CCDF0}
	EndProjectSection
EndProject
Project("{FAE04EC0-301F-11D3-BF4B-00C04F79EFBC}") = "CustomActions", "CustomActions\CustomActions.csproj", "{461696FB-AB81-4BF8-8907-E648F51CCDF0}"
EndProject
Project("{FAE04EC0-301F-11D3-BF4B-00C04F79EFBC}") = "MediaPortal.Common", "..\Source\Core\MediaPortal.Common\MediaPortal.Common.csproj", "{ECF060E7-CAA1-4466-851F-F80B857641EA}"
EndProject
Project("{FAE04EC0-301F-11D3-BF4B-00C04F79EFBC}") = "MediaPortal.Backend", "..\Source\Core\MediaPortal.Backend\MediaPortal.Backend.csproj", "{5B27EB95-B829-40F4-B445-0225CA206F85}"
EndProject
Project("{FAE04EC0-301F-11D3-BF4B-00C04F79EFBC}") = "UPnP", "..\Source\Core\UPnP\UPnP.csproj", "{455E7D70-1C85-4D7F-9F01-DC801B8B8C34}"
EndProject
Project("{FAE04EC0-301F-11D3-BF4B-00C04F79EFBC}") = "HttpServer", "..\Source\Core\HttpServer\HttpServer.csproj", "{B1C97BB7-8E27-4C1B-B086-A1204EF8FB79}"
EndProject
Project("{FAE04EC0-301F-11D3-BF4B-00C04F79EFBC}") = "MediaPortal.UI", "..\Source\Core\MediaPortal.UI\MediaPortal.UI.csproj", "{52E587D0-A274-44DA-8846-8EEAF5414923}"
EndProject
Project("{FAE04EC0-301F-11D3-BF4B-00C04F79EFBC}") = "MediaPortal.Utilities", "..\Source\Core\MediaPortal.Utilities\MediaPortal.Utilities.csproj", "{4FE7B8AE-1330-424A-91A1-C68D7ABF9CB8}"
EndProject
Project("{2150E333-8FDC-42A3-9474-1A3956D46DE8}") = "MP2references", "MP2references", "{7E55CAE4-ADE5-4118-BC01-1256ED558E6A}"
EndProject
Project("{2150E333-8FDC-42A3-9474-1A3956D46DE8}") = "MP2applications", "MP2applications", "{678D8AF4-65D2-4605-B622-74A4F59A5B6D}"
EndProject
Project("{FAE04EC0-301F-11D3-BF4B-00C04F79EFBC}") = "MediaPortal.Client", "..\Source\Main\MediaPortal.Client\MediaPortal.Client.csproj", "{53EFA17B-5F8B-4942-8211-2015FFC2223C}"
EndProject
Project("{FAE04EC0-301F-11D3-BF4B-00C04F79EFBC}") = "MediaPortal.Server", "..\Source\Main\MediaPortal.Server\MediaPortal.Server.csproj", "{DBB95772-9A29-443D-A1B1-7A32E27F598B}"
EndProject
Project("{FAE04EC0-301F-11D3-BF4B-00C04F79EFBC}") = "MediaPortal.ServiceMonitor", "..\Source\Main\MediaPortal.ServiceMonitor\MediaPortal.ServiceMonitor.csproj", "{B554FE2F-B4FC-4D70-87DB-BC214EA104E4}"
EndProject
Project("{930C7802-8A8C-48F9-8165-68863BCCD9DD}") = "MP2-Bootstrapper", "Bootstrapper\MP2-Bootstrapper.wixproj", "{C49F700B-5590-4F71-B322-D65198B501B9}"
	ProjectSection(ProjectDependencies) = postProject
		{49FF3AE9-B5B2-4EB1-9205-4EE4FC4FA0DF} = {49FF3AE9-B5B2-4EB1-9205-4EE4FC4FA0DF}
	EndProjectSection
EndProject
Project("{FAE04EC0-301F-11D3-BF4B-00C04F79EFBC}") = "MediaPortal.LogCollector", "..\Tools\LogCollector\MediaPortal.LogCollector.csproj", "{3476BFD3-B634-4BAB-8E0F-12921019B7B0}"
EndProject
Project("{FAE04EC0-301F-11D3-BF4B-00C04F79EFBC}") = "Tests", "Tests\Tests.csproj", "{EB0083EF-7363-4473-BADC-D72A3ECC4156}"
EndProject
Global
	GlobalSection(SolutionConfigurationPlatforms) = preSolution
		Debug|Any CPU = Debug|Any CPU
		Debug|x86 = Debug|x86
		Release|Any CPU = Release|Any CPU
		Release|x86 = Release|x86
		Test|Any CPU = Test|Any CPU
		Test|x86 = Test|x86
	EndGlobalSection
	GlobalSection(ProjectConfigurationPlatforms) = postSolution
		{49FF3AE9-B5B2-4EB1-9205-4EE4FC4FA0DF}.Debug|Any CPU.ActiveCfg = Debug|x86
		{49FF3AE9-B5B2-4EB1-9205-4EE4FC4FA0DF}.Debug|x86.ActiveCfg = Debug|x86
		{49FF3AE9-B5B2-4EB1-9205-4EE4FC4FA0DF}.Debug|x86.Build.0 = Debug|x86
		{49FF3AE9-B5B2-4EB1-9205-4EE4FC4FA0DF}.Release|Any CPU.ActiveCfg = Release|x86
		{49FF3AE9-B5B2-4EB1-9205-4EE4FC4FA0DF}.Release|x86.ActiveCfg = Release|x86
		{49FF3AE9-B5B2-4EB1-9205-4EE4FC4FA0DF}.Release|x86.Build.0 = Release|x86
		{49FF3AE9-B5B2-4EB1-9205-4EE4FC4FA0DF}.Test|Any CPU.ActiveCfg = Release|x86
		{49FF3AE9-B5B2-4EB1-9205-4EE4FC4FA0DF}.Test|Any CPU.Build.0 = Release|x86
		{49FF3AE9-B5B2-4EB1-9205-4EE4FC4FA0DF}.Test|x86.ActiveCfg = Release|x86
		{49FF3AE9-B5B2-4EB1-9205-4EE4FC4FA0DF}.Test|x86.Build.0 = Release|x86
		{461696FB-AB81-4BF8-8907-E648F51CCDF0}.Debug|Any CPU.ActiveCfg = Debug|x86
		{461696FB-AB81-4BF8-8907-E648F51CCDF0}.Debug|x86.ActiveCfg = Debug|x86
		{461696FB-AB81-4BF8-8907-E648F51CCDF0}.Debug|x86.Build.0 = Debug|x86
		{461696FB-AB81-4BF8-8907-E648F51CCDF0}.Release|Any CPU.ActiveCfg = Release|x86
		{461696FB-AB81-4BF8-8907-E648F51CCDF0}.Release|x86.ActiveCfg = Release|x86
		{461696FB-AB81-4BF8-8907-E648F51CCDF0}.Release|x86.Build.0 = Release|x86
		{461696FB-AB81-4BF8-8907-E648F51CCDF0}.Test|Any CPU.ActiveCfg = Release|x86
		{461696FB-AB81-4BF8-8907-E648F51CCDF0}.Test|Any CPU.Build.0 = Release|x86
		{461696FB-AB81-4BF8-8907-E648F51CCDF0}.Test|x86.ActiveCfg = Release|x86
		{461696FB-AB81-4BF8-8907-E648F51CCDF0}.Test|x86.Build.0 = Release|x86
		{ECF060E7-CAA1-4466-851F-F80B857641EA}.Debug|Any CPU.ActiveCfg = Debug|x86
		{ECF060E7-CAA1-4466-851F-F80B857641EA}.Debug|x86.ActiveCfg = Debug|x86
		{ECF060E7-CAA1-4466-851F-F80B857641EA}.Debug|x86.Build.0 = Debug|x86
		{ECF060E7-CAA1-4466-851F-F80B857641EA}.Release|Any CPU.ActiveCfg = Release|x86
		{ECF060E7-CAA1-4466-851F-F80B857641EA}.Release|x86.ActiveCfg = Release|x86
		{ECF060E7-CAA1-4466-851F-F80B857641EA}.Release|x86.Build.0 = Release|x86
		{ECF060E7-CAA1-4466-851F-F80B857641EA}.Test|Any CPU.ActiveCfg = Release|x86
		{ECF060E7-CAA1-4466-851F-F80B857641EA}.Test|Any CPU.Build.0 = Release|x86
		{ECF060E7-CAA1-4466-851F-F80B857641EA}.Test|x86.ActiveCfg = Release|x86
		{ECF060E7-CAA1-4466-851F-F80B857641EA}.Test|x86.Build.0 = Release|x86
		{5B27EB95-B829-40F4-B445-0225CA206F85}.Debug|Any CPU.ActiveCfg = Debug|x86
		{5B27EB95-B829-40F4-B445-0225CA206F85}.Debug|x86.ActiveCfg = Debug|x86
		{5B27EB95-B829-40F4-B445-0225CA206F85}.Debug|x86.Build.0 = Debug|x86
		{5B27EB95-B829-40F4-B445-0225CA206F85}.Release|Any CPU.ActiveCfg = Release|x86
		{5B27EB95-B829-40F4-B445-0225CA206F85}.Release|x86.ActiveCfg = Release|x86
		{5B27EB95-B829-40F4-B445-0225CA206F85}.Release|x86.Build.0 = Release|x86
		{5B27EB95-B829-40F4-B445-0225CA206F85}.Test|Any CPU.ActiveCfg = Release|x86
		{5B27EB95-B829-40F4-B445-0225CA206F85}.Test|Any CPU.Build.0 = Release|x86
		{5B27EB95-B829-40F4-B445-0225CA206F85}.Test|x86.ActiveCfg = Release|x86
		{5B27EB95-B829-40F4-B445-0225CA206F85}.Test|x86.Build.0 = Release|x86
		{455E7D70-1C85-4D7F-9F01-DC801B8B8C34}.Debug|Any CPU.ActiveCfg = Debug|x86
		{455E7D70-1C85-4D7F-9F01-DC801B8B8C34}.Debug|x86.ActiveCfg = Debug|x86
		{455E7D70-1C85-4D7F-9F01-DC801B8B8C34}.Debug|x86.Build.0 = Debug|x86
		{455E7D70-1C85-4D7F-9F01-DC801B8B8C34}.Release|Any CPU.ActiveCfg = Release|x86
		{455E7D70-1C85-4D7F-9F01-DC801B8B8C34}.Release|x86.ActiveCfg = Release|x86
		{455E7D70-1C85-4D7F-9F01-DC801B8B8C34}.Release|x86.Build.0 = Release|x86
		{455E7D70-1C85-4D7F-9F01-DC801B8B8C34}.Test|Any CPU.ActiveCfg = Test|x86
		{455E7D70-1C85-4D7F-9F01-DC801B8B8C34}.Test|x86.ActiveCfg = Test|x86
		{455E7D70-1C85-4D7F-9F01-DC801B8B8C34}.Test|x86.Build.0 = Test|x86
		{B1C97BB7-8E27-4C1B-B086-A1204EF8FB79}.Debug|Any CPU.ActiveCfg = Debug|x86
		{B1C97BB7-8E27-4C1B-B086-A1204EF8FB79}.Debug|x86.ActiveCfg = Debug|x86
		{B1C97BB7-8E27-4C1B-B086-A1204EF8FB79}.Debug|x86.Build.0 = Debug|x86
		{B1C97BB7-8E27-4C1B-B086-A1204EF8FB79}.Release|Any CPU.ActiveCfg = Release|x86
		{B1C97BB7-8E27-4C1B-B086-A1204EF8FB79}.Release|x86.ActiveCfg = Release|x86
		{B1C97BB7-8E27-4C1B-B086-A1204EF8FB79}.Release|x86.Build.0 = Release|x86
		{B1C97BB7-8E27-4C1B-B086-A1204EF8FB79}.Test|Any CPU.ActiveCfg = Test|x86
		{B1C97BB7-8E27-4C1B-B086-A1204EF8FB79}.Test|x86.ActiveCfg = Test|x86
		{B1C97BB7-8E27-4C1B-B086-A1204EF8FB79}.Test|x86.Build.0 = Test|x86
		{52E587D0-A274-44DA-8846-8EEAF5414923}.Debug|Any CPU.ActiveCfg = Debug|x86
		{52E587D0-A274-44DA-8846-8EEAF5414923}.Debug|x86.ActiveCfg = Debug|x86
		{52E587D0-A274-44DA-8846-8EEAF5414923}.Debug|x86.Build.0 = Debug|x86
		{52E587D0-A274-44DA-8846-8EEAF5414923}.Release|Any CPU.ActiveCfg = Release|x86
		{52E587D0-A274-44DA-8846-8EEAF5414923}.Release|x86.ActiveCfg = Release|x86
		{52E587D0-A274-44DA-8846-8EEAF5414923}.Release|x86.Build.0 = Release|x86
		{52E587D0-A274-44DA-8846-8EEAF5414923}.Test|Any CPU.ActiveCfg = Release|x86
		{52E587D0-A274-44DA-8846-8EEAF5414923}.Test|Any CPU.Build.0 = Release|x86
		{52E587D0-A274-44DA-8846-8EEAF5414923}.Test|x86.ActiveCfg = Release|x86
		{52E587D0-A274-44DA-8846-8EEAF5414923}.Test|x86.Build.0 = Release|x86
		{4FE7B8AE-1330-424A-91A1-C68D7ABF9CB8}.Debug|Any CPU.ActiveCfg = Debug|x86
		{4FE7B8AE-1330-424A-91A1-C68D7ABF9CB8}.Debug|x86.ActiveCfg = Debug|x86
		{4FE7B8AE-1330-424A-91A1-C68D7ABF9CB8}.Debug|x86.Build.0 = Debug|x86
		{4FE7B8AE-1330-424A-91A1-C68D7ABF9CB8}.Release|Any CPU.ActiveCfg = Release|x86
		{4FE7B8AE-1330-424A-91A1-C68D7ABF9CB8}.Release|x86.ActiveCfg = Release|x86
		{4FE7B8AE-1330-424A-91A1-C68D7ABF9CB8}.Release|x86.Build.0 = Release|x86
		{4FE7B8AE-1330-424A-91A1-C68D7ABF9CB8}.Test|Any CPU.ActiveCfg = Release|x86
		{4FE7B8AE-1330-424A-91A1-C68D7ABF9CB8}.Test|Any CPU.Build.0 = Release|x86
		{4FE7B8AE-1330-424A-91A1-C68D7ABF9CB8}.Test|x86.ActiveCfg = Release|x86
		{4FE7B8AE-1330-424A-91A1-C68D7ABF9CB8}.Test|x86.Build.0 = Release|x86
		{53EFA17B-5F8B-4942-8211-2015FFC2223C}.Debug|Any CPU.ActiveCfg = Debug|x86
		{53EFA17B-5F8B-4942-8211-2015FFC2223C}.Debug|x86.ActiveCfg = Debug|x86
		{53EFA17B-5F8B-4942-8211-2015FFC2223C}.Release|Any CPU.ActiveCfg = Release|x86
		{53EFA17B-5F8B-4942-8211-2015FFC2223C}.Release|x86.ActiveCfg = Release|x86
		{53EFA17B-5F8B-4942-8211-2015FFC2223C}.Test|Any CPU.ActiveCfg = Release|x86
		{53EFA17B-5F8B-4942-8211-2015FFC2223C}.Test|Any CPU.Build.0 = Release|x86
		{53EFA17B-5F8B-4942-8211-2015FFC2223C}.Test|x86.ActiveCfg = Release|x86
		{DBB95772-9A29-443D-A1B1-7A32E27F598B}.Debug|Any CPU.ActiveCfg = Debug|x86
		{DBB95772-9A29-443D-A1B1-7A32E27F598B}.Debug|x86.ActiveCfg = Debug|x86
		{DBB95772-9A29-443D-A1B1-7A32E27F598B}.Release|Any CPU.ActiveCfg = Release|x86
		{DBB95772-9A29-443D-A1B1-7A32E27F598B}.Release|x86.ActiveCfg = Release|x86
		{DBB95772-9A29-443D-A1B1-7A32E27F598B}.Test|Any CPU.ActiveCfg = Release|x86
		{DBB95772-9A29-443D-A1B1-7A32E27F598B}.Test|Any CPU.Build.0 = Release|x86
		{DBB95772-9A29-443D-A1B1-7A32E27F598B}.Test|x86.ActiveCfg = Release|x86
		{B554FE2F-B4FC-4D70-87DB-BC214EA104E4}.Debug|Any CPU.ActiveCfg = Debug|x86
		{B554FE2F-B4FC-4D70-87DB-BC214EA104E4}.Debug|x86.ActiveCfg = Debug|x86
		{B554FE2F-B4FC-4D70-87DB-BC214EA104E4}.Release|Any CPU.ActiveCfg = Release|x86
		{B554FE2F-B4FC-4D70-87DB-BC214EA104E4}.Release|x86.ActiveCfg = Release|x86
		{B554FE2F-B4FC-4D70-87DB-BC214EA104E4}.Test|Any CPU.ActiveCfg = Release|x86
		{B554FE2F-B4FC-4D70-87DB-BC214EA104E4}.Test|Any CPU.Build.0 = Release|x86
		{B554FE2F-B4FC-4D70-87DB-BC214EA104E4}.Test|x86.ActiveCfg = Release|x86
		{C49F700B-5590-4F71-B322-D65198B501B9}.Debug|Any CPU.ActiveCfg = Debug|x86
		{C49F700B-5590-4F71-B322-D65198B501B9}.Debug|x86.ActiveCfg = Debug|x86
		{C49F700B-5590-4F71-B322-D65198B501B9}.Debug|x86.Build.0 = Debug|x86
		{C49F700B-5590-4F71-B322-D65198B501B9}.Release|Any CPU.ActiveCfg = Release|x86
		{C49F700B-5590-4F71-B322-D65198B501B9}.Release|x86.ActiveCfg = Release|x86
		{C49F700B-5590-4F71-B322-D65198B501B9}.Release|x86.Build.0 = Release|x86
		{C49F700B-5590-4F71-B322-D65198B501B9}.Test|Any CPU.ActiveCfg = Release|x86
		{C49F700B-5590-4F71-B322-D65198B501B9}.Test|Any CPU.Build.0 = Release|x86
		{C49F700B-5590-4F71-B322-D65198B501B9}.Test|x86.ActiveCfg = Release|x86
		{C49F700B-5590-4F71-B322-D65198B501B9}.Test|x86.Build.0 = Release|x86
		{3476BFD3-B634-4BAB-8E0F-12921019B7B0}.Debug|Any CPU.ActiveCfg = Debug|x86
		{3476BFD3-B634-4BAB-8E0F-12921019B7B0}.Debug|x86.ActiveCfg = Debug|x86
		{3476BFD3-B634-4BAB-8E0F-12921019B7B0}.Debug|x86.Build.0 = Debug|x86
		{3476BFD3-B634-4BAB-8E0F-12921019B7B0}.Release|Any CPU.ActiveCfg = Release|x86
		{3476BFD3-B634-4BAB-8E0F-12921019B7B0}.Release|x86.ActiveCfg = Release|x86
		{3476BFD3-B634-4BAB-8E0F-12921019B7B0}.Release|x86.Build.0 = Release|x86
		{3476BFD3-B634-4BAB-8E0F-12921019B7B0}.Test|Any CPU.ActiveCfg = Release|x86
		{3476BFD3-B634-4BAB-8E0F-12921019B7B0}.Test|Any CPU.Build.0 = Release|x86
		{3476BFD3-B634-4BAB-8E0F-12921019B7B0}.Test|x86.ActiveCfg = Release|x86
		{3476BFD3-B634-4BAB-8E0F-12921019B7B0}.Test|x86.Build.0 = Release|x86
		{EB0083EF-7363-4473-BADC-D72A3ECC4156}.Debug|Any CPU.ActiveCfg = Debug|Any CPU
		{EB0083EF-7363-4473-BADC-D72A3ECC4156}.Debug|Any CPU.Build.0 = Debug|Any CPU
		{EB0083EF-7363-4473-BADC-D72A3ECC4156}.Debug|x86.ActiveCfg = Debug|Any CPU
		{EB0083EF-7363-4473-BADC-D72A3ECC4156}.Debug|x86.Build.0 = Debug|Any CPU
		{EB0083EF-7363-4473-BADC-D72A3ECC4156}.Release|Any CPU.ActiveCfg = Release|Any CPU
		{EB0083EF-7363-4473-BADC-D72A3ECC4156}.Release|Any CPU.Build.0 = Release|Any CPU
		{EB0083EF-7363-4473-BADC-D72A3ECC4156}.Release|x86.ActiveCfg = Release|Any CPU
		{EB0083EF-7363-4473-BADC-D72A3ECC4156}.Release|x86.Build.0 = Release|Any CPU
		{EB0083EF-7363-4473-BADC-D72A3ECC4156}.Test|Any CPU.ActiveCfg = Release|Any CPU
		{EB0083EF-7363-4473-BADC-D72A3ECC4156}.Test|Any CPU.Build.0 = Release|Any CPU
		{EB0083EF-7363-4473-BADC-D72A3ECC4156}.Test|x86.ActiveCfg = Release|Any CPU
		{EB0083EF-7363-4473-BADC-D72A3ECC4156}.Test|x86.Build.0 = Release|Any CPU
	EndGlobalSection
	GlobalSection(SolutionProperties) = preSolution
		HideSolutionNode = FALSE
	EndGlobalSection
	GlobalSection(NestedProjects) = preSolution
		{ECF060E7-CAA1-4466-851F-F80B857641EA} = {7E55CAE4-ADE5-4118-BC01-1256ED558E6A}
		{5B27EB95-B829-40F4-B445-0225CA206F85} = {7E55CAE4-ADE5-4118-BC01-1256ED558E6A}
		{455E7D70-1C85-4D7F-9F01-DC801B8B8C34} = {7E55CAE4-ADE5-4118-BC01-1256ED558E6A}
		{B1C97BB7-8E27-4C1B-B086-A1204EF8FB79} = {7E55CAE4-ADE5-4118-BC01-1256ED558E6A}
		{52E587D0-A274-44DA-8846-8EEAF5414923} = {7E55CAE4-ADE5-4118-BC01-1256ED558E6A}
		{4FE7B8AE-1330-424A-91A1-C68D7ABF9CB8} = {7E55CAE4-ADE5-4118-BC01-1256ED558E6A}
		{53EFA17B-5F8B-4942-8211-2015FFC2223C} = {678D8AF4-65D2-4605-B622-74A4F59A5B6D}
		{DBB95772-9A29-443D-A1B1-7A32E27F598B} = {678D8AF4-65D2-4605-B622-74A4F59A5B6D}
		{B554FE2F-B4FC-4D70-87DB-BC214EA104E4} = {678D8AF4-65D2-4605-B622-74A4F59A5B6D}
		{3476BFD3-B634-4BAB-8E0F-12921019B7B0} = {678D8AF4-65D2-4605-B622-74A4F59A5B6D}
	EndGlobalSection
EndGlobal
