Microsoft Visual Studio Solution File, Format Version 10.00
# Visual Studio 2008
Project("{2150E333-8FDC-42A3-9474-1A3956D46DE8}") = "Media", "Media", "{26B21F24-5C09-4F49-ABE3-C1B3F9059D2B}"
EndProject
Project("{2150E333-8FDC-42A3-9474-1A3956D46DE8}") = "System", "System", "{843A0AD1-33FC-4952-9465-B5E79C2C67D1}"
EndProject
Project("{2150E333-8FDC-42A3-9474-1A3956D46DE8}") = "Main", "Main", "{23FE1AB5-FA54-4863-8E01-871B3A969E71}"
EndProject
Project("{FAE04EC0-301F-11D3-BF4B-00C04F79EFBC}") = "Importer", "Media\Importer\Importer.csproj", "{6834C0AF-FCE6-4998-8DCC-F9E08F52E0D7}"
EndProject
Project("{2150E333-8FDC-42A3-9474-1A3956D46DE8}") = "MetadataExtractors", "MetadataExtractors", "{1B4741DC-78EA-4D93-8EED-00CB9617AD2F}"
EndProject
Project("{FAE04EC0-301F-11D3-BF4B-00C04F79EFBC}") = "MovieMetadataExtractor", "Media\MetadataExtractors\MovieMetadataExtractor\MovieMetadataExtractor.csproj", "{000C12A6-9734-4ACB-99E9-D3F726C5858F}"
EndProject
Project("{FAE04EC0-301F-11D3-BF4B-00C04F79EFBC}") = "MusicMetadataExtractor", "Media\MetadataExtractors\MusicMetadataExtractor\MusicMetadataExtractor.csproj", "{11FD64F0-97C0-40B5-8AAA-1E56255D3EF7}"
EndProject
Project("{FAE04EC0-301F-11D3-BF4B-00C04F79EFBC}") = "PictureMetadataExtractor", "Media\MetadataExtractors\PictureMetadataExtractor\PictureMetadataExtractor.csproj", "{47B09A95-16F2-4B96-A9FE-4A96363442B0}"
EndProject
Project("{2150E333-8FDC-42A3-9474-1A3956D46DE8}") = "MediaProviders", "MediaProviders", "{985FB6BC-696C-4D4E-8E63-0A4E45CFE32D}"
EndProject
Project("{FAE04EC0-301F-11D3-BF4B-00C04F79EFBC}") = "ConfigurationManager", "System\Configuration.Framework\ConfigurationManager.csproj", "{9545C4C0-3AF9-49F4-811C-47334FEFDFFC}"
EndProject
Project("{FAE04EC0-301F-11D3-BF4B-00C04F79EFBC}") = "MediaPortal.Core", "System\MediaPortal.Core\MediaPortal.Core.csproj", "{ECF060E7-CAA1-4466-851F-F80B857641EA}"
EndProject
Project("{FAE04EC0-301F-11D3-BF4B-00C04F79EFBC}") = "MediaPortal.Utilities", "System\MediaPortal.Utilities\MediaPortal.Utilities.csproj", "{4FE7B8AE-1330-424A-91A1-C68D7ABF9CB8}"
EndProject
Project("{FAE04EC0-301F-11D3-BF4B-00C04F79EFBC}") = "LocalFsMediaProvider", "Media\MediaProviders\LocalFsMediaProvider\LocalFsMediaProvider.csproj", "{347E1EC5-D40A-4A9A-A219-B0507A8A0D40}"
EndProject
Project("{FAE04EC0-301F-11D3-BF4B-00C04F79EFBC}") = "UPnPProvider", "Media\MediaProviders\UPnPProvider\UPnPProvider.csproj", "{D810FE50-3D2D-4A23-8035-C471AF7366C7}"
EndProject
Project("{FAE04EC0-301F-11D3-BF4B-00C04F79EFBC}") = "CueProvider", "Media\MediaProviders\CueProvider\CueProvider.csproj", "{0C708070-8102-4615-9B5F-2FCF652A4D13}"
EndProject
Project("{FAE04EC0-301F-11D3-BF4B-00C04F79EFBC}") = "MediaInfoPlugin", "Media\MetadataExtractors\MediaInfoPlugin\MediaInfoPlugin.csproj", "{7280C551-DCE2-46B7-943E-8C0D90CDC22C}"
EndProject
Project("{FAE04EC0-301F-11D3-BF4B-00C04F79EFBC}") = "TagLibPlugin", "Media\MetadataExtractors\TagLibPlugin\TagLibPlugin.csproj", "{6DECC1E8-9F06-4CAD-9059-6C523C8D322A}"
EndProject
Project("{FAE04EC0-301F-11D3-BF4B-00C04F79EFBC}") = "MediaPortal.Server", "Main\MediaPortal.Server\MediaPortal.Server.csproj", "{DBB95772-9A29-443D-A1B1-7A32E27F598B}"
EndProject
Project("{FAE04EC0-301F-11D3-BF4B-00C04F79EFBC}") = "ServerMediaManager", "Media\ServerMediaManager\ServerMediaManager.csproj", "{1ECF13C5-DA3C-4142-B290-C9DD0AC55334}"
EndProject
Project("{FAE04EC0-301F-11D3-BF4B-00C04F79EFBC}") = "MediaPortal.Backend", "System\MediaPortal.Backend\MediaPortal.Backend.csproj", "{5B27EB95-B829-40F4-B445-0225CA206F85}"
EndProject
Project("{2150E333-8FDC-42A3-9474-1A3956D46DE8}") = "Backend", "Backend", "{E6118C44-7DD3-49C6-B39E-FF148ACC9DFC}"
EndProject
Project("{2150E333-8FDC-42A3-9474-1A3956D46DE8}") = "BackendComponents", "BackendComponents", "{9F6AECB3-1AB7-4348-8E97-563BCB392DB2}"
EndProject
Project("{FAE04EC0-301F-11D3-BF4B-00C04F79EFBC}") = "HttpServer", "System\HttpServer\HttpServer.csproj", "{B1C97BB7-8E27-4C1B-B086-A1204EF8FB79}"
EndProject
Project("{FAE04EC0-301F-11D3-BF4B-00C04F79EFBC}") = "UPnP", "System\UPnP\UPnP.csproj", "{455E7D70-1C85-4D7F-9F01-DC801B8B8C34}"
EndProject
Project("{FAE04EC0-301F-11D3-BF4B-00C04F79EFBC}") = "FirebirdDatabase", "Backend\BackendComponents\FirebirdDatabase\FirebirdDatabase.csproj", "{6759DACE-15CD-4EB1-8337-8096F35EAEA3}"
EndProject
Global
	GlobalSection(SolutionConfigurationPlatforms) = preSolution
		Debug|Any CPU = Debug|Any CPU
		Debug|Mixed Platforms = Debug|Mixed Platforms
		Debug|x86 = Debug|x86
		Release|Any CPU = Release|Any CPU
		Release|Mixed Platforms = Release|Mixed Platforms
		Release|x86 = Release|x86
		Test|Any CPU = Test|Any CPU
		Test|Mixed Platforms = Test|Mixed Platforms
		Test|x86 = Test|x86
	EndGlobalSection
	GlobalSection(ProjectConfigurationPlatforms) = postSolution
		{6834C0AF-FCE6-4998-8DCC-F9E08F52E0D7}.Debug|Any CPU.ActiveCfg = Debug|x86
		{6834C0AF-FCE6-4998-8DCC-F9E08F52E0D7}.Debug|Mixed Platforms.ActiveCfg = Debug|x86
		{6834C0AF-FCE6-4998-8DCC-F9E08F52E0D7}.Debug|Mixed Platforms.Build.0 = Debug|x86
		{6834C0AF-FCE6-4998-8DCC-F9E08F52E0D7}.Debug|x86.ActiveCfg = Debug|x86
		{6834C0AF-FCE6-4998-8DCC-F9E08F52E0D7}.Release|Any CPU.ActiveCfg = Release|x86
		{6834C0AF-FCE6-4998-8DCC-F9E08F52E0D7}.Release|Mixed Platforms.ActiveCfg = Release|x86
		{6834C0AF-FCE6-4998-8DCC-F9E08F52E0D7}.Release|Mixed Platforms.Build.0 = Release|x86
		{6834C0AF-FCE6-4998-8DCC-F9E08F52E0D7}.Release|x86.ActiveCfg = Release|x86
		{6834C0AF-FCE6-4998-8DCC-F9E08F52E0D7}.Test|Any CPU.ActiveCfg = Release|x86
		{6834C0AF-FCE6-4998-8DCC-F9E08F52E0D7}.Test|Mixed Platforms.ActiveCfg = Release|x86
		{6834C0AF-FCE6-4998-8DCC-F9E08F52E0D7}.Test|Mixed Platforms.Build.0 = Release|x86
		{6834C0AF-FCE6-4998-8DCC-F9E08F52E0D7}.Test|x86.ActiveCfg = Release|x86
		{6834C0AF-FCE6-4998-8DCC-F9E08F52E0D7}.Test|x86.Build.0 = Release|x86
		{000C12A6-9734-4ACB-99E9-D3F726C5858F}.Debug|Any CPU.ActiveCfg = Debug|x86
		{000C12A6-9734-4ACB-99E9-D3F726C5858F}.Debug|Mixed Platforms.ActiveCfg = Debug|x86
		{000C12A6-9734-4ACB-99E9-D3F726C5858F}.Debug|Mixed Platforms.Build.0 = Debug|x86
		{000C12A6-9734-4ACB-99E9-D3F726C5858F}.Debug|x86.ActiveCfg = Debug|x86
		{000C12A6-9734-4ACB-99E9-D3F726C5858F}.Debug|x86.Build.0 = Debug|x86
		{000C12A6-9734-4ACB-99E9-D3F726C5858F}.Release|Any CPU.ActiveCfg = Release|x86
		{000C12A6-9734-4ACB-99E9-D3F726C5858F}.Release|Mixed Platforms.ActiveCfg = Release|x86
		{000C12A6-9734-4ACB-99E9-D3F726C5858F}.Release|Mixed Platforms.Build.0 = Release|x86
		{000C12A6-9734-4ACB-99E9-D3F726C5858F}.Release|x86.ActiveCfg = Release|x86
		{000C12A6-9734-4ACB-99E9-D3F726C5858F}.Release|x86.Build.0 = Release|x86
		{000C12A6-9734-4ACB-99E9-D3F726C5858F}.Test|Any CPU.ActiveCfg = Release|x86
		{000C12A6-9734-4ACB-99E9-D3F726C5858F}.Test|Mixed Platforms.ActiveCfg = Release|x86
		{000C12A6-9734-4ACB-99E9-D3F726C5858F}.Test|Mixed Platforms.Build.0 = Release|x86
		{000C12A6-9734-4ACB-99E9-D3F726C5858F}.Test|x86.ActiveCfg = Release|x86
		{000C12A6-9734-4ACB-99E9-D3F726C5858F}.Test|x86.Build.0 = Release|x86
		{11FD64F0-97C0-40B5-8AAA-1E56255D3EF7}.Debug|Any CPU.ActiveCfg = Debug|x86
		{11FD64F0-97C0-40B5-8AAA-1E56255D3EF7}.Debug|Mixed Platforms.ActiveCfg = Debug|x86
		{11FD64F0-97C0-40B5-8AAA-1E56255D3EF7}.Debug|Mixed Platforms.Build.0 = Debug|x86
		{11FD64F0-97C0-40B5-8AAA-1E56255D3EF7}.Debug|x86.ActiveCfg = Debug|x86
		{11FD64F0-97C0-40B5-8AAA-1E56255D3EF7}.Debug|x86.Build.0 = Debug|x86
		{11FD64F0-97C0-40B5-8AAA-1E56255D3EF7}.Release|Any CPU.ActiveCfg = Release|x86
		{11FD64F0-97C0-40B5-8AAA-1E56255D3EF7}.Release|Mixed Platforms.ActiveCfg = Release|x86
		{11FD64F0-97C0-40B5-8AAA-1E56255D3EF7}.Release|Mixed Platforms.Build.0 = Release|x86
		{11FD64F0-97C0-40B5-8AAA-1E56255D3EF7}.Release|x86.ActiveCfg = Release|x86
		{11FD64F0-97C0-40B5-8AAA-1E56255D3EF7}.Release|x86.Build.0 = Release|x86
		{11FD64F0-97C0-40B5-8AAA-1E56255D3EF7}.Test|Any CPU.ActiveCfg = Release|x86
		{11FD64F0-97C0-40B5-8AAA-1E56255D3EF7}.Test|Mixed Platforms.ActiveCfg = Release|x86
		{11FD64F0-97C0-40B5-8AAA-1E56255D3EF7}.Test|Mixed Platforms.Build.0 = Release|x86
		{11FD64F0-97C0-40B5-8AAA-1E56255D3EF7}.Test|x86.ActiveCfg = Release|x86
		{11FD64F0-97C0-40B5-8AAA-1E56255D3EF7}.Test|x86.Build.0 = Release|x86
		{47B09A95-16F2-4B96-A9FE-4A96363442B0}.Debug|Any CPU.ActiveCfg = Debug|x86
		{47B09A95-16F2-4B96-A9FE-4A96363442B0}.Debug|Mixed Platforms.ActiveCfg = Debug|x86
		{47B09A95-16F2-4B96-A9FE-4A96363442B0}.Debug|Mixed Platforms.Build.0 = Debug|x86
		{47B09A95-16F2-4B96-A9FE-4A96363442B0}.Debug|x86.ActiveCfg = Debug|x86
		{47B09A95-16F2-4B96-A9FE-4A96363442B0}.Release|Any CPU.ActiveCfg = Release|x86
		{47B09A95-16F2-4B96-A9FE-4A96363442B0}.Release|Mixed Platforms.ActiveCfg = Release|x86
		{47B09A95-16F2-4B96-A9FE-4A96363442B0}.Release|Mixed Platforms.Build.0 = Release|x86
		{47B09A95-16F2-4B96-A9FE-4A96363442B0}.Release|x86.ActiveCfg = Release|x86
		{47B09A95-16F2-4B96-A9FE-4A96363442B0}.Test|Any CPU.ActiveCfg = Release|x86
		{47B09A95-16F2-4B96-A9FE-4A96363442B0}.Test|Mixed Platforms.ActiveCfg = Release|x86
		{47B09A95-16F2-4B96-A9FE-4A96363442B0}.Test|Mixed Platforms.Build.0 = Release|x86
		{47B09A95-16F2-4B96-A9FE-4A96363442B0}.Test|x86.ActiveCfg = Release|x86
		{47B09A95-16F2-4B96-A9FE-4A96363442B0}.Test|x86.Build.0 = Release|x86
		{9545C4C0-3AF9-49F4-811C-47334FEFDFFC}.Debug|Any CPU.ActiveCfg = Debug|x86
		{9545C4C0-3AF9-49F4-811C-47334FEFDFFC}.Debug|Mixed Platforms.ActiveCfg = Debug|x86
		{9545C4C0-3AF9-49F4-811C-47334FEFDFFC}.Debug|Mixed Platforms.Build.0 = Debug|x86
		{9545C4C0-3AF9-49F4-811C-47334FEFDFFC}.Debug|x86.ActiveCfg = Debug|x86
		{9545C4C0-3AF9-49F4-811C-47334FEFDFFC}.Debug|x86.Build.0 = Debug|x86
		{9545C4C0-3AF9-49F4-811C-47334FEFDFFC}.Release|Any CPU.ActiveCfg = Release|x86
		{9545C4C0-3AF9-49F4-811C-47334FEFDFFC}.Release|Mixed Platforms.ActiveCfg = Release|x86
		{9545C4C0-3AF9-49F4-811C-47334FEFDFFC}.Release|Mixed Platforms.Build.0 = Release|x86
		{9545C4C0-3AF9-49F4-811C-47334FEFDFFC}.Release|x86.ActiveCfg = Release|x86
		{9545C4C0-3AF9-49F4-811C-47334FEFDFFC}.Release|x86.Build.0 = Release|x86
		{9545C4C0-3AF9-49F4-811C-47334FEFDFFC}.Test|Any CPU.ActiveCfg = Release|x86
		{9545C4C0-3AF9-49F4-811C-47334FEFDFFC}.Test|Mixed Platforms.ActiveCfg = Release|x86
		{9545C4C0-3AF9-49F4-811C-47334FEFDFFC}.Test|Mixed Platforms.Build.0 = Release|x86
		{9545C4C0-3AF9-49F4-811C-47334FEFDFFC}.Test|x86.ActiveCfg = Release|x86
		{9545C4C0-3AF9-49F4-811C-47334FEFDFFC}.Test|x86.Build.0 = Release|x86
		{ECF060E7-CAA1-4466-851F-F80B857641EA}.Debug|Any CPU.ActiveCfg = Debug|x86
		{ECF060E7-CAA1-4466-851F-F80B857641EA}.Debug|Mixed Platforms.ActiveCfg = Debug|x86
		{ECF060E7-CAA1-4466-851F-F80B857641EA}.Debug|Mixed Platforms.Build.0 = Debug|x86
		{ECF060E7-CAA1-4466-851F-F80B857641EA}.Debug|x86.ActiveCfg = Debug|x86
		{ECF060E7-CAA1-4466-851F-F80B857641EA}.Debug|x86.Build.0 = Debug|x86
		{ECF060E7-CAA1-4466-851F-F80B857641EA}.Release|Any CPU.ActiveCfg = Release|x86
		{ECF060E7-CAA1-4466-851F-F80B857641EA}.Release|Mixed Platforms.ActiveCfg = Release|x86
		{ECF060E7-CAA1-4466-851F-F80B857641EA}.Release|Mixed Platforms.Build.0 = Release|x86
		{ECF060E7-CAA1-4466-851F-F80B857641EA}.Release|x86.ActiveCfg = Release|x86
		{ECF060E7-CAA1-4466-851F-F80B857641EA}.Release|x86.Build.0 = Release|x86
		{ECF060E7-CAA1-4466-851F-F80B857641EA}.Test|Any CPU.ActiveCfg = Release|x86
		{ECF060E7-CAA1-4466-851F-F80B857641EA}.Test|Mixed Platforms.ActiveCfg = Release|x86
		{ECF060E7-CAA1-4466-851F-F80B857641EA}.Test|Mixed Platforms.Build.0 = Release|x86
		{ECF060E7-CAA1-4466-851F-F80B857641EA}.Test|x86.ActiveCfg = Release|x86
		{ECF060E7-CAA1-4466-851F-F80B857641EA}.Test|x86.Build.0 = Release|x86
		{4FE7B8AE-1330-424A-91A1-C68D7ABF9CB8}.Debug|Any CPU.ActiveCfg = Debug|x86
		{4FE7B8AE-1330-424A-91A1-C68D7ABF9CB8}.Debug|Mixed Platforms.ActiveCfg = Debug|x86
		{4FE7B8AE-1330-424A-91A1-C68D7ABF9CB8}.Debug|Mixed Platforms.Build.0 = Debug|x86
		{4FE7B8AE-1330-424A-91A1-C68D7ABF9CB8}.Debug|x86.ActiveCfg = Debug|x86
		{4FE7B8AE-1330-424A-91A1-C68D7ABF9CB8}.Debug|x86.Build.0 = Debug|x86
		{4FE7B8AE-1330-424A-91A1-C68D7ABF9CB8}.Release|Any CPU.ActiveCfg = Release|x86
		{4FE7B8AE-1330-424A-91A1-C68D7ABF9CB8}.Release|Mixed Platforms.ActiveCfg = Release|x86
		{4FE7B8AE-1330-424A-91A1-C68D7ABF9CB8}.Release|Mixed Platforms.Build.0 = Release|x86
		{4FE7B8AE-1330-424A-91A1-C68D7ABF9CB8}.Release|x86.ActiveCfg = Release|x86
		{4FE7B8AE-1330-424A-91A1-C68D7ABF9CB8}.Release|x86.Build.0 = Release|x86
		{4FE7B8AE-1330-424A-91A1-C68D7ABF9CB8}.Test|Any CPU.ActiveCfg = Release|x86
		{4FE7B8AE-1330-424A-91A1-C68D7ABF9CB8}.Test|Mixed Platforms.ActiveCfg = Release|x86
		{4FE7B8AE-1330-424A-91A1-C68D7ABF9CB8}.Test|Mixed Platforms.Build.0 = Release|x86
		{4FE7B8AE-1330-424A-91A1-C68D7ABF9CB8}.Test|x86.ActiveCfg = Release|x86
		{4FE7B8AE-1330-424A-91A1-C68D7ABF9CB8}.Test|x86.Build.0 = Release|x86
		{347E1EC5-D40A-4A9A-A219-B0507A8A0D40}.Debug|Any CPU.ActiveCfg = Debug|x86
		{347E1EC5-D40A-4A9A-A219-B0507A8A0D40}.Debug|Mixed Platforms.ActiveCfg = Debug|x86
		{347E1EC5-D40A-4A9A-A219-B0507A8A0D40}.Debug|Mixed Platforms.Build.0 = Debug|x86
		{347E1EC5-D40A-4A9A-A219-B0507A8A0D40}.Debug|x86.ActiveCfg = Debug|x86
		{347E1EC5-D40A-4A9A-A219-B0507A8A0D40}.Debug|x86.Build.0 = Debug|x86
		{347E1EC5-D40A-4A9A-A219-B0507A8A0D40}.Release|Any CPU.ActiveCfg = Release|x86
		{347E1EC5-D40A-4A9A-A219-B0507A8A0D40}.Release|Mixed Platforms.ActiveCfg = Release|x86
		{347E1EC5-D40A-4A9A-A219-B0507A8A0D40}.Release|Mixed Platforms.Build.0 = Release|x86
		{347E1EC5-D40A-4A9A-A219-B0507A8A0D40}.Release|x86.ActiveCfg = Release|x86
		{347E1EC5-D40A-4A9A-A219-B0507A8A0D40}.Release|x86.Build.0 = Release|x86
		{347E1EC5-D40A-4A9A-A219-B0507A8A0D40}.Test|Any CPU.ActiveCfg = Release|x86
		{347E1EC5-D40A-4A9A-A219-B0507A8A0D40}.Test|Mixed Platforms.ActiveCfg = Release|x86
		{347E1EC5-D40A-4A9A-A219-B0507A8A0D40}.Test|Mixed Platforms.Build.0 = Release|x86
		{347E1EC5-D40A-4A9A-A219-B0507A8A0D40}.Test|x86.ActiveCfg = Release|x86
		{347E1EC5-D40A-4A9A-A219-B0507A8A0D40}.Test|x86.Build.0 = Release|x86
		{D810FE50-3D2D-4A23-8035-C471AF7366C7}.Debug|Any CPU.ActiveCfg = Debug|x86
		{D810FE50-3D2D-4A23-8035-C471AF7366C7}.Debug|Mixed Platforms.ActiveCfg = Debug|x86
		{D810FE50-3D2D-4A23-8035-C471AF7366C7}.Debug|Mixed Platforms.Build.0 = Debug|x86
		{D810FE50-3D2D-4A23-8035-C471AF7366C7}.Debug|x86.ActiveCfg = Debug|x86
		{D810FE50-3D2D-4A23-8035-C471AF7366C7}.Release|Any CPU.ActiveCfg = Release|x86
		{D810FE50-3D2D-4A23-8035-C471AF7366C7}.Release|Mixed Platforms.ActiveCfg = Release|x86
		{D810FE50-3D2D-4A23-8035-C471AF7366C7}.Release|Mixed Platforms.Build.0 = Release|x86
		{D810FE50-3D2D-4A23-8035-C471AF7366C7}.Release|x86.ActiveCfg = Release|x86
		{D810FE50-3D2D-4A23-8035-C471AF7366C7}.Test|Any CPU.ActiveCfg = Release|x86
		{D810FE50-3D2D-4A23-8035-C471AF7366C7}.Test|Mixed Platforms.ActiveCfg = Release|x86
		{D810FE50-3D2D-4A23-8035-C471AF7366C7}.Test|Mixed Platforms.Build.0 = Release|x86
		{D810FE50-3D2D-4A23-8035-C471AF7366C7}.Test|x86.ActiveCfg = Release|x86
		{D810FE50-3D2D-4A23-8035-C471AF7366C7}.Test|x86.Build.0 = Release|x86
		{0C708070-8102-4615-9B5F-2FCF652A4D13}.Debug|Any CPU.ActiveCfg = Debug|x86
		{0C708070-8102-4615-9B5F-2FCF652A4D13}.Debug|Mixed Platforms.ActiveCfg = Debug|x86
		{0C708070-8102-4615-9B5F-2FCF652A4D13}.Debug|Mixed Platforms.Build.0 = Debug|x86
		{0C708070-8102-4615-9B5F-2FCF652A4D13}.Debug|x86.ActiveCfg = Debug|x86
		{0C708070-8102-4615-9B5F-2FCF652A4D13}.Release|Any CPU.ActiveCfg = Release|x86
		{0C708070-8102-4615-9B5F-2FCF652A4D13}.Release|Mixed Platforms.ActiveCfg = Release|x86
		{0C708070-8102-4615-9B5F-2FCF652A4D13}.Release|Mixed Platforms.Build.0 = Release|x86
		{0C708070-8102-4615-9B5F-2FCF652A4D13}.Release|x86.ActiveCfg = Release|x86
		{0C708070-8102-4615-9B5F-2FCF652A4D13}.Test|Any CPU.ActiveCfg = Release|x86
		{0C708070-8102-4615-9B5F-2FCF652A4D13}.Test|Mixed Platforms.ActiveCfg = Release|x86
		{0C708070-8102-4615-9B5F-2FCF652A4D13}.Test|Mixed Platforms.Build.0 = Release|x86
		{0C708070-8102-4615-9B5F-2FCF652A4D13}.Test|x86.ActiveCfg = Release|x86
		{0C708070-8102-4615-9B5F-2FCF652A4D13}.Test|x86.Build.0 = Release|x86
		{7280C551-DCE2-46B7-943E-8C0D90CDC22C}.Debug|Any CPU.ActiveCfg = Debug|Any CPU
		{7280C551-DCE2-46B7-943E-8C0D90CDC22C}.Debug|Any CPU.Build.0 = Debug|Any CPU
		{7280C551-DCE2-46B7-943E-8C0D90CDC22C}.Debug|Mixed Platforms.ActiveCfg = Debug|x86
		{7280C551-DCE2-46B7-943E-8C0D90CDC22C}.Debug|Mixed Platforms.Build.0 = Debug|x86
		{7280C551-DCE2-46B7-943E-8C0D90CDC22C}.Debug|x86.ActiveCfg = Debug|x86
		{7280C551-DCE2-46B7-943E-8C0D90CDC22C}.Debug|x86.Build.0 = Debug|x86
		{7280C551-DCE2-46B7-943E-8C0D90CDC22C}.Release|Any CPU.ActiveCfg = Release|Any CPU
		{7280C551-DCE2-46B7-943E-8C0D90CDC22C}.Release|Any CPU.Build.0 = Release|Any CPU
		{7280C551-DCE2-46B7-943E-8C0D90CDC22C}.Release|Mixed Platforms.ActiveCfg = Release|x86
		{7280C551-DCE2-46B7-943E-8C0D90CDC22C}.Release|Mixed Platforms.Build.0 = Release|x86
		{7280C551-DCE2-46B7-943E-8C0D90CDC22C}.Release|x86.ActiveCfg = Release|x86
		{7280C551-DCE2-46B7-943E-8C0D90CDC22C}.Release|x86.Build.0 = Release|x86
		{7280C551-DCE2-46B7-943E-8C0D90CDC22C}.Test|Any CPU.ActiveCfg = Release|x86
		{7280C551-DCE2-46B7-943E-8C0D90CDC22C}.Test|Mixed Platforms.ActiveCfg = Release|x86
		{7280C551-DCE2-46B7-943E-8C0D90CDC22C}.Test|Mixed Platforms.Build.0 = Release|x86
		{7280C551-DCE2-46B7-943E-8C0D90CDC22C}.Test|x86.ActiveCfg = Release|x86
		{7280C551-DCE2-46B7-943E-8C0D90CDC22C}.Test|x86.Build.0 = Release|x86
		{6DECC1E8-9F06-4CAD-9059-6C523C8D322A}.Debug|Any CPU.ActiveCfg = Debug|Any CPU
		{6DECC1E8-9F06-4CAD-9059-6C523C8D322A}.Debug|Any CPU.Build.0 = Debug|Any CPU
		{6DECC1E8-9F06-4CAD-9059-6C523C8D322A}.Debug|Mixed Platforms.ActiveCfg = Debug|x86
		{6DECC1E8-9F06-4CAD-9059-6C523C8D322A}.Debug|Mixed Platforms.Build.0 = Debug|x86
		{6DECC1E8-9F06-4CAD-9059-6C523C8D322A}.Debug|x86.ActiveCfg = Debug|x86
		{6DECC1E8-9F06-4CAD-9059-6C523C8D322A}.Debug|x86.Build.0 = Debug|x86
		{6DECC1E8-9F06-4CAD-9059-6C523C8D322A}.Release|Any CPU.ActiveCfg = Release|Any CPU
		{6DECC1E8-9F06-4CAD-9059-6C523C8D322A}.Release|Any CPU.Build.0 = Release|Any CPU
		{6DECC1E8-9F06-4CAD-9059-6C523C8D322A}.Release|Mixed Platforms.ActiveCfg = Release|x86
		{6DECC1E8-9F06-4CAD-9059-6C523C8D322A}.Release|Mixed Platforms.Build.0 = Release|x86
		{6DECC1E8-9F06-4CAD-9059-6C523C8D322A}.Release|x86.ActiveCfg = Release|x86
		{6DECC1E8-9F06-4CAD-9059-6C523C8D322A}.Release|x86.Build.0 = Release|x86
		{6DECC1E8-9F06-4CAD-9059-6C523C8D322A}.Test|Any CPU.ActiveCfg = Release|x86
		{6DECC1E8-9F06-4CAD-9059-6C523C8D322A}.Test|Mixed Platforms.ActiveCfg = Release|x86
		{6DECC1E8-9F06-4CAD-9059-6C523C8D322A}.Test|Mixed Platforms.Build.0 = Release|x86
		{6DECC1E8-9F06-4CAD-9059-6C523C8D322A}.Test|x86.ActiveCfg = Release|x86
		{6DECC1E8-9F06-4CAD-9059-6C523C8D322A}.Test|x86.Build.0 = Release|x86
		{DBB95772-9A29-443D-A1B1-7A32E27F598B}.Debug|Any CPU.ActiveCfg = Debug|x86
		{DBB95772-9A29-443D-A1B1-7A32E27F598B}.Debug|Mixed Platforms.ActiveCfg = Debug|x86
		{DBB95772-9A29-443D-A1B1-7A32E27F598B}.Debug|Mixed Platforms.Build.0 = Debug|x86
		{DBB95772-9A29-443D-A1B1-7A32E27F598B}.Debug|x86.ActiveCfg = Debug|x86
		{DBB95772-9A29-443D-A1B1-7A32E27F598B}.Debug|x86.Build.0 = Debug|x86
		{DBB95772-9A29-443D-A1B1-7A32E27F598B}.Release|Any CPU.ActiveCfg = Release|x86
		{DBB95772-9A29-443D-A1B1-7A32E27F598B}.Release|Mixed Platforms.ActiveCfg = Release|x86
		{DBB95772-9A29-443D-A1B1-7A32E27F598B}.Release|Mixed Platforms.Build.0 = Release|x86
		{DBB95772-9A29-443D-A1B1-7A32E27F598B}.Release|x86.ActiveCfg = Release|x86
		{DBB95772-9A29-443D-A1B1-7A32E27F598B}.Release|x86.Build.0 = Release|x86
		{DBB95772-9A29-443D-A1B1-7A32E27F598B}.Test|Any CPU.ActiveCfg = Release|x86
		{DBB95772-9A29-443D-A1B1-7A32E27F598B}.Test|Mixed Platforms.ActiveCfg = Release|x86
		{DBB95772-9A29-443D-A1B1-7A32E27F598B}.Test|Mixed Platforms.Build.0 = Release|x86
		{DBB95772-9A29-443D-A1B1-7A32E27F598B}.Test|x86.ActiveCfg = Release|x86
		{DBB95772-9A29-443D-A1B1-7A32E27F598B}.Test|x86.Build.0 = Release|x86
		{1ECF13C5-DA3C-4142-B290-C9DD0AC55334}.Debug|Any CPU.ActiveCfg = Debug|x86
		{1ECF13C5-DA3C-4142-B290-C9DD0AC55334}.Debug|Mixed Platforms.ActiveCfg = Debug|x86
		{1ECF13C5-DA3C-4142-B290-C9DD0AC55334}.Debug|Mixed Platforms.Build.0 = Debug|x86
		{1ECF13C5-DA3C-4142-B290-C9DD0AC55334}.Debug|x86.ActiveCfg = Debug|x86
		{1ECF13C5-DA3C-4142-B290-C9DD0AC55334}.Debug|x86.Build.0 = Debug|x86
		{1ECF13C5-DA3C-4142-B290-C9DD0AC55334}.Release|Any CPU.ActiveCfg = Release|x86
		{1ECF13C5-DA3C-4142-B290-C9DD0AC55334}.Release|Mixed Platforms.ActiveCfg = Release|x86
		{1ECF13C5-DA3C-4142-B290-C9DD0AC55334}.Release|Mixed Platforms.Build.0 = Release|x86
		{1ECF13C5-DA3C-4142-B290-C9DD0AC55334}.Release|x86.ActiveCfg = Release|x86
		{1ECF13C5-DA3C-4142-B290-C9DD0AC55334}.Release|x86.Build.0 = Release|x86
		{1ECF13C5-DA3C-4142-B290-C9DD0AC55334}.Test|Any CPU.ActiveCfg = Release|x86
		{1ECF13C5-DA3C-4142-B290-C9DD0AC55334}.Test|Mixed Platforms.ActiveCfg = Release|x86
		{1ECF13C5-DA3C-4142-B290-C9DD0AC55334}.Test|Mixed Platforms.Build.0 = Release|x86
		{1ECF13C5-DA3C-4142-B290-C9DD0AC55334}.Test|x86.ActiveCfg = Release|x86
		{1ECF13C5-DA3C-4142-B290-C9DD0AC55334}.Test|x86.Build.0 = Release|x86
		{5B27EB95-B829-40F4-B445-0225CA206F85}.Debug|Any CPU.ActiveCfg = Debug|x86
		{5B27EB95-B829-40F4-B445-0225CA206F85}.Debug|Mixed Platforms.ActiveCfg = Debug|x86
		{5B27EB95-B829-40F4-B445-0225CA206F85}.Debug|Mixed Platforms.Build.0 = Debug|x86
		{5B27EB95-B829-40F4-B445-0225CA206F85}.Debug|x86.ActiveCfg = Debug|x86
		{5B27EB95-B829-40F4-B445-0225CA206F85}.Debug|x86.Build.0 = Debug|x86
		{5B27EB95-B829-40F4-B445-0225CA206F85}.Release|Any CPU.ActiveCfg = Release|x86
		{5B27EB95-B829-40F4-B445-0225CA206F85}.Release|Mixed Platforms.ActiveCfg = Release|x86
		{5B27EB95-B829-40F4-B445-0225CA206F85}.Release|Mixed Platforms.Build.0 = Release|x86
		{5B27EB95-B829-40F4-B445-0225CA206F85}.Release|x86.ActiveCfg = Release|x86
		{5B27EB95-B829-40F4-B445-0225CA206F85}.Release|x86.Build.0 = Release|x86
		{5B27EB95-B829-40F4-B445-0225CA206F85}.Test|Any CPU.ActiveCfg = Release|x86
		{5B27EB95-B829-40F4-B445-0225CA206F85}.Test|Mixed Platforms.ActiveCfg = Release|x86
		{5B27EB95-B829-40F4-B445-0225CA206F85}.Test|Mixed Platforms.Build.0 = Release|x86
		{5B27EB95-B829-40F4-B445-0225CA206F85}.Test|x86.ActiveCfg = Release|x86
		{5B27EB95-B829-40F4-B445-0225CA206F85}.Test|x86.Build.0 = Release|x86
		{B1C97BB7-8E27-4C1B-B086-A1204EF8FB79}.Debug|Any CPU.ActiveCfg = Debug|Any CPU
		{B1C97BB7-8E27-4C1B-B086-A1204EF8FB79}.Debug|Any CPU.Build.0 = Debug|Any CPU
		{B1C97BB7-8E27-4C1B-B086-A1204EF8FB79}.Debug|Mixed Platforms.ActiveCfg = Debug|Any CPU
		{B1C97BB7-8E27-4C1B-B086-A1204EF8FB79}.Debug|Mixed Platforms.Build.0 = Debug|Any CPU
		{B1C97BB7-8E27-4C1B-B086-A1204EF8FB79}.Debug|x86.ActiveCfg = Debug|x86
		{B1C97BB7-8E27-4C1B-B086-A1204EF8FB79}.Debug|x86.Build.0 = Debug|x86
		{B1C97BB7-8E27-4C1B-B086-A1204EF8FB79}.Release|Any CPU.ActiveCfg = Release|Any CPU
		{B1C97BB7-8E27-4C1B-B086-A1204EF8FB79}.Release|Any CPU.Build.0 = Release|Any CPU
		{B1C97BB7-8E27-4C1B-B086-A1204EF8FB79}.Release|Mixed Platforms.ActiveCfg = Release|Any CPU
		{B1C97BB7-8E27-4C1B-B086-A1204EF8FB79}.Release|Mixed Platforms.Build.0 = Release|Any CPU
		{B1C97BB7-8E27-4C1B-B086-A1204EF8FB79}.Release|x86.ActiveCfg = Release|x86
		{B1C97BB7-8E27-4C1B-B086-A1204EF8FB79}.Release|x86.Build.0 = Release|x86
		{B1C97BB7-8E27-4C1B-B086-A1204EF8FB79}.Test|Any CPU.ActiveCfg = Test|Any CPU
		{B1C97BB7-8E27-4C1B-B086-A1204EF8FB79}.Test|Any CPU.Build.0 = Test|Any CPU
		{B1C97BB7-8E27-4C1B-B086-A1204EF8FB79}.Test|Mixed Platforms.ActiveCfg = Test|Any CPU
		{B1C97BB7-8E27-4C1B-B086-A1204EF8FB79}.Test|Mixed Platforms.Build.0 = Test|Any CPU
		{B1C97BB7-8E27-4C1B-B086-A1204EF8FB79}.Test|x86.ActiveCfg = Test|Any CPU
		{455E7D70-1C85-4D7F-9F01-DC801B8B8C34}.Debug|Any CPU.ActiveCfg = Debug|Any CPU
		{455E7D70-1C85-4D7F-9F01-DC801B8B8C34}.Debug|Any CPU.Build.0 = Debug|Any CPU
		{455E7D70-1C85-4D7F-9F01-DC801B8B8C34}.Debug|Mixed Platforms.ActiveCfg = Debug|x86
		{455E7D70-1C85-4D7F-9F01-DC801B8B8C34}.Debug|Mixed Platforms.Build.0 = Debug|x86
		{455E7D70-1C85-4D7F-9F01-DC801B8B8C34}.Debug|x86.ActiveCfg = Debug|x86
		{455E7D70-1C85-4D7F-9F01-DC801B8B8C34}.Debug|x86.Build.0 = Debug|x86
		{455E7D70-1C85-4D7F-9F01-DC801B8B8C34}.Release|Any CPU.ActiveCfg = Release|Any CPU
		{455E7D70-1C85-4D7F-9F01-DC801B8B8C34}.Release|Any CPU.Build.0 = Release|Any CPU
		{455E7D70-1C85-4D7F-9F01-DC801B8B8C34}.Release|Mixed Platforms.ActiveCfg = Release|x86
		{455E7D70-1C85-4D7F-9F01-DC801B8B8C34}.Release|Mixed Platforms.Build.0 = Release|x86
		{455E7D70-1C85-4D7F-9F01-DC801B8B8C34}.Release|x86.ActiveCfg = Release|x86
		{455E7D70-1C85-4D7F-9F01-DC801B8B8C34}.Release|x86.Build.0 = Release|x86
		{455E7D70-1C85-4D7F-9F01-DC801B8B8C34}.Test|Any CPU.ActiveCfg = Test|Any CPU
		{455E7D70-1C85-4D7F-9F01-DC801B8B8C34}.Test|Any CPU.Build.0 = Test|Any CPU
		{455E7D70-1C85-4D7F-9F01-DC801B8B8C34}.Test|Mixed Platforms.ActiveCfg = Test|x86
		{455E7D70-1C85-4D7F-9F01-DC801B8B8C34}.Test|Mixed Platforms.Build.0 = Test|x86
		{455E7D70-1C85-4D7F-9F01-DC801B8B8C34}.Test|x86.ActiveCfg = Test|x86
		{455E7D70-1C85-4D7F-9F01-DC801B8B8C34}.Test|x86.Build.0 = Test|x86
		{6759DACE-15CD-4EB1-8337-8096F35EAEA3}.Debug|Any CPU.ActiveCfg = Debug|x86
		{6759DACE-15CD-4EB1-8337-8096F35EAEA3}.Debug|Mixed Platforms.ActiveCfg = Debug|x86
		{6759DACE-15CD-4EB1-8337-8096F35EAEA3}.Debug|Mixed Platforms.Build.0 = Debug|x86
		{6759DACE-15CD-4EB1-8337-8096F35EAEA3}.Debug|x86.ActiveCfg = Debug|x86
		{6759DACE-15CD-4EB1-8337-8096F35EAEA3}.Debug|x86.Build.0 = Debug|x86
		{6759DACE-15CD-4EB1-8337-8096F35EAEA3}.Release|Any CPU.ActiveCfg = Release|x86
		{6759DACE-15CD-4EB1-8337-8096F35EAEA3}.Release|Mixed Platforms.ActiveCfg = Release|x86
		{6759DACE-15CD-4EB1-8337-8096F35EAEA3}.Release|Mixed Platforms.Build.0 = Release|x86
		{6759DACE-15CD-4EB1-8337-8096F35EAEA3}.Release|x86.ActiveCfg = Release|x86
		{6759DACE-15CD-4EB1-8337-8096F35EAEA3}.Release|x86.Build.0 = Release|x86
		{6759DACE-15CD-4EB1-8337-8096F35EAEA3}.Test|Any CPU.ActiveCfg = Release|x86
		{6759DACE-15CD-4EB1-8337-8096F35EAEA3}.Test|Mixed Platforms.ActiveCfg = Release|x86
		{6759DACE-15CD-4EB1-8337-8096F35EAEA3}.Test|Mixed Platforms.Build.0 = Release|x86
		{6759DACE-15CD-4EB1-8337-8096F35EAEA3}.Test|x86.ActiveCfg = Release|x86
		{6759DACE-15CD-4EB1-8337-8096F35EAEA3}.Test|x86.Build.0 = Release|x86
	EndGlobalSection
	GlobalSection(SolutionProperties) = preSolution
		HideSolutionNode = FALSE
	EndGlobalSection
	GlobalSection(NestedProjects) = preSolution
		{6834C0AF-FCE6-4998-8DCC-F9E08F52E0D7} = {26B21F24-5C09-4F49-ABE3-C1B3F9059D2B}
		{1B4741DC-78EA-4D93-8EED-00CB9617AD2F} = {26B21F24-5C09-4F49-ABE3-C1B3F9059D2B}
		{985FB6BC-696C-4D4E-8E63-0A4E45CFE32D} = {26B21F24-5C09-4F49-ABE3-C1B3F9059D2B}
		{1ECF13C5-DA3C-4142-B290-C9DD0AC55334} = {26B21F24-5C09-4F49-ABE3-C1B3F9059D2B}
		{9545C4C0-3AF9-49F4-811C-47334FEFDFFC} = {843A0AD1-33FC-4952-9465-B5E79C2C67D1}
		{ECF060E7-CAA1-4466-851F-F80B857641EA} = {843A0AD1-33FC-4952-9465-B5E79C2C67D1}
		{4FE7B8AE-1330-424A-91A1-C68D7ABF9CB8} = {843A0AD1-33FC-4952-9465-B5E79C2C67D1}
		{5B27EB95-B829-40F4-B445-0225CA206F85} = {843A0AD1-33FC-4952-9465-B5E79C2C67D1}
		{B1C97BB7-8E27-4C1B-B086-A1204EF8FB79} = {843A0AD1-33FC-4952-9465-B5E79C2C67D1}
		{455E7D70-1C85-4D7F-9F01-DC801B8B8C34} = {843A0AD1-33FC-4952-9465-B5E79C2C67D1}
		{DBB95772-9A29-443D-A1B1-7A32E27F598B} = {23FE1AB5-FA54-4863-8E01-871B3A969E71}
		{000C12A6-9734-4ACB-99E9-D3F726C5858F} = {1B4741DC-78EA-4D93-8EED-00CB9617AD2F}
		{11FD64F0-97C0-40B5-8AAA-1E56255D3EF7} = {1B4741DC-78EA-4D93-8EED-00CB9617AD2F}
		{47B09A95-16F2-4B96-A9FE-4A96363442B0} = {1B4741DC-78EA-4D93-8EED-00CB9617AD2F}
		{7280C551-DCE2-46B7-943E-8C0D90CDC22C} = {1B4741DC-78EA-4D93-8EED-00CB9617AD2F}
		{6DECC1E8-9F06-4CAD-9059-6C523C8D322A} = {1B4741DC-78EA-4D93-8EED-00CB9617AD2F}
		{347E1EC5-D40A-4A9A-A219-B0507A8A0D40} = {985FB6BC-696C-4D4E-8E63-0A4E45CFE32D}
		{D810FE50-3D2D-4A23-8035-C471AF7366C7} = {985FB6BC-696C-4D4E-8E63-0A4E45CFE32D}
		{0C708070-8102-4615-9B5F-2FCF652A4D13} = {985FB6BC-696C-4D4E-8E63-0A4E45CFE32D}
		{9F6AECB3-1AB7-4348-8E97-563BCB392DB2} = {E6118C44-7DD3-49C6-B39E-FF148ACC9DFC}
		{6759DACE-15CD-4EB1-8337-8096F35EAEA3} = {9F6AECB3-1AB7-4348-8E97-563BCB392DB2}
	EndGlobalSection
EndGlobal
