Microsoft Visual Studio Solution File, Format Version 10.00
# Visual Studio 2008
Project("{2150E333-8FDC-42A3-9474-1A3956D46DE8}") = "Media", "Media", "{26B21F24-5C09-4F49-ABE3-C1B3F9059D2B}"
EndProject
Project("{2150E333-8FDC-42A3-9474-1A3956D46DE8}") = "System", "System", "{843A0AD1-33FC-4952-9465-B5E79C2C67D1}"
EndProject
Project("{2150E333-8FDC-42A3-9474-1A3956D46DE8}") = "UI", "UI", "{5B0609A9-F3B5-41F8-81A5-3CE327A4ECD7}"
EndProject
Project("{FAE04EC0-301F-11D3-BF4B-00C04F79EFBC}") = "MediaPortal.Client", "Main\MediaPortal.Client\MediaPortal.Client.csproj", "{53EFA17B-5F8B-4942-8211-2015FFC2223C}"
EndProject
Project("{2150E333-8FDC-42A3-9474-1A3956D46DE8}") = "Main", "Main", "{23FE1AB5-FA54-4863-8E01-871B3A969E71}"
EndProject
Project("{FAE04EC0-301F-11D3-BF4B-00C04F79EFBC}") = "AutoPlay", "Media\AutoPlay\AutoPlay.csproj", "{4E73672B-B668-4153-A6F2-0F45B5C3724B}"
EndProject
Project("{2150E333-8FDC-42A3-9474-1A3956D46DE8}") = "MetadataExtractors", "MetadataExtractors", "{1B4741DC-78EA-4D93-8EED-00CB9617AD2F}"
EndProject
Project("{FAE04EC0-301F-11D3-BF4B-00C04F79EFBC}") = "MovieMetadataExtractor", "Media\MetadataExtractors\MovieMetadataExtractor\MovieMetadataExtractor.csproj", "{000C12A6-9734-4ACB-99E9-D3F726C5858F}"
EndProject
Project("{FAE04EC0-301F-11D3-BF4B-00C04F79EFBC}") = "MusicMetadataExtractor", "Media\MetadataExtractors\MusicMetadataExtractor\MusicMetadataExtractor.csproj", "{11FD64F0-97C0-40B5-8AAA-1E56255D3EF7}"
EndProject
Project("{FAE04EC0-301F-11D3-BF4B-00C04F79EFBC}") = "PictureMetadataExtractor", "Media\MetadataExtractors\PictureMetadataExtractor\PictureMetadataExtractor.csproj", "{47B09A95-16F2-4B96-A9FE-4A96363442B0}"
EndProject
Project("{2150E333-8FDC-42A3-9474-1A3956D46DE8}") = "MediaProviders", "MediaProviders", "{985FB6BC-696C-4D4E-8E63-0A4E45CFE32D}"
EndProject
Project("{FAE04EC0-301F-11D3-BF4B-00C04F79EFBC}") = "ConfigurationManager", "System\Configuration.Framework\ConfigurationManager.csproj", "{9545C4C0-3AF9-49F4-811C-47334FEFDFFC}"
EndProject
Project("{FAE04EC0-301F-11D3-BF4B-00C04F79EFBC}") = "MediaPortal.Core", "System\MediaPortal.Core\MediaPortal.Core.csproj", "{ECF060E7-CAA1-4466-851F-F80B857641EA}"
EndProject
Project("{FAE04EC0-301F-11D3-BF4B-00C04F79EFBC}") = "MediaPortal.Utilities", "System\MediaPortal.Utilities\MediaPortal.Utilities.csproj", "{4FE7B8AE-1330-424A-91A1-C68D7ABF9CB8}"
EndProject
Project("{FAE04EC0-301F-11D3-BF4B-00C04F79EFBC}") = "SkinEngine", "UI\SkinEngine\SkinEngine.csproj", "{7E943389-3589-40C9-B481-2E223554CC49}"
EndProject
Project("{2150E333-8FDC-42A3-9474-1A3956D46DE8}") = "UiComponents", "UiComponents", "{E9A798FE-B9A8-49CE-B13C-30B08C065026}"
EndProject
Project("{FAE04EC0-301F-11D3-BF4B-00C04F79EFBC}") = "Login", "UI\UiComponents\Login\Login.csproj", "{F5A200C6-3E9C-4367-9950-E4F5A04FC0A5}"
EndProject
Project("{FAE04EC0-301F-11D3-BF4B-00C04F79EFBC}") = "Media", "UI\UiComponents\Media\Media.csproj", "{CD37E2FF-4CF7-4F96-8C73-C6764988D408}"
EndProject
Project("{FAE04EC0-301F-11D3-BF4B-00C04F79EFBC}") = "Settings", "UI\UiComponents\Settings\Settings.csproj", "{F3ADA862-5671-49DC-B04A-2975221603CF}"
EndProject
Project("{FAE04EC0-301F-11D3-BF4B-00C04F79EFBC}") = "Weather", "UI\UiComponents\Weather\Weather.csproj", "{E618785B-A7E1-4E70-A8F3-DB22F93B9088}"
EndProject
Project("{FAE04EC0-301F-11D3-BF4B-00C04F79EFBC}") = "BassPlayer", "UI\Players\BassPlayer\BassPlayer.csproj", "{1A980621-B711-4235-B98C-C4276D6FA9FD}"
EndProject
Project("{2150E333-8FDC-42A3-9474-1A3956D46DE8}") = "Players", "Players", "{6419E9F7-0103-4AAE-B8D2-268893EB15D6}"
EndProject
Project("{FAE04EC0-301F-11D3-BF4B-00C04F79EFBC}") = "PicturePlayer", "UI\Players\PicturePlayer\PicturePlayer.csproj", "{02B2052E-4AE2-41C0-81D7-73A250C9399D}"
EndProject
Project("{FAE04EC0-301F-11D3-BF4B-00C04F79EFBC}") = "ClientMediaManager", "Media\ClientMediaManager\ClientMediaManager.csproj", "{624C9A4F-AAD6-4A34-B48B-15EC9226AA1D}"
EndProject
Project("{FAE04EC0-301F-11D3-BF4B-00C04F79EFBC}") = "LocalFsMediaProvider", "Media\MediaProviders\LocalFsMediaProvider\LocalFsMediaProvider.csproj", "{347E1EC5-D40A-4A9A-A219-B0507A8A0D40}"
EndProject
Project("{FAE04EC0-301F-11D3-BF4B-00C04F79EFBC}") = "UPnPProvider", "Media\MediaProviders\UPnPProvider\UPnPProvider.csproj", "{D810FE50-3D2D-4A23-8035-C471AF7366C7}"
EndProject
Project("{FAE04EC0-301F-11D3-BF4B-00C04F79EFBC}") = "CueProvider", "Media\MediaProviders\CueProvider\CueProvider.csproj", "{0C708070-8102-4615-9B5F-2FCF652A4D13}"
EndProject
Project("{FAE04EC0-301F-11D3-BF4B-00C04F79EFBC}") = "VideoPlayers", "UI\Players\VideoPlayer\VideoPlayers.csproj", "{ED9A8A29-91DD-4B21-8CB8-A8B0F3EFF61C}"
EndProject
Project("{FAE04EC0-301F-11D3-BF4B-00C04F79EFBC}") = "SkinBase", "UI\UiComponents\SkinBase\SkinBase.csproj", "{4EFED5BE-2F6A-4944-BB96-053D5945BA1F}"
EndProject
Project("{FAE04EC0-301F-11D3-BF4B-00C04F79EFBC}") = "MediaPortal.UI", "System\MediaPortal.UI\MediaPortal.UI.csproj", "{52E587D0-A274-44DA-8846-8EEAF5414923}"
EndProject
Project("{FAE04EC0-301F-11D3-BF4B-00C04F79EFBC}") = "Configuration", "UI\UiComponents\Configuration\Configuration.csproj", "{9665887D-BEBF-4051-9151-7F189356682C}"
EndProject
Project("{FAE04EC0-301F-11D3-BF4B-00C04F79EFBC}") = "MediaInfoPlugin", "Media\MetadataExtractors\MediaInfoPlugin\MediaInfoPlugin.csproj", "{7280C551-DCE2-46B7-943E-8C0D90CDC22C}"
EndProject
Project("{FAE04EC0-301F-11D3-BF4B-00C04F79EFBC}") = "TagLibPlugin", "Media\MetadataExtractors\TagLibPlugin\TagLibPlugin.csproj", "{6DECC1E8-9F06-4CAD-9059-6C523C8D322A}"
EndProject
Project("{FAE04EC0-301F-11D3-BF4B-00C04F79EFBC}") = "IrInput", "UI\UiComponents\IrInput\IrInput.csproj", "{EE24ACB8-4306-41BB-B59A-F134FBC7A9A1}"
EndProject
Project("{FAE04EC0-301F-11D3-BF4B-00C04F79EFBC}") = "BassLibraries", "Media\BassLibraries\BassLibraries.csproj", "{B186C33C-7DC6-4F6B-911D-B8D3C6482C39}"
EndProject
Project("{FAE04EC0-301F-11D3-BF4B-00C04F79EFBC}") = "UPnP", "System\UPnP\UPnP.csproj", "{455E7D70-1C85-4D7F-9F01-DC801B8B8C34}"
EndProject
Project("{FAE04EC0-301F-11D3-BF4B-00C04F79EFBC}") = "HttpServer", "System\HttpServer\HttpServer.csproj", "{B1C97BB7-8E27-4C1B-B086-A1204EF8FB79}"
EndProject
Global
	GlobalSection(SolutionConfigurationPlatforms) = preSolution
		Debug|x86 = Debug|x86
		Release|x86 = Release|x86
	EndGlobalSection
	GlobalSection(ProjectConfigurationPlatforms) = postSolution
		{53EFA17B-5F8B-4942-8211-2015FFC2223C}.Debug|x86.ActiveCfg = Debug|x86
		{53EFA17B-5F8B-4942-8211-2015FFC2223C}.Debug|x86.Build.0 = Debug|x86
		{53EFA17B-5F8B-4942-8211-2015FFC2223C}.Release|x86.ActiveCfg = Release|x86
		{53EFA17B-5F8B-4942-8211-2015FFC2223C}.Release|x86.Build.0 = Release|x86
		{4E73672B-B668-4153-A6F2-0F45B5C3724B}.Debug|x86.ActiveCfg = Debug|x86
		{4E73672B-B668-4153-A6F2-0F45B5C3724B}.Release|x86.ActiveCfg = Release|x86
		{000C12A6-9734-4ACB-99E9-D3F726C5858F}.Debug|x86.ActiveCfg = Debug|x86
		{000C12A6-9734-4ACB-99E9-D3F726C5858F}.Debug|x86.Build.0 = Debug|x86
		{000C12A6-9734-4ACB-99E9-D3F726C5858F}.Release|x86.ActiveCfg = Release|x86
		{000C12A6-9734-4ACB-99E9-D3F726C5858F}.Release|x86.Build.0 = Release|x86
		{11FD64F0-97C0-40B5-8AAA-1E56255D3EF7}.Debug|x86.ActiveCfg = Debug|x86
		{11FD64F0-97C0-40B5-8AAA-1E56255D3EF7}.Debug|x86.Build.0 = Debug|x86
		{11FD64F0-97C0-40B5-8AAA-1E56255D3EF7}.Release|x86.ActiveCfg = Release|x86
		{11FD64F0-97C0-40B5-8AAA-1E56255D3EF7}.Release|x86.Build.0 = Release|x86
		{47B09A95-16F2-4B96-A9FE-4A96363442B0}.Debug|x86.ActiveCfg = Debug|x86
		{47B09A95-16F2-4B96-A9FE-4A96363442B0}.Release|x86.ActiveCfg = Release|x86
		{9545C4C0-3AF9-49F4-811C-47334FEFDFFC}.Debug|x86.ActiveCfg = Debug|x86
		{9545C4C0-3AF9-49F4-811C-47334FEFDFFC}.Debug|x86.Build.0 = Debug|x86
		{9545C4C0-3AF9-49F4-811C-47334FEFDFFC}.Release|x86.ActiveCfg = Release|x86
		{9545C4C0-3AF9-49F4-811C-47334FEFDFFC}.Release|x86.Build.0 = Release|x86
		{ECF060E7-CAA1-4466-851F-F80B857641EA}.Debug|x86.ActiveCfg = Debug|x86
		{ECF060E7-CAA1-4466-851F-F80B857641EA}.Debug|x86.Build.0 = Debug|x86
		{ECF060E7-CAA1-4466-851F-F80B857641EA}.Release|x86.ActiveCfg = Release|x86
		{ECF060E7-CAA1-4466-851F-F80B857641EA}.Release|x86.Build.0 = Release|x86
		{4FE7B8AE-1330-424A-91A1-C68D7ABF9CB8}.Debug|x86.ActiveCfg = Debug|x86
		{4FE7B8AE-1330-424A-91A1-C68D7ABF9CB8}.Debug|x86.Build.0 = Debug|x86
		{4FE7B8AE-1330-424A-91A1-C68D7ABF9CB8}.Release|x86.ActiveCfg = Release|x86
		{4FE7B8AE-1330-424A-91A1-C68D7ABF9CB8}.Release|x86.Build.0 = Release|x86
		{7E943389-3589-40C9-B481-2E223554CC49}.Debug|x86.ActiveCfg = Debug|x86
		{7E943389-3589-40C9-B481-2E223554CC49}.Debug|x86.Build.0 = Debug|x86
		{7E943389-3589-40C9-B481-2E223554CC49}.Release|x86.ActiveCfg = Release|x86
		{7E943389-3589-40C9-B481-2E223554CC49}.Release|x86.Build.0 = Release|x86
		{F5A200C6-3E9C-4367-9950-E4F5A04FC0A5}.Debug|x86.ActiveCfg = Debug|x86
		{F5A200C6-3E9C-4367-9950-E4F5A04FC0A5}.Release|x86.ActiveCfg = Release|x86
		{CD37E2FF-4CF7-4F96-8C73-C6764988D408}.Debug|x86.ActiveCfg = Debug|x86
		{CD37E2FF-4CF7-4F96-8C73-C6764988D408}.Debug|x86.Build.0 = Debug|x86
		{CD37E2FF-4CF7-4F96-8C73-C6764988D408}.Release|x86.ActiveCfg = Release|x86
		{CD37E2FF-4CF7-4F96-8C73-C6764988D408}.Release|x86.Build.0 = Release|x86
		{F3ADA862-5671-49DC-B04A-2975221603CF}.Debug|x86.ActiveCfg = Debug|x86
		{F3ADA862-5671-49DC-B04A-2975221603CF}.Release|x86.ActiveCfg = Release|x86
		{E618785B-A7E1-4E70-A8F3-DB22F93B9088}.Debug|x86.ActiveCfg = Debug|x86
		{E618785B-A7E1-4E70-A8F3-DB22F93B9088}.Release|x86.ActiveCfg = Release|x86
		{1A980621-B711-4235-B98C-C4276D6FA9FD}.Debug|x86.ActiveCfg = Debug|x86
		{1A980621-B711-4235-B98C-C4276D6FA9FD}.Release|x86.ActiveCfg = Release|x86
		{02B2052E-4AE2-41C0-81D7-73A250C9399D}.Debug|x86.ActiveCfg = Debug|x86
		{02B2052E-4AE2-41C0-81D7-73A250C9399D}.Release|x86.ActiveCfg = Release|x86
		{624C9A4F-AAD6-4A34-B48B-15EC9226AA1D}.Debug|x86.ActiveCfg = Debug|x86
		{624C9A4F-AAD6-4A34-B48B-15EC9226AA1D}.Debug|x86.Build.0 = Debug|x86
		{624C9A4F-AAD6-4A34-B48B-15EC9226AA1D}.Release|x86.ActiveCfg = Release|x86
		{624C9A4F-AAD6-4A34-B48B-15EC9226AA1D}.Release|x86.Build.0 = Release|x86
		{347E1EC5-D40A-4A9A-A219-B0507A8A0D40}.Debug|x86.ActiveCfg = Debug|x86
		{347E1EC5-D40A-4A9A-A219-B0507A8A0D40}.Debug|x86.Build.0 = Debug|x86
		{347E1EC5-D40A-4A9A-A219-B0507A8A0D40}.Release|x86.ActiveCfg = Release|x86
		{347E1EC5-D40A-4A9A-A219-B0507A8A0D40}.Release|x86.Build.0 = Release|x86
		{D810FE50-3D2D-4A23-8035-C471AF7366C7}.Debug|x86.ActiveCfg = Debug|x86
		{D810FE50-3D2D-4A23-8035-C471AF7366C7}.Release|x86.ActiveCfg = Release|x86
		{0C708070-8102-4615-9B5F-2FCF652A4D13}.Debug|x86.ActiveCfg = Debug|x86
		{0C708070-8102-4615-9B5F-2FCF652A4D13}.Release|x86.ActiveCfg = Release|x86
		{ED9A8A29-91DD-4B21-8CB8-A8B0F3EFF61C}.Debug|x86.ActiveCfg = Debug|x86
		{ED9A8A29-91DD-4B21-8CB8-A8B0F3EFF61C}.Debug|x86.Build.0 = Debug|x86
		{ED9A8A29-91DD-4B21-8CB8-A8B0F3EFF61C}.Release|x86.ActiveCfg = Release|x86
		{ED9A8A29-91DD-4B21-8CB8-A8B0F3EFF61C}.Release|x86.Build.0 = Release|x86
		{4EFED5BE-2F6A-4944-BB96-053D5945BA1F}.Debug|x86.ActiveCfg = Debug|x86
		{4EFED5BE-2F6A-4944-BB96-053D5945BA1F}.Debug|x86.Build.0 = Debug|x86
		{4EFED5BE-2F6A-4944-BB96-053D5945BA1F}.Release|x86.ActiveCfg = Release|x86
		{4EFED5BE-2F6A-4944-BB96-053D5945BA1F}.Release|x86.Build.0 = Release|x86
		{52E587D0-A274-44DA-8846-8EEAF5414923}.Debug|x86.ActiveCfg = Debug|x86
		{52E587D0-A274-44DA-8846-8EEAF5414923}.Debug|x86.Build.0 = Debug|x86
		{52E587D0-A274-44DA-8846-8EEAF5414923}.Release|x86.ActiveCfg = Release|x86
		{52E587D0-A274-44DA-8846-8EEAF5414923}.Release|x86.Build.0 = Release|x86
		{9665887D-BEBF-4051-9151-7F189356682C}.Debug|x86.ActiveCfg = Debug|x86
		{9665887D-BEBF-4051-9151-7F189356682C}.Debug|x86.Build.0 = Debug|x86
		{9665887D-BEBF-4051-9151-7F189356682C}.Release|x86.ActiveCfg = Release|x86
		{9665887D-BEBF-4051-9151-7F189356682C}.Release|x86.Build.0 = Release|x86
		{7280C551-DCE2-46B7-943E-8C0D90CDC22C}.Debug|x86.ActiveCfg = Debug|x86
		{7280C551-DCE2-46B7-943E-8C0D90CDC22C}.Debug|x86.Build.0 = Debug|x86
		{7280C551-DCE2-46B7-943E-8C0D90CDC22C}.Release|x86.ActiveCfg = Release|x86
		{7280C551-DCE2-46B7-943E-8C0D90CDC22C}.Release|x86.Build.0 = Release|x86
		{6DECC1E8-9F06-4CAD-9059-6C523C8D322A}.Debug|x86.ActiveCfg = Debug|x86
		{6DECC1E8-9F06-4CAD-9059-6C523C8D322A}.Debug|x86.Build.0 = Debug|x86
		{6DECC1E8-9F06-4CAD-9059-6C523C8D322A}.Release|x86.ActiveCfg = Release|x86
		{6DECC1E8-9F06-4CAD-9059-6C523C8D322A}.Release|x86.Build.0 = Release|x86
		{EE24ACB8-4306-41BB-B59A-F134FBC7A9A1}.Debug|x86.ActiveCfg = Debug|x86
		{EE24ACB8-4306-41BB-B59A-F134FBC7A9A1}.Release|x86.ActiveCfg = Release|x86
		{B186C33C-7DC6-4F6B-911D-B8D3C6482C39}.Debug|x86.ActiveCfg = Debug|x86
		{B186C33C-7DC6-4F6B-911D-B8D3C6482C39}.Debug|x86.Build.0 = Debug|x86
		{B186C33C-7DC6-4F6B-911D-B8D3C6482C39}.Release|x86.ActiveCfg = Release|x86
		{B186C33C-7DC6-4F6B-911D-B8D3C6482C39}.Release|x86.Build.0 = Release|x86
		{455E7D70-1C85-4D7F-9F01-DC801B8B8C34}.Debug|x86.ActiveCfg = Debug|x86
		{455E7D70-1C85-4D7F-9F01-DC801B8B8C34}.Debug|x86.Build.0 = Debug|x86
		{455E7D70-1C85-4D7F-9F01-DC801B8B8C34}.Release|x86.ActiveCfg = Release|x86
		{455E7D70-1C85-4D7F-9F01-DC801B8B8C34}.Release|x86.Build.0 = Release|x86
		{B1C97BB7-8E27-4C1B-B086-A1204EF8FB79}.Debug|x86.ActiveCfg = Debug|x86
		{B1C97BB7-8E27-4C1B-B086-A1204EF8FB79}.Debug|x86.Build.0 = Debug|x86
		{B1C97BB7-8E27-4C1B-B086-A1204EF8FB79}.Release|x86.ActiveCfg = Release|x86
		{B1C97BB7-8E27-4C1B-B086-A1204EF8FB79}.Release|x86.Build.0 = Release|x86
	EndGlobalSection
	GlobalSection(SolutionProperties) = preSolution
		HideSolutionNode = FALSE
	EndGlobalSection
	GlobalSection(NestedProjects) = preSolution
		{4E73672B-B668-4153-A6F2-0F45B5C3724B} = {26B21F24-5C09-4F49-ABE3-C1B3F9059D2B}
		{1B4741DC-78EA-4D93-8EED-00CB9617AD2F} = {26B21F24-5C09-4F49-ABE3-C1B3F9059D2B}
		{985FB6BC-696C-4D4E-8E63-0A4E45CFE32D} = {26B21F24-5C09-4F49-ABE3-C1B3F9059D2B}
		{624C9A4F-AAD6-4A34-B48B-15EC9226AA1D} = {26B21F24-5C09-4F49-ABE3-C1B3F9059D2B}
		{B186C33C-7DC6-4F6B-911D-B8D3C6482C39} = {26B21F24-5C09-4F49-ABE3-C1B3F9059D2B}
		{9545C4C0-3AF9-49F4-811C-47334FEFDFFC} = {843A0AD1-33FC-4952-9465-B5E79C2C67D1}
		{ECF060E7-CAA1-4466-851F-F80B857641EA} = {843A0AD1-33FC-4952-9465-B5E79C2C67D1}
		{4FE7B8AE-1330-424A-91A1-C68D7ABF9CB8} = {843A0AD1-33FC-4952-9465-B5E79C2C67D1}
		{52E587D0-A274-44DA-8846-8EEAF5414923} = {843A0AD1-33FC-4952-9465-B5E79C2C67D1}
		{455E7D70-1C85-4D7F-9F01-DC801B8B8C34} = {843A0AD1-33FC-4952-9465-B5E79C2C67D1}
		{B1C97BB7-8E27-4C1B-B086-A1204EF8FB79} = {843A0AD1-33FC-4952-9465-B5E79C2C67D1}
		{7E943389-3589-40C9-B481-2E223554CC49} = {5B0609A9-F3B5-41F8-81A5-3CE327A4ECD7}
		{E9A798FE-B9A8-49CE-B13C-30B08C065026} = {5B0609A9-F3B5-41F8-81A5-3CE327A4ECD7}
		{6419E9F7-0103-4AAE-B8D2-268893EB15D6} = {5B0609A9-F3B5-41F8-81A5-3CE327A4ECD7}
		{53EFA17B-5F8B-4942-8211-2015FFC2223C} = {23FE1AB5-FA54-4863-8E01-871B3A969E71}
		{000C12A6-9734-4ACB-99E9-D3F726C5858F} = {1B4741DC-78EA-4D93-8EED-00CB9617AD2F}
		{11FD64F0-97C0-40B5-8AAA-1E56255D3EF7} = {1B4741DC-78EA-4D93-8EED-00CB9617AD2F}
		{47B09A95-16F2-4B96-A9FE-4A96363442B0} = {1B4741DC-78EA-4D93-8EED-00CB9617AD2F}
		{7280C551-DCE2-46B7-943E-8C0D90CDC22C} = {1B4741DC-78EA-4D93-8EED-00CB9617AD2F}
		{6DECC1E8-9F06-4CAD-9059-6C523C8D322A} = {1B4741DC-78EA-4D93-8EED-00CB9617AD2F}
		{347E1EC5-D40A-4A9A-A219-B0507A8A0D40} = {985FB6BC-696C-4D4E-8E63-0A4E45CFE32D}
		{D810FE50-3D2D-4A23-8035-C471AF7366C7} = {985FB6BC-696C-4D4E-8E63-0A4E45CFE32D}
		{0C708070-8102-4615-9B5F-2FCF652A4D13} = {985FB6BC-696C-4D4E-8E63-0A4E45CFE32D}
		{F5A200C6-3E9C-4367-9950-E4F5A04FC0A5} = {E9A798FE-B9A8-49CE-B13C-30B08C065026}
		{CD37E2FF-4CF7-4F96-8C73-C6764988D408} = {E9A798FE-B9A8-49CE-B13C-30B08C065026}
		{F3ADA862-5671-49DC-B04A-2975221603CF} = {E9A798FE-B9A8-49CE-B13C-30B08C065026}
		{E618785B-A7E1-4E70-A8F3-DB22F93B9088} = {E9A798FE-B9A8-49CE-B13C-30B08C065026}
		{4EFED5BE-2F6A-4944-BB96-053D5945BA1F} = {E9A798FE-B9A8-49CE-B13C-30B08C065026}
		{9665887D-BEBF-4051-9151-7F189356682C} = {E9A798FE-B9A8-49CE-B13C-30B08C065026}
		{EE24ACB8-4306-41BB-B59A-F134FBC7A9A1} = {E9A798FE-B9A8-49CE-B13C-30B08C065026}
		{1A980621-B711-4235-B98C-C4276D6FA9FD} = {6419E9F7-0103-4AAE-B8D2-268893EB15D6}
		{02B2052E-4AE2-41C0-81D7-73A250C9399D} = {6419E9F7-0103-4AAE-B8D2-268893EB15D6}
		{ED9A8A29-91DD-4B21-8CB8-A8B0F3EFF61C} = {6419E9F7-0103-4AAE-B8D2-268893EB15D6}
	EndGlobalSection
EndGlobal
