Microsoft Visual Studio Solution File, Format Version 10.00
# Visual Studio 2008
Project("{2150E333-8FDC-42A3-9474-1A3956D46DE8}") = "Media", "Media", "{26B21F24-5C09-4F49-ABE3-C1B3F9059D2B}"
EndProject
Project("{2150E333-8FDC-42A3-9474-1A3956D46DE8}") = "System", "System", "{843A0AD1-33FC-4952-9465-B5E79C2C67D1}"
EndProject
Project("{2150E333-8FDC-42A3-9474-1A3956D46DE8}") = "UI", "UI", "{5B0609A9-F3B5-41F8-81A5-3CE327A4ECD7}"
EndProject
Project("{FAE04EC0-301F-11D3-BF4B-00C04F79EFBC}") = "MediaPortal.Client", "Main\MediaPortal.Client\MediaPortal.Client.csproj", "{53EFA17B-5F8B-4942-8211-2015FFC2223C}"
EndProject
Project("{2150E333-8FDC-42A3-9474-1A3956D46DE8}") = "Main", "Main", "{23FE1AB5-FA54-4863-8E01-871B3A969E71}"
EndProject
Project("{FAE04EC0-301F-11D3-BF4B-00C04F79EFBC}") = "Control.IrInput", "Media\Control.IrInput\Control.IrInput.csproj", "{EE24ACB8-4306-41BB-B59A-F134FBC7A9A1}"
EndProject
Project("{FAE04EC0-301F-11D3-BF4B-00C04F79EFBC}") = "Importer", "Media\Importer\Importer.csproj", "{6834C0AF-FCE6-4998-8DCC-F9E08F52E0D7}"
EndProject
Project("{FAE04EC0-301F-11D3-BF4B-00C04F79EFBC}") = "AutoPlay", "Media\AutoPlay\AutoPlay.csproj", "{4E73672B-B668-4153-A6F2-0F45B5C3724B}"
EndProject
Project("{2150E333-8FDC-42A3-9474-1A3956D46DE8}") = "MetadataExtractors", "MetadataExtractors", "{1B4741DC-78EA-4D93-8EED-00CB9617AD2F}"
EndProject
Project("{FAE04EC0-301F-11D3-BF4B-00C04F79EFBC}") = "MovieMetadataExtractor", "Media\MetadataExtractors\MovieMetadataExtractor\MovieMetadataExtractor.csproj", "{000C12A6-9734-4ACB-99E9-D3F726C5858F}"
EndProject
Project("{FAE04EC0-301F-11D3-BF4B-00C04F79EFBC}") = "MusicMetadataExtractor", "Media\MetadataExtractors\MusicMetadataExtractor\MusicMetadataExtractor.csproj", "{11FD64F0-97C0-40B5-8AAA-1E56255D3EF7}"
EndProject
Project("{FAE04EC0-301F-11D3-BF4B-00C04F79EFBC}") = "PictureMetadataExtractor", "Media\MetadataExtractors\PictureMetadataExtractor\PictureMetadataExtractor.csproj", "{47B09A95-16F2-4B96-A9FE-4A96363442B0}"
EndProject
Project("{2150E333-8FDC-42A3-9474-1A3956D46DE8}") = "MediaProviders", "MediaProviders", "{985FB6BC-696C-4D4E-8E63-0A4E45CFE32D}"
EndProject
Project("{FAE04EC0-301F-11D3-BF4B-00C04F79EFBC}") = "UPnPServer", "Media\UPnPServer\UPnPServer.csproj", "{9EEC65CC-5E3F-49A4-9EA0-169C849BF39C}"
EndProject
Project("{FAE04EC0-301F-11D3-BF4B-00C04F79EFBC}") = "Configuration.Framework", "System\Configuration.Framework\Configuration.Framework.csproj", "{9545C4C0-3AF9-49F4-811C-47334FEFDFFC}"
EndProject
Project("{FAE04EC0-301F-11D3-BF4B-00C04F79EFBC}") = "MediaPortal.Core", "System\MediaPortal.Core\MediaPortal.Core.csproj", "{ECF060E7-CAA1-4466-851F-F80B857641EA}"
EndProject
Project("{FAE04EC0-301F-11D3-BF4B-00C04F79EFBC}") = "MediaPortal.UI", "System\MediaPortal.Interfaces\MediaPortal.UI.csproj", "{52E587D0-A274-44DA-8846-8EEAF5414923}"
EndProject
Project("{FAE04EC0-301F-11D3-BF4B-00C04F79EFBC}") = "MediaPortal.Utilities", "System\MediaPortal.Utilities\MediaPortal.Utilities.csproj", "{4FE7B8AE-1330-424A-91A1-C68D7ABF9CB8}"
EndProject
Project("{FAE04EC0-301F-11D3-BF4B-00C04F79EFBC}") = "SkinEngine", "UI\SkinEngine\SkinEngine.csproj", "{7E943389-3589-40C9-B481-2E223554CC49}"
EndProject
Project("{2150E333-8FDC-42A3-9474-1A3956D46DE8}") = "UiComponents", "UiComponents", "{E9A798FE-B9A8-49CE-B13C-30B08C065026}"
EndProject
Project("{FAE04EC0-301F-11D3-BF4B-00C04F79EFBC}") = "Login", "UI\UiComponents\Login\Login.csproj", "{F5A200C6-3E9C-4367-9950-E4F5A04FC0A5}"
EndProject
Project("{FAE04EC0-301F-11D3-BF4B-00C04F79EFBC}") = "Media", "UI\UiComponents\Media\Media.csproj", "{CD37E2FF-4CF7-4F96-8C73-C6764988D408}"
EndProject
Project("{FAE04EC0-301F-11D3-BF4B-00C04F79EFBC}") = "PlayList", "UI\UiComponents\PlayList\PlayList.csproj", "{B75F0C3D-C482-4797-B760-B73ED801A1FD}"
EndProject
Project("{FAE04EC0-301F-11D3-BF4B-00C04F79EFBC}") = "Settings", "UI\UiComponents\Settings\Settings.csproj", "{F3ADA862-5671-49DC-B04A-2975221603CF}"
EndProject
Project("{FAE04EC0-301F-11D3-BF4B-00C04F79EFBC}") = "Shares", "UI\UiComponents\Shares\Shares.csproj", "{EAE480DB-43B8-43EF-94EE-074499BC23E5}"
EndProject
Project("{FAE04EC0-301F-11D3-BF4B-00C04F79EFBC}") = "Weather", "UI\UiComponents\Weather\Weather.csproj", "{E618785B-A7E1-4E70-A8F3-DB22F93B9088}"
EndProject
Project("{FAE04EC0-301F-11D3-BF4B-00C04F79EFBC}") = "PlayerManager", "UI\PlayerManager\PlayerManager.csproj", "{EC4B2593-C535-4D63-84E3-F8B7CD876F63}"
EndProject
Project("{FAE04EC0-301F-11D3-BF4B-00C04F79EFBC}") = "BassPlayer", "UI\Players\BassPlayer\BassPlayer.csproj", "{1A980621-B711-4235-B98C-C4276D6FA9FD}"
EndProject
Project("{2150E333-8FDC-42A3-9474-1A3956D46DE8}") = "Players", "Players", "{6419E9F7-0103-4AAE-B8D2-268893EB15D6}"
EndProject
Project("{FAE04EC0-301F-11D3-BF4B-00C04F79EFBC}") = "PicturePlayer", "UI\Players\PicturePlayer\PicturePlayer.csproj", "{02B2052E-4AE2-41C0-81D7-73A250C9399D}"
EndProject
Project("{FAE04EC0-301F-11D3-BF4B-00C04F79EFBC}") = "ClientMediaManager", "Media\ClientMediaManager\ClientMediaManager.csproj", "{624C9A4F-AAD6-4A34-B48B-15EC9226AA1D}"
EndProject
Project("{FAE04EC0-301F-11D3-BF4B-00C04F79EFBC}") = "LocalFsMediaProvider", "Media\MediaProviders\LocalFsMediaProvider\LocalFsMediaProvider.csproj", "{347E1EC5-D40A-4A9A-A219-B0507A8A0D40}"
EndProject
Project("{FAE04EC0-301F-11D3-BF4B-00C04F79EFBC}") = "UPnPProvider", "Media\MediaProviders\UPnPProvider\UPnPProvider.csproj", "{D810FE50-3D2D-4A23-8035-C471AF7366C7}"
EndProject
Project("{FAE04EC0-301F-11D3-BF4B-00C04F79EFBC}") = "CueProvider", "Media\MediaProviders\CueProvider\CueProvider.csproj", "{0C708070-8102-4615-9B5F-2FCF652A4D13}"
EndProject
Project("{FAE04EC0-301F-11D3-BF4B-00C04F79EFBC}") = "VideoPlayer", "UI\Players\VideoPlayer\VideoPlayer.csproj", "{ED9A8A29-91DD-4B21-8CB8-A8B0F3EFF61C}"
EndProject
Project("{FAE04EC0-301F-11D3-BF4B-00C04F79EFBC}") = "SkinBase", "UI\UiComponents\SkinBase\SkinBase.csproj", "{4EFED5BE-2F6A-4944-BB96-053D5945BA1F}"
EndProject
Global
	GlobalSection(SolutionConfigurationPlatforms) = preSolution
		Debug|Any CPU = Debug|Any CPU
		Debug|x86 = Debug|x86
		Release|Any CPU = Release|Any CPU
		Release|x86 = Release|x86
		Xml Documentation|Any CPU = Xml Documentation|Any CPU
		Xml Documentation|x86 = Xml Documentation|x86
	EndGlobalSection
	GlobalSection(ProjectConfigurationPlatforms) = postSolution
		{53EFA17B-5F8B-4942-8211-2015FFC2223C}.Debug|Any CPU.ActiveCfg = Debug|Any CPU
		{53EFA17B-5F8B-4942-8211-2015FFC2223C}.Debug|Any CPU.Build.0 = Debug|Any CPU
		{53EFA17B-5F8B-4942-8211-2015FFC2223C}.Debug|x86.ActiveCfg = Debug|x86
		{53EFA17B-5F8B-4942-8211-2015FFC2223C}.Debug|x86.Build.0 = Debug|x86
		{53EFA17B-5F8B-4942-8211-2015FFC2223C}.Release|Any CPU.ActiveCfg = Release|Any CPU
		{53EFA17B-5F8B-4942-8211-2015FFC2223C}.Release|Any CPU.Build.0 = Release|Any CPU
		{53EFA17B-5F8B-4942-8211-2015FFC2223C}.Release|x86.ActiveCfg = Release|x86
		{53EFA17B-5F8B-4942-8211-2015FFC2223C}.Release|x86.Build.0 = Release|x86
		{53EFA17B-5F8B-4942-8211-2015FFC2223C}.Xml Documentation|Any CPU.ActiveCfg = Xml Documentation|Any CPU
		{53EFA17B-5F8B-4942-8211-2015FFC2223C}.Xml Documentation|Any CPU.Build.0 = Xml Documentation|Any CPU
		{53EFA17B-5F8B-4942-8211-2015FFC2223C}.Xml Documentation|x86.ActiveCfg = Xml Documentation|x86
		{53EFA17B-5F8B-4942-8211-2015FFC2223C}.Xml Documentation|x86.Build.0 = Xml Documentation|x86
		{EE24ACB8-4306-41BB-B59A-F134FBC7A9A1}.Debug|Any CPU.ActiveCfg = Debug|Any CPU
		{EE24ACB8-4306-41BB-B59A-F134FBC7A9A1}.Debug|Any CPU.Build.0 = Debug|Any CPU
		{EE24ACB8-4306-41BB-B59A-F134FBC7A9A1}.Debug|x86.ActiveCfg = Debug|x86
		{EE24ACB8-4306-41BB-B59A-F134FBC7A9A1}.Release|Any CPU.ActiveCfg = Release|Any CPU
		{EE24ACB8-4306-41BB-B59A-F134FBC7A9A1}.Release|Any CPU.Build.0 = Release|Any CPU
		{EE24ACB8-4306-41BB-B59A-F134FBC7A9A1}.Release|x86.ActiveCfg = Release|x86
		{EE24ACB8-4306-41BB-B59A-F134FBC7A9A1}.Release|x86.Build.0 = Release|x86
		{EE24ACB8-4306-41BB-B59A-F134FBC7A9A1}.Xml Documentation|Any CPU.ActiveCfg = Xml Documentation|Any CPU
		{EE24ACB8-4306-41BB-B59A-F134FBC7A9A1}.Xml Documentation|Any CPU.Build.0 = Xml Documentation|Any CPU
		{EE24ACB8-4306-41BB-B59A-F134FBC7A9A1}.Xml Documentation|x86.ActiveCfg = Xml Documentation|x86
		{EE24ACB8-4306-41BB-B59A-F134FBC7A9A1}.Xml Documentation|x86.Build.0 = Xml Documentation|x86
		{6834C0AF-FCE6-4998-8DCC-F9E08F52E0D7}.Debug|Any CPU.ActiveCfg = Debug|Any CPU
		{6834C0AF-FCE6-4998-8DCC-F9E08F52E0D7}.Debug|Any CPU.Build.0 = Debug|Any CPU
		{6834C0AF-FCE6-4998-8DCC-F9E08F52E0D7}.Debug|x86.ActiveCfg = Debug|x86
		{6834C0AF-FCE6-4998-8DCC-F9E08F52E0D7}.Release|Any CPU.ActiveCfg = Release|Any CPU
		{6834C0AF-FCE6-4998-8DCC-F9E08F52E0D7}.Release|Any CPU.Build.0 = Release|Any CPU
		{6834C0AF-FCE6-4998-8DCC-F9E08F52E0D7}.Release|x86.ActiveCfg = Release|x86
		{6834C0AF-FCE6-4998-8DCC-F9E08F52E0D7}.Release|x86.Build.0 = Release|x86
		{6834C0AF-FCE6-4998-8DCC-F9E08F52E0D7}.Xml Documentation|Any CPU.ActiveCfg = Xml Documentation|Any CPU
		{6834C0AF-FCE6-4998-8DCC-F9E08F52E0D7}.Xml Documentation|Any CPU.Build.0 = Xml Documentation|Any CPU
		{6834C0AF-FCE6-4998-8DCC-F9E08F52E0D7}.Xml Documentation|x86.ActiveCfg = Xml Documentation|x86
		{6834C0AF-FCE6-4998-8DCC-F9E08F52E0D7}.Xml Documentation|x86.Build.0 = Xml Documentation|x86
		{4E73672B-B668-4153-A6F2-0F45B5C3724B}.Debug|Any CPU.ActiveCfg = Debug|Any CPU
		{4E73672B-B668-4153-A6F2-0F45B5C3724B}.Debug|Any CPU.Build.0 = Debug|Any CPU
		{4E73672B-B668-4153-A6F2-0F45B5C3724B}.Debug|x86.ActiveCfg = Debug|x86
		{4E73672B-B668-4153-A6F2-0F45B5C3724B}.Release|Any CPU.ActiveCfg = Release|Any CPU
		{4E73672B-B668-4153-A6F2-0F45B5C3724B}.Release|Any CPU.Build.0 = Release|Any CPU
		{4E73672B-B668-4153-A6F2-0F45B5C3724B}.Release|x86.ActiveCfg = Release|x86
		{4E73672B-B668-4153-A6F2-0F45B5C3724B}.Release|x86.Build.0 = Release|x86
		{4E73672B-B668-4153-A6F2-0F45B5C3724B}.Xml Documentation|Any CPU.ActiveCfg = Release|x86
		{4E73672B-B668-4153-A6F2-0F45B5C3724B}.Xml Documentation|x86.ActiveCfg = Release|x86
		{4E73672B-B668-4153-A6F2-0F45B5C3724B}.Xml Documentation|x86.Build.0 = Release|x86
		{000C12A6-9734-4ACB-99E9-D3F726C5858F}.Debug|Any CPU.ActiveCfg = Debug|Any CPU
		{000C12A6-9734-4ACB-99E9-D3F726C5858F}.Debug|Any CPU.Build.0 = Debug|Any CPU
		{000C12A6-9734-4ACB-99E9-D3F726C5858F}.Debug|x86.ActiveCfg = Debug|x86
		{000C12A6-9734-4ACB-99E9-D3F726C5858F}.Release|Any CPU.ActiveCfg = Release|Any CPU
		{000C12A6-9734-4ACB-99E9-D3F726C5858F}.Release|Any CPU.Build.0 = Release|Any CPU
		{000C12A6-9734-4ACB-99E9-D3F726C5858F}.Release|x86.ActiveCfg = Release|x86
		{000C12A6-9734-4ACB-99E9-D3F726C5858F}.Release|x86.Build.0 = Release|x86
		{000C12A6-9734-4ACB-99E9-D3F726C5858F}.Xml Documentation|Any CPU.ActiveCfg = Xml Documentation|Any CPU
		{000C12A6-9734-4ACB-99E9-D3F726C5858F}.Xml Documentation|Any CPU.Build.0 = Xml Documentation|Any CPU
		{000C12A6-9734-4ACB-99E9-D3F726C5858F}.Xml Documentation|x86.ActiveCfg = Xml Documentation|x86
		{000C12A6-9734-4ACB-99E9-D3F726C5858F}.Xml Documentation|x86.Build.0 = Xml Documentation|x86
		{11FD64F0-97C0-40B5-8AAA-1E56255D3EF7}.Debug|Any CPU.ActiveCfg = Debug|Any CPU
		{11FD64F0-97C0-40B5-8AAA-1E56255D3EF7}.Debug|Any CPU.Build.0 = Debug|Any CPU
		{11FD64F0-97C0-40B5-8AAA-1E56255D3EF7}.Debug|x86.ActiveCfg = Debug|x86
		{11FD64F0-97C0-40B5-8AAA-1E56255D3EF7}.Debug|x86.Build.0 = Debug|x86
		{11FD64F0-97C0-40B5-8AAA-1E56255D3EF7}.Release|Any CPU.ActiveCfg = Release|Any CPU
		{11FD64F0-97C0-40B5-8AAA-1E56255D3EF7}.Release|Any CPU.Build.0 = Release|Any CPU
		{11FD64F0-97C0-40B5-8AAA-1E56255D3EF7}.Release|x86.ActiveCfg = Release|x86
		{11FD64F0-97C0-40B5-8AAA-1E56255D3EF7}.Release|x86.Build.0 = Release|x86
		{11FD64F0-97C0-40B5-8AAA-1E56255D3EF7}.Xml Documentation|Any CPU.ActiveCfg = Xml Documentation|Any CPU
		{11FD64F0-97C0-40B5-8AAA-1E56255D3EF7}.Xml Documentation|Any CPU.Build.0 = Xml Documentation|Any CPU
		{11FD64F0-97C0-40B5-8AAA-1E56255D3EF7}.Xml Documentation|x86.ActiveCfg = Xml Documentation|x86
		{11FD64F0-97C0-40B5-8AAA-1E56255D3EF7}.Xml Documentation|x86.Build.0 = Xml Documentation|x86
		{47B09A95-16F2-4B96-A9FE-4A96363442B0}.Debug|Any CPU.ActiveCfg = Debug|Any CPU
		{47B09A95-16F2-4B96-A9FE-4A96363442B0}.Debug|Any CPU.Build.0 = Debug|Any CPU
		{47B09A95-16F2-4B96-A9FE-4A96363442B0}.Debug|x86.ActiveCfg = Debug|x86
		{47B09A95-16F2-4B96-A9FE-4A96363442B0}.Release|Any CPU.ActiveCfg = Release|Any CPU
		{47B09A95-16F2-4B96-A9FE-4A96363442B0}.Release|Any CPU.Build.0 = Release|Any CPU
		{47B09A95-16F2-4B96-A9FE-4A96363442B0}.Release|x86.ActiveCfg = Release|x86
		{47B09A95-16F2-4B96-A9FE-4A96363442B0}.Release|x86.Build.0 = Release|x86
		{47B09A95-16F2-4B96-A9FE-4A96363442B0}.Xml Documentation|Any CPU.ActiveCfg = Xml Documentation|Any CPU
		{47B09A95-16F2-4B96-A9FE-4A96363442B0}.Xml Documentation|Any CPU.Build.0 = Xml Documentation|Any CPU
		{47B09A95-16F2-4B96-A9FE-4A96363442B0}.Xml Documentation|x86.ActiveCfg = Xml Documentation|x86
		{47B09A95-16F2-4B96-A9FE-4A96363442B0}.Xml Documentation|x86.Build.0 = Xml Documentation|x86
		{9EEC65CC-5E3F-49A4-9EA0-169C849BF39C}.Debug|Any CPU.ActiveCfg = Debug|Any CPU
		{9EEC65CC-5E3F-49A4-9EA0-169C849BF39C}.Debug|Any CPU.Build.0 = Debug|Any CPU
		{9EEC65CC-5E3F-49A4-9EA0-169C849BF39C}.Debug|x86.ActiveCfg = Debug|x86
		{9EEC65CC-5E3F-49A4-9EA0-169C849BF39C}.Release|Any CPU.ActiveCfg = Release|Any CPU
		{9EEC65CC-5E3F-49A4-9EA0-169C849BF39C}.Release|Any CPU.Build.0 = Release|Any CPU
		{9EEC65CC-5E3F-49A4-9EA0-169C849BF39C}.Release|x86.ActiveCfg = Release|x86
		{9EEC65CC-5E3F-49A4-9EA0-169C849BF39C}.Release|x86.Build.0 = Release|x86
		{9EEC65CC-5E3F-49A4-9EA0-169C849BF39C}.Xml Documentation|Any CPU.ActiveCfg = Xml Documentation|Any CPU
		{9EEC65CC-5E3F-49A4-9EA0-169C849BF39C}.Xml Documentation|Any CPU.Build.0 = Xml Documentation|Any CPU
		{9EEC65CC-5E3F-49A4-9EA0-169C849BF39C}.Xml Documentation|x86.ActiveCfg = Xml Documentation|x86
		{9EEC65CC-5E3F-49A4-9EA0-169C849BF39C}.Xml Documentation|x86.Build.0 = Xml Documentation|x86
		{9545C4C0-3AF9-49F4-811C-47334FEFDFFC}.Debug|Any CPU.ActiveCfg = Debug|Any CPU
		{9545C4C0-3AF9-49F4-811C-47334FEFDFFC}.Debug|Any CPU.Build.0 = Debug|Any CPU
		{9545C4C0-3AF9-49F4-811C-47334FEFDFFC}.Debug|x86.ActiveCfg = Debug|x86
		{9545C4C0-3AF9-49F4-811C-47334FEFDFFC}.Debug|x86.Build.0 = Debug|x86
		{9545C4C0-3AF9-49F4-811C-47334FEFDFFC}.Release|Any CPU.ActiveCfg = Release|Any CPU
		{9545C4C0-3AF9-49F4-811C-47334FEFDFFC}.Release|Any CPU.Build.0 = Release|Any CPU
		{9545C4C0-3AF9-49F4-811C-47334FEFDFFC}.Release|x86.ActiveCfg = Release|x86
		{9545C4C0-3AF9-49F4-811C-47334FEFDFFC}.Release|x86.Build.0 = Release|x86
		{9545C4C0-3AF9-49F4-811C-47334FEFDFFC}.Xml Documentation|Any CPU.ActiveCfg = Xml Documentation|Any CPU
		{9545C4C0-3AF9-49F4-811C-47334FEFDFFC}.Xml Documentation|Any CPU.Build.0 = Xml Documentation|Any CPU
		{9545C4C0-3AF9-49F4-811C-47334FEFDFFC}.Xml Documentation|x86.ActiveCfg = Xml Documentation|x86
		{9545C4C0-3AF9-49F4-811C-47334FEFDFFC}.Xml Documentation|x86.Build.0 = Xml Documentation|x86
		{ECF060E7-CAA1-4466-851F-F80B857641EA}.Debug|Any CPU.ActiveCfg = Debug|Any CPU
		{ECF060E7-CAA1-4466-851F-F80B857641EA}.Debug|Any CPU.Build.0 = Debug|Any CPU
		{ECF060E7-CAA1-4466-851F-F80B857641EA}.Debug|x86.ActiveCfg = Debug|x86
		{ECF060E7-CAA1-4466-851F-F80B857641EA}.Debug|x86.Build.0 = Debug|x86
		{ECF060E7-CAA1-4466-851F-F80B857641EA}.Release|Any CPU.ActiveCfg = Release|Any CPU
		{ECF060E7-CAA1-4466-851F-F80B857641EA}.Release|Any CPU.Build.0 = Release|Any CPU
		{ECF060E7-CAA1-4466-851F-F80B857641EA}.Release|x86.ActiveCfg = Release|x86
		{ECF060E7-CAA1-4466-851F-F80B857641EA}.Release|x86.Build.0 = Release|x86
		{ECF060E7-CAA1-4466-851F-F80B857641EA}.Xml Documentation|Any CPU.ActiveCfg = Xml Documentation|Any CPU
		{ECF060E7-CAA1-4466-851F-F80B857641EA}.Xml Documentation|Any CPU.Build.0 = Xml Documentation|Any CPU
		{ECF060E7-CAA1-4466-851F-F80B857641EA}.Xml Documentation|x86.ActiveCfg = Xml Documentation|x86
		{ECF060E7-CAA1-4466-851F-F80B857641EA}.Xml Documentation|x86.Build.0 = Xml Documentation|x86
		{52E587D0-A274-44DA-8846-8EEAF5414923}.Debug|Any CPU.ActiveCfg = Debug|Any CPU
		{52E587D0-A274-44DA-8846-8EEAF5414923}.Debug|Any CPU.Build.0 = Debug|Any CPU
		{52E587D0-A274-44DA-8846-8EEAF5414923}.Debug|x86.ActiveCfg = Debug|x86
		{52E587D0-A274-44DA-8846-8EEAF5414923}.Debug|x86.Build.0 = Debug|x86
		{52E587D0-A274-44DA-8846-8EEAF5414923}.Release|Any CPU.ActiveCfg = Release|Any CPU
		{52E587D0-A274-44DA-8846-8EEAF5414923}.Release|Any CPU.Build.0 = Release|Any CPU
		{52E587D0-A274-44DA-8846-8EEAF5414923}.Release|x86.ActiveCfg = Release|x86
		{52E587D0-A274-44DA-8846-8EEAF5414923}.Release|x86.Build.0 = Release|x86
		{52E587D0-A274-44DA-8846-8EEAF5414923}.Xml Documentation|Any CPU.ActiveCfg = Xml Documentation|Any CPU
		{52E587D0-A274-44DA-8846-8EEAF5414923}.Xml Documentation|Any CPU.Build.0 = Xml Documentation|Any CPU
		{52E587D0-A274-44DA-8846-8EEAF5414923}.Xml Documentation|x86.ActiveCfg = Xml Documentation|x86
		{52E587D0-A274-44DA-8846-8EEAF5414923}.Xml Documentation|x86.Build.0 = Xml Documentation|x86
		{4FE7B8AE-1330-424A-91A1-C68D7ABF9CB8}.Debug|Any CPU.ActiveCfg = Debug|Any CPU
		{4FE7B8AE-1330-424A-91A1-C68D7ABF9CB8}.Debug|Any CPU.Build.0 = Debug|Any CPU
		{4FE7B8AE-1330-424A-91A1-C68D7ABF9CB8}.Debug|x86.ActiveCfg = Debug|x86
		{4FE7B8AE-1330-424A-91A1-C68D7ABF9CB8}.Debug|x86.Build.0 = Debug|x86
		{4FE7B8AE-1330-424A-91A1-C68D7ABF9CB8}.Release|Any CPU.ActiveCfg = Release|Any CPU
		{4FE7B8AE-1330-424A-91A1-C68D7ABF9CB8}.Release|Any CPU.Build.0 = Release|Any CPU
		{4FE7B8AE-1330-424A-91A1-C68D7ABF9CB8}.Release|x86.ActiveCfg = Release|x86
		{4FE7B8AE-1330-424A-91A1-C68D7ABF9CB8}.Release|x86.Build.0 = Release|x86
		{4FE7B8AE-1330-424A-91A1-C68D7ABF9CB8}.Xml Documentation|Any CPU.ActiveCfg = Xml Documentation|Any CPU
		{4FE7B8AE-1330-424A-91A1-C68D7ABF9CB8}.Xml Documentation|Any CPU.Build.0 = Xml Documentation|Any CPU
		{4FE7B8AE-1330-424A-91A1-C68D7ABF9CB8}.Xml Documentation|x86.ActiveCfg = Xml Documentation|x86
		{4FE7B8AE-1330-424A-91A1-C68D7ABF9CB8}.Xml Documentation|x86.Build.0 = Xml Documentation|x86
		{7E943389-3589-40C9-B481-2E223554CC49}.Debug|Any CPU.ActiveCfg = Debug|Any CPU
		{7E943389-3589-40C9-B481-2E223554CC49}.Debug|Any CPU.Build.0 = Debug|Any CPU
		{7E943389-3589-40C9-B481-2E223554CC49}.Debug|x86.ActiveCfg = Debug|x86
		{7E943389-3589-40C9-B481-2E223554CC49}.Debug|x86.Build.0 = Debug|x86
		{7E943389-3589-40C9-B481-2E223554CC49}.Release|Any CPU.ActiveCfg = Release|Any CPU
		{7E943389-3589-40C9-B481-2E223554CC49}.Release|Any CPU.Build.0 = Release|Any CPU
		{7E943389-3589-40C9-B481-2E223554CC49}.Release|x86.ActiveCfg = Release|x86
		{7E943389-3589-40C9-B481-2E223554CC49}.Release|x86.Build.0 = Release|x86
		{7E943389-3589-40C9-B481-2E223554CC49}.Xml Documentation|Any CPU.ActiveCfg = Xml Documentation|Any CPU
		{7E943389-3589-40C9-B481-2E223554CC49}.Xml Documentation|Any CPU.Build.0 = Xml Documentation|Any CPU
		{7E943389-3589-40C9-B481-2E223554CC49}.Xml Documentation|x86.ActiveCfg = Xml Documentation|x86
		{7E943389-3589-40C9-B481-2E223554CC49}.Xml Documentation|x86.Build.0 = Xml Documentation|x86
		{F5A200C6-3E9C-4367-9950-E4F5A04FC0A5}.Debug|Any CPU.ActiveCfg = Debug|Any CPU
		{F5A200C6-3E9C-4367-9950-E4F5A04FC0A5}.Debug|Any CPU.Build.0 = Debug|Any CPU
		{F5A200C6-3E9C-4367-9950-E4F5A04FC0A5}.Debug|x86.ActiveCfg = Debug|x86
		{F5A200C6-3E9C-4367-9950-E4F5A04FC0A5}.Release|Any CPU.ActiveCfg = Release|Any CPU
		{F5A200C6-3E9C-4367-9950-E4F5A04FC0A5}.Release|Any CPU.Build.0 = Release|Any CPU
		{F5A200C6-3E9C-4367-9950-E4F5A04FC0A5}.Release|x86.ActiveCfg = Release|x86
		{F5A200C6-3E9C-4367-9950-E4F5A04FC0A5}.Release|x86.Build.0 = Release|x86
		{F5A200C6-3E9C-4367-9950-E4F5A04FC0A5}.Xml Documentation|Any CPU.ActiveCfg = Xml Documentation|Any CPU
		{F5A200C6-3E9C-4367-9950-E4F5A04FC0A5}.Xml Documentation|Any CPU.Build.0 = Xml Documentation|Any CPU
		{F5A200C6-3E9C-4367-9950-E4F5A04FC0A5}.Xml Documentation|x86.ActiveCfg = Xml Documentation|x86
		{F5A200C6-3E9C-4367-9950-E4F5A04FC0A5}.Xml Documentation|x86.Build.0 = Xml Documentation|x86
		{CD37E2FF-4CF7-4F96-8C73-C6764988D408}.Debug|Any CPU.ActiveCfg = Debug|Any CPU
		{CD37E2FF-4CF7-4F96-8C73-C6764988D408}.Debug|Any CPU.Build.0 = Debug|Any CPU
		{CD37E2FF-4CF7-4F96-8C73-C6764988D408}.Debug|x86.ActiveCfg = Debug|x86
		{CD37E2FF-4CF7-4F96-8C73-C6764988D408}.Debug|x86.Build.0 = Debug|x86
		{CD37E2FF-4CF7-4F96-8C73-C6764988D408}.Release|Any CPU.ActiveCfg = Release|Any CPU
		{CD37E2FF-4CF7-4F96-8C73-C6764988D408}.Release|Any CPU.Build.0 = Release|Any CPU
		{CD37E2FF-4CF7-4F96-8C73-C6764988D408}.Release|x86.ActiveCfg = Release|x86
		{CD37E2FF-4CF7-4F96-8C73-C6764988D408}.Release|x86.Build.0 = Release|x86
		{CD37E2FF-4CF7-4F96-8C73-C6764988D408}.Xml Documentation|Any CPU.ActiveCfg = Xml Documentation|Any CPU
		{CD37E2FF-4CF7-4F96-8C73-C6764988D408}.Xml Documentation|Any CPU.Build.0 = Xml Documentation|Any CPU
		{CD37E2FF-4CF7-4F96-8C73-C6764988D408}.Xml Documentation|x86.ActiveCfg = Xml Documentation|x86
		{CD37E2FF-4CF7-4F96-8C73-C6764988D408}.Xml Documentation|x86.Build.0 = Xml Documentation|x86
		{B75F0C3D-C482-4797-B760-B73ED801A1FD}.Debug|Any CPU.ActiveCfg = Debug|Any CPU
		{B75F0C3D-C482-4797-B760-B73ED801A1FD}.Debug|Any CPU.Build.0 = Debug|Any CPU
		{B75F0C3D-C482-4797-B760-B73ED801A1FD}.Debug|x86.ActiveCfg = Debug|x86
		{B75F0C3D-C482-4797-B760-B73ED801A1FD}.Release|Any CPU.ActiveCfg = Release|Any CPU
		{B75F0C3D-C482-4797-B760-B73ED801A1FD}.Release|Any CPU.Build.0 = Release|Any CPU
		{B75F0C3D-C482-4797-B760-B73ED801A1FD}.Release|x86.ActiveCfg = Release|x86
		{B75F0C3D-C482-4797-B760-B73ED801A1FD}.Release|x86.Build.0 = Release|x86
		{B75F0C3D-C482-4797-B760-B73ED801A1FD}.Xml Documentation|Any CPU.ActiveCfg = Xml Documentation|Any CPU
		{B75F0C3D-C482-4797-B760-B73ED801A1FD}.Xml Documentation|Any CPU.Build.0 = Xml Documentation|Any CPU
		{B75F0C3D-C482-4797-B760-B73ED801A1FD}.Xml Documentation|x86.ActiveCfg = Xml Documentation|x86
		{B75F0C3D-C482-4797-B760-B73ED801A1FD}.Xml Documentation|x86.Build.0 = Xml Documentation|x86
		{F3ADA862-5671-49DC-B04A-2975221603CF}.Debug|Any CPU.ActiveCfg = Debug|Any CPU
		{F3ADA862-5671-49DC-B04A-2975221603CF}.Debug|Any CPU.Build.0 = Debug|Any CPU
		{F3ADA862-5671-49DC-B04A-2975221603CF}.Debug|x86.ActiveCfg = Debug|x86
		{F3ADA862-5671-49DC-B04A-2975221603CF}.Release|Any CPU.ActiveCfg = Release|Any CPU
		{F3ADA862-5671-49DC-B04A-2975221603CF}.Release|Any CPU.Build.0 = Release|Any CPU
		{F3ADA862-5671-49DC-B04A-2975221603CF}.Release|x86.ActiveCfg = Release|x86
		{F3ADA862-5671-49DC-B04A-2975221603CF}.Release|x86.Build.0 = Release|x86
		{F3ADA862-5671-49DC-B04A-2975221603CF}.Xml Documentation|Any CPU.ActiveCfg = Xml Documentation|Any CPU
		{F3ADA862-5671-49DC-B04A-2975221603CF}.Xml Documentation|Any CPU.Build.0 = Xml Documentation|Any CPU
		{F3ADA862-5671-49DC-B04A-2975221603CF}.Xml Documentation|x86.ActiveCfg = Xml Documentation|x86
		{F3ADA862-5671-49DC-B04A-2975221603CF}.Xml Documentation|x86.Build.0 = Xml Documentation|x86
		{EAE480DB-43B8-43EF-94EE-074499BC23E5}.Debug|Any CPU.ActiveCfg = Debug|Any CPU
		{EAE480DB-43B8-43EF-94EE-074499BC23E5}.Debug|Any CPU.Build.0 = Debug|Any CPU
		{EAE480DB-43B8-43EF-94EE-074499BC23E5}.Debug|x86.ActiveCfg = Debug|x86
		{EAE480DB-43B8-43EF-94EE-074499BC23E5}.Release|Any CPU.ActiveCfg = Release|Any CPU
		{EAE480DB-43B8-43EF-94EE-074499BC23E5}.Release|Any CPU.Build.0 = Release|Any CPU
		{EAE480DB-43B8-43EF-94EE-074499BC23E5}.Release|x86.ActiveCfg = Release|x86
		{EAE480DB-43B8-43EF-94EE-074499BC23E5}.Release|x86.Build.0 = Release|x86
		{EAE480DB-43B8-43EF-94EE-074499BC23E5}.Xml Documentation|Any CPU.ActiveCfg = Xml Documentation|Any CPU
		{EAE480DB-43B8-43EF-94EE-074499BC23E5}.Xml Documentation|Any CPU.Build.0 = Xml Documentation|Any CPU
		{EAE480DB-43B8-43EF-94EE-074499BC23E5}.Xml Documentation|x86.ActiveCfg = Xml Documentation|x86
		{EAE480DB-43B8-43EF-94EE-074499BC23E5}.Xml Documentation|x86.Build.0 = Xml Documentation|x86
		{E618785B-A7E1-4E70-A8F3-DB22F93B9088}.Debug|Any CPU.ActiveCfg = Debug|Any CPU
		{E618785B-A7E1-4E70-A8F3-DB22F93B9088}.Debug|Any CPU.Build.0 = Debug|Any CPU
		{E618785B-A7E1-4E70-A8F3-DB22F93B9088}.Debug|x86.ActiveCfg = Debug|x86
		{E618785B-A7E1-4E70-A8F3-DB22F93B9088}.Debug|x86.Build.0 = Debug|x86
		{E618785B-A7E1-4E70-A8F3-DB22F93B9088}.Release|Any CPU.ActiveCfg = Release|Any CPU
		{E618785B-A7E1-4E70-A8F3-DB22F93B9088}.Release|Any CPU.Build.0 = Release|Any CPU
		{E618785B-A7E1-4E70-A8F3-DB22F93B9088}.Release|x86.ActiveCfg = Release|x86
		{E618785B-A7E1-4E70-A8F3-DB22F93B9088}.Release|x86.Build.0 = Release|x86
		{E618785B-A7E1-4E70-A8F3-DB22F93B9088}.Xml Documentation|Any CPU.ActiveCfg = Xml Documentation|Any CPU
		{E618785B-A7E1-4E70-A8F3-DB22F93B9088}.Xml Documentation|Any CPU.Build.0 = Xml Documentation|Any CPU
		{E618785B-A7E1-4E70-A8F3-DB22F93B9088}.Xml Documentation|x86.ActiveCfg = Xml Documentation|x86
		{E618785B-A7E1-4E70-A8F3-DB22F93B9088}.Xml Documentation|x86.Build.0 = Xml Documentation|x86
		{EC4B2593-C535-4D63-84E3-F8B7CD876F63}.Debug|Any CPU.ActiveCfg = Debug|Any CPU
		{EC4B2593-C535-4D63-84E3-F8B7CD876F63}.Debug|Any CPU.Build.0 = Debug|Any CPU
		{EC4B2593-C535-4D63-84E3-F8B7CD876F63}.Debug|x86.ActiveCfg = Debug|x86
		{EC4B2593-C535-4D63-84E3-F8B7CD876F63}.Release|Any CPU.ActiveCfg = Release|Any CPU
		{EC4B2593-C535-4D63-84E3-F8B7CD876F63}.Release|Any CPU.Build.0 = Release|Any CPU
		{EC4B2593-C535-4D63-84E3-F8B7CD876F63}.Release|x86.ActiveCfg = Release|x86
		{EC4B2593-C535-4D63-84E3-F8B7CD876F63}.Release|x86.Build.0 = Release|x86
		{EC4B2593-C535-4D63-84E3-F8B7CD876F63}.Xml Documentation|Any CPU.ActiveCfg = Xml Documentation|Any CPU
		{EC4B2593-C535-4D63-84E3-F8B7CD876F63}.Xml Documentation|Any CPU.Build.0 = Xml Documentation|Any CPU
		{EC4B2593-C535-4D63-84E3-F8B7CD876F63}.Xml Documentation|x86.ActiveCfg = Xml Documentation|x86
		{EC4B2593-C535-4D63-84E3-F8B7CD876F63}.Xml Documentation|x86.Build.0 = Xml Documentation|x86
		{1A980621-B711-4235-B98C-C4276D6FA9FD}.Debug|Any CPU.ActiveCfg = Debug|Any CPU
		{1A980621-B711-4235-B98C-C4276D6FA9FD}.Debug|Any CPU.Build.0 = Debug|Any CPU
		{1A980621-B711-4235-B98C-C4276D6FA9FD}.Debug|x86.ActiveCfg = Debug|x86
		{1A980621-B711-4235-B98C-C4276D6FA9FD}.Release|Any CPU.ActiveCfg = Release|Any CPU
		{1A980621-B711-4235-B98C-C4276D6FA9FD}.Release|Any CPU.Build.0 = Release|Any CPU
		{1A980621-B711-4235-B98C-C4276D6FA9FD}.Release|x86.ActiveCfg = Release|x86
		{1A980621-B711-4235-B98C-C4276D6FA9FD}.Release|x86.Build.0 = Release|x86
		{1A980621-B711-4235-B98C-C4276D6FA9FD}.Xml Documentation|Any CPU.ActiveCfg = Xml Documentation|Any CPU
		{1A980621-B711-4235-B98C-C4276D6FA9FD}.Xml Documentation|Any CPU.Build.0 = Xml Documentation|Any CPU
		{1A980621-B711-4235-B98C-C4276D6FA9FD}.Xml Documentation|x86.ActiveCfg = Xml Documentation|x86
		{1A980621-B711-4235-B98C-C4276D6FA9FD}.Xml Documentation|x86.Build.0 = Xml Documentation|x86
		{02B2052E-4AE2-41C0-81D7-73A250C9399D}.Debug|Any CPU.ActiveCfg = Debug|Any CPU
		{02B2052E-4AE2-41C0-81D7-73A250C9399D}.Debug|Any CPU.Build.0 = Debug|Any CPU
		{02B2052E-4AE2-41C0-81D7-73A250C9399D}.Debug|x86.ActiveCfg = Debug|x86
		{02B2052E-4AE2-41C0-81D7-73A250C9399D}.Release|Any CPU.ActiveCfg = Release|Any CPU
		{02B2052E-4AE2-41C0-81D7-73A250C9399D}.Release|Any CPU.Build.0 = Release|Any CPU
		{02B2052E-4AE2-41C0-81D7-73A250C9399D}.Release|x86.ActiveCfg = Release|x86
		{02B2052E-4AE2-41C0-81D7-73A250C9399D}.Release|x86.Build.0 = Release|x86
		{02B2052E-4AE2-41C0-81D7-73A250C9399D}.Xml Documentation|Any CPU.ActiveCfg = Xml Documentation|Any CPU
		{02B2052E-4AE2-41C0-81D7-73A250C9399D}.Xml Documentation|Any CPU.Build.0 = Xml Documentation|Any CPU
		{02B2052E-4AE2-41C0-81D7-73A250C9399D}.Xml Documentation|x86.ActiveCfg = Xml Documentation|x86
		{02B2052E-4AE2-41C0-81D7-73A250C9399D}.Xml Documentation|x86.Build.0 = Xml Documentation|x86
		{624C9A4F-AAD6-4A34-B48B-15EC9226AA1D}.Debug|Any CPU.ActiveCfg = Debug|Any CPU
		{624C9A4F-AAD6-4A34-B48B-15EC9226AA1D}.Debug|Any CPU.Build.0 = Debug|Any CPU
		{624C9A4F-AAD6-4A34-B48B-15EC9226AA1D}.Debug|x86.ActiveCfg = Debug|x86
		{624C9A4F-AAD6-4A34-B48B-15EC9226AA1D}.Debug|x86.Build.0 = Debug|x86
		{624C9A4F-AAD6-4A34-B48B-15EC9226AA1D}.Release|Any CPU.ActiveCfg = Release|Any CPU
		{624C9A4F-AAD6-4A34-B48B-15EC9226AA1D}.Release|Any CPU.Build.0 = Release|Any CPU
		{624C9A4F-AAD6-4A34-B48B-15EC9226AA1D}.Release|x86.ActiveCfg = Release|x86
		{624C9A4F-AAD6-4A34-B48B-15EC9226AA1D}.Release|x86.Build.0 = Release|x86
		{624C9A4F-AAD6-4A34-B48B-15EC9226AA1D}.Xml Documentation|Any CPU.ActiveCfg = Xml Documentation|Any CPU
		{624C9A4F-AAD6-4A34-B48B-15EC9226AA1D}.Xml Documentation|Any CPU.Build.0 = Xml Documentation|Any CPU
		{624C9A4F-AAD6-4A34-B48B-15EC9226AA1D}.Xml Documentation|x86.ActiveCfg = Xml Documentation|x86
		{624C9A4F-AAD6-4A34-B48B-15EC9226AA1D}.Xml Documentation|x86.Build.0 = Xml Documentation|x86
		{347E1EC5-D40A-4A9A-A219-B0507A8A0D40}.Debug|Any CPU.ActiveCfg = Debug|Any CPU
		{347E1EC5-D40A-4A9A-A219-B0507A8A0D40}.Debug|Any CPU.Build.0 = Debug|Any CPU
		{347E1EC5-D40A-4A9A-A219-B0507A8A0D40}.Debug|x86.ActiveCfg = Debug|x86
		{347E1EC5-D40A-4A9A-A219-B0507A8A0D40}.Debug|x86.Build.0 = Debug|x86
		{347E1EC5-D40A-4A9A-A219-B0507A8A0D40}.Release|Any CPU.ActiveCfg = Release|Any CPU
		{347E1EC5-D40A-4A9A-A219-B0507A8A0D40}.Release|Any CPU.Build.0 = Release|Any CPU
		{347E1EC5-D40A-4A9A-A219-B0507A8A0D40}.Release|x86.ActiveCfg = Release|x86
		{347E1EC5-D40A-4A9A-A219-B0507A8A0D40}.Release|x86.Build.0 = Release|x86
		{347E1EC5-D40A-4A9A-A219-B0507A8A0D40}.Xml Documentation|Any CPU.ActiveCfg = Release|x86
		{347E1EC5-D40A-4A9A-A219-B0507A8A0D40}.Xml Documentation|x86.ActiveCfg = Release|x86
		{347E1EC5-D40A-4A9A-A219-B0507A8A0D40}.Xml Documentation|x86.Build.0 = Release|x86
		{D810FE50-3D2D-4A23-8035-C471AF7366C7}.Debug|Any CPU.ActiveCfg = Debug|Any CPU
		{D810FE50-3D2D-4A23-8035-C471AF7366C7}.Debug|Any CPU.Build.0 = Debug|Any CPU
		{D810FE50-3D2D-4A23-8035-C471AF7366C7}.Debug|x86.ActiveCfg = Debug|x86
		{D810FE50-3D2D-4A23-8035-C471AF7366C7}.Release|Any CPU.ActiveCfg = Release|Any CPU
		{D810FE50-3D2D-4A23-8035-C471AF7366C7}.Release|Any CPU.Build.0 = Release|Any CPU
		{D810FE50-3D2D-4A23-8035-C471AF7366C7}.Release|x86.ActiveCfg = Release|x86
		{D810FE50-3D2D-4A23-8035-C471AF7366C7}.Release|x86.Build.0 = Release|x86
		{D810FE50-3D2D-4A23-8035-C471AF7366C7}.Xml Documentation|Any CPU.ActiveCfg = Xml Documentation|Any CPU
		{D810FE50-3D2D-4A23-8035-C471AF7366C7}.Xml Documentation|Any CPU.Build.0 = Xml Documentation|Any CPU
		{D810FE50-3D2D-4A23-8035-C471AF7366C7}.Xml Documentation|x86.ActiveCfg = Xml Documentation|x86
		{D810FE50-3D2D-4A23-8035-C471AF7366C7}.Xml Documentation|x86.Build.0 = Xml Documentation|x86
		{0C708070-8102-4615-9B5F-2FCF652A4D13}.Debug|Any CPU.ActiveCfg = Debug|Any CPU
		{0C708070-8102-4615-9B5F-2FCF652A4D13}.Debug|Any CPU.Build.0 = Debug|Any CPU
		{0C708070-8102-4615-9B5F-2FCF652A4D13}.Debug|x86.ActiveCfg = Debug|x86
		{0C708070-8102-4615-9B5F-2FCF652A4D13}.Release|Any CPU.ActiveCfg = Release|Any CPU
		{0C708070-8102-4615-9B5F-2FCF652A4D13}.Release|Any CPU.Build.0 = Release|Any CPU
		{0C708070-8102-4615-9B5F-2FCF652A4D13}.Release|x86.ActiveCfg = Release|Any CPU
		{0C708070-8102-4615-9B5F-2FCF652A4D13}.Release|x86.Build.0 = Release|Any CPU
		{0C708070-8102-4615-9B5F-2FCF652A4D13}.Xml Documentation|Any CPU.ActiveCfg = Release|x86
		{0C708070-8102-4615-9B5F-2FCF652A4D13}.Xml Documentation|x86.ActiveCfg = Release|x86
		{0C708070-8102-4615-9B5F-2FCF652A4D13}.Xml Documentation|x86.Build.0 = Release|x86
		{ED9A8A29-91DD-4B21-8CB8-A8B0F3EFF61C}.Debug|Any CPU.ActiveCfg = Debug|Any CPU
		{ED9A8A29-91DD-4B21-8CB8-A8B0F3EFF61C}.Debug|Any CPU.Build.0 = Debug|Any CPU
		{ED9A8A29-91DD-4B21-8CB8-A8B0F3EFF61C}.Debug|x86.ActiveCfg = Debug|x86
		{ED9A8A29-91DD-4B21-8CB8-A8B0F3EFF61C}.Release|Any CPU.ActiveCfg = Release|Any CPU
		{ED9A8A29-91DD-4B21-8CB8-A8B0F3EFF61C}.Release|Any CPU.Build.0 = Release|Any CPU
		{ED9A8A29-91DD-4B21-8CB8-A8B0F3EFF61C}.Release|x86.ActiveCfg = Release|x86
		{ED9A8A29-91DD-4B21-8CB8-A8B0F3EFF61C}.Release|x86.Build.0 = Release|x86
		{ED9A8A29-91DD-4B21-8CB8-A8B0F3EFF61C}.Xml Documentation|Any CPU.ActiveCfg = Release|x86
		{ED9A8A29-91DD-4B21-8CB8-A8B0F3EFF61C}.Xml Documentation|x86.ActiveCfg = Release|x86
		{ED9A8A29-91DD-4B21-8CB8-A8B0F3EFF61C}.Xml Documentation|x86.Build.0 = Release|x86
		{4EFED5BE-2F6A-4944-BB96-053D5945BA1F}.Debug|Any CPU.ActiveCfg = Debug|Any CPU
		{4EFED5BE-2F6A-4944-BB96-053D5945BA1F}.Debug|Any CPU.Build.0 = Debug|Any CPU
		{4EFED5BE-2F6A-4944-BB96-053D5945BA1F}.Debug|x86.ActiveCfg = Debug|x86
		{4EFED5BE-2F6A-4944-BB96-053D5945BA1F}.Debug|x86.Build.0 = Debug|x86
		{4EFED5BE-2F6A-4944-BB96-053D5945BA1F}.Release|Any CPU.ActiveCfg = Release|Any CPU
		{4EFED5BE-2F6A-4944-BB96-053D5945BA1F}.Release|Any CPU.Build.0 = Release|Any CPU
		{4EFED5BE-2F6A-4944-BB96-053D5945BA1F}.Release|x86.ActiveCfg = Release|x86
		{4EFED5BE-2F6A-4944-BB96-053D5945BA1F}.Release|x86.Build.0 = Release|x86
		{4EFED5BE-2F6A-4944-BB96-053D5945BA1F}.Xml Documentation|Any CPU.ActiveCfg = Xml Documentation|Any CPU
		{4EFED5BE-2F6A-4944-BB96-053D5945BA1F}.Xml Documentation|Any CPU.Build.0 = Xml Documentation|Any CPU
		{4EFED5BE-2F6A-4944-BB96-053D5945BA1F}.Xml Documentation|x86.ActiveCfg = Xml Documentation|x86
		{4EFED5BE-2F6A-4944-BB96-053D5945BA1F}.Xml Documentation|x86.Build.0 = Xml Documentation|x86
	EndGlobalSection
	GlobalSection(SolutionProperties) = preSolution
		HideSolutionNode = FALSE
	EndGlobalSection
	GlobalSection(NestedProjects) = preSolution
		{EE24ACB8-4306-41BB-B59A-F134FBC7A9A1} = {26B21F24-5C09-4F49-ABE3-C1B3F9059D2B}
		{6834C0AF-FCE6-4998-8DCC-F9E08F52E0D7} = {26B21F24-5C09-4F49-ABE3-C1B3F9059D2B}
		{4E73672B-B668-4153-A6F2-0F45B5C3724B} = {26B21F24-5C09-4F49-ABE3-C1B3F9059D2B}
		{1B4741DC-78EA-4D93-8EED-00CB9617AD2F} = {26B21F24-5C09-4F49-ABE3-C1B3F9059D2B}
		{985FB6BC-696C-4D4E-8E63-0A4E45CFE32D} = {26B21F24-5C09-4F49-ABE3-C1B3F9059D2B}
		{9EEC65CC-5E3F-49A4-9EA0-169C849BF39C} = {26B21F24-5C09-4F49-ABE3-C1B3F9059D2B}
		{624C9A4F-AAD6-4A34-B48B-15EC9226AA1D} = {26B21F24-5C09-4F49-ABE3-C1B3F9059D2B}
		{9545C4C0-3AF9-49F4-811C-47334FEFDFFC} = {843A0AD1-33FC-4952-9465-B5E79C2C67D1}
		{ECF060E7-CAA1-4466-851F-F80B857641EA} = {843A0AD1-33FC-4952-9465-B5E79C2C67D1}
		{52E587D0-A274-44DA-8846-8EEAF5414923} = {843A0AD1-33FC-4952-9465-B5E79C2C67D1}
		{4FE7B8AE-1330-424A-91A1-C68D7ABF9CB8} = {843A0AD1-33FC-4952-9465-B5E79C2C67D1}
		{7E943389-3589-40C9-B481-2E223554CC49} = {5B0609A9-F3B5-41F8-81A5-3CE327A4ECD7}
		{E9A798FE-B9A8-49CE-B13C-30B08C065026} = {5B0609A9-F3B5-41F8-81A5-3CE327A4ECD7}
		{EC4B2593-C535-4D63-84E3-F8B7CD876F63} = {5B0609A9-F3B5-41F8-81A5-3CE327A4ECD7}
		{6419E9F7-0103-4AAE-B8D2-268893EB15D6} = {5B0609A9-F3B5-41F8-81A5-3CE327A4ECD7}
		{53EFA17B-5F8B-4942-8211-2015FFC2223C} = {23FE1AB5-FA54-4863-8E01-871B3A969E71}
		{000C12A6-9734-4ACB-99E9-D3F726C5858F} = {1B4741DC-78EA-4D93-8EED-00CB9617AD2F}
		{11FD64F0-97C0-40B5-8AAA-1E56255D3EF7} = {1B4741DC-78EA-4D93-8EED-00CB9617AD2F}
		{47B09A95-16F2-4B96-A9FE-4A96363442B0} = {1B4741DC-78EA-4D93-8EED-00CB9617AD2F}
		{347E1EC5-D40A-4A9A-A219-B0507A8A0D40} = {985FB6BC-696C-4D4E-8E63-0A4E45CFE32D}
		{D810FE50-3D2D-4A23-8035-C471AF7366C7} = {985FB6BC-696C-4D4E-8E63-0A4E45CFE32D}
		{0C708070-8102-4615-9B5F-2FCF652A4D13} = {985FB6BC-696C-4D4E-8E63-0A4E45CFE32D}
		{F5A200C6-3E9C-4367-9950-E4F5A04FC0A5} = {E9A798FE-B9A8-49CE-B13C-30B08C065026}
		{CD37E2FF-4CF7-4F96-8C73-C6764988D408} = {E9A798FE-B9A8-49CE-B13C-30B08C065026}
		{B75F0C3D-C482-4797-B760-B73ED801A1FD} = {E9A798FE-B9A8-49CE-B13C-30B08C065026}
		{F3ADA862-5671-49DC-B04A-2975221603CF} = {E9A798FE-B9A8-49CE-B13C-30B08C065026}
		{EAE480DB-43B8-43EF-94EE-074499BC23E5} = {E9A798FE-B9A8-49CE-B13C-30B08C065026}
		{E618785B-A7E1-4E70-A8F3-DB22F93B9088} = {E9A798FE-B9A8-49CE-B13C-30B08C065026}
		{4EFED5BE-2F6A-4944-BB96-053D5945BA1F} = {E9A798FE-B9A8-49CE-B13C-30B08C065026}
		{1A980621-B711-4235-B98C-C4276D6FA9FD} = {6419E9F7-0103-4AAE-B8D2-268893EB15D6}
		{02B2052E-4AE2-41C0-81D7-73A250C9399D} = {6419E9F7-0103-4AAE-B8D2-268893EB15D6}
		{ED9A8A29-91DD-4B21-8CB8-A8B0F3EFF61C} = {6419E9F7-0103-4AAE-B8D2-268893EB15D6}
	EndGlobalSection
EndGlobal
